// !$*UTF8*$!
{
	archiveVersion = 1;
	classes = {
	};
	objectVersion = 46;
	objects = {

/* Begin PBXBuildFile section */
		693207F01D1665C000278FA3 /* AlertView.swift in Sources */ = {isa = PBXBuildFile; fileRef = 693207EF1D1665C000278FA3 /* AlertView.swift */; };
		693207F21D1665CC00278FA3 /* Decimal+UIColor.swift in Sources */ = {isa = PBXBuildFile; fileRef = 693207F11D1665CC00278FA3 /* Decimal+UIColor.swift */; };
		693901F61D15505B00D87032 /* CryptoAES.swift in Sources */ = {isa = PBXBuildFile; fileRef = 693901BC1D15505B00D87032 /* CryptoAES.swift */; };
		693901F71D15505B00D87032 /* Array+CryptoExtension.swift in Sources */ = {isa = PBXBuildFile; fileRef = 693901BD1D15505B00D87032 /* Array+CryptoExtension.swift */; };
		693901F81D15505B00D87032 /* CryptoAuthenticator.swift in Sources */ = {isa = PBXBuildFile; fileRef = 693901BE1D15505B00D87032 /* CryptoAuthenticator.swift */; };
		693901F91D15505B00D87032 /* CryptoBit.swift in Sources */ = {isa = PBXBuildFile; fileRef = 693901BF1D15505B00D87032 /* CryptoBit.swift */; };
		693901FA1D15505B00D87032 /* CryptoBlockCipher.swift in Sources */ = {isa = PBXBuildFile; fileRef = 693901C01D15505B00D87032 /* CryptoBlockCipher.swift */; };
		693901FB1D15505B00D87032 /* CryptoBlockMode.swift in Sources */ = {isa = PBXBuildFile; fileRef = 693901C21D15505B00D87032 /* CryptoBlockMode.swift */; };
		693901FC1D15505B00D87032 /* CryptoBlockModeOptions.swift in Sources */ = {isa = PBXBuildFile; fileRef = 693901C31D15505B00D87032 /* CryptoBlockModeOptions.swift */; };
		693901FD1D15505B00D87032 /* CryptoBlockModeWorker.swift in Sources */ = {isa = PBXBuildFile; fileRef = 693901C41D15505B00D87032 /* CryptoBlockModeWorker.swift */; };
		693901FE1D15505B00D87032 /* CryptoCBC.swift in Sources */ = {isa = PBXBuildFile; fileRef = 693901C51D15505B00D87032 /* CryptoCBC.swift */; };
		693901FF1D15505B00D87032 /* CryptoCFB.swift in Sources */ = {isa = PBXBuildFile; fileRef = 693901C61D15505B00D87032 /* CryptoCFB.swift */; };
		693902001D15505B00D87032 /* CryptoCTR.swift in Sources */ = {isa = PBXBuildFile; fileRef = 693901C71D15505B00D87032 /* CryptoCTR.swift */; };
		693902011D15505B00D87032 /* CryptoECB.swift in Sources */ = {isa = PBXBuildFile; fileRef = 693901C81D15505B00D87032 /* CryptoECB.swift */; };
		693902021D15505B00D87032 /* CryptoOFB.swift in Sources */ = {isa = PBXBuildFile; fileRef = 693901C91D15505B00D87032 /* CryptoOFB.swift */; };
		693902031D15505B00D87032 /* CryptoPCBC.swift in Sources */ = {isa = PBXBuildFile; fileRef = 693901CA1D15505B00D87032 /* CryptoPCBC.swift */; };
		693902041D15505B00D87032 /* BytesSequence.swift in Sources */ = {isa = PBXBuildFile; fileRef = 693901CB1D15505B00D87032 /* BytesSequence.swift */; };
		693902051D15505B00D87032 /* CryptoChaCha20.swift in Sources */ = {isa = PBXBuildFile; fileRef = 693901CC1D15505B00D87032 /* CryptoChaCha20.swift */; };
		693902061D15505B00D87032 /* CryptoCipher.swift in Sources */ = {isa = PBXBuildFile; fileRef = 693901CD1D15505B00D87032 /* CryptoCipher.swift */; };
		693902071D15505B00D87032 /* CryptoCRC.swift in Sources */ = {isa = PBXBuildFile; fileRef = 693901CE1D15505B00D87032 /* CryptoCRC.swift */; };
		693902081D15505B00D87032 /* CryptoCryptors.swift in Sources */ = {isa = PBXBuildFile; fileRef = 693901CF1D15505B00D87032 /* CryptoCryptors.swift */; };
		693902091D15505B00D87032 /* CSArrayType+CryptoExtensions.swift in Sources */ = {isa = PBXBuildFile; fileRef = 693901D01D15505B00D87032 /* CSArrayType+CryptoExtensions.swift */; };
		6939020A1D15505B00D87032 /* AES+Foundation.swift in Sources */ = {isa = PBXBuildFile; fileRef = 693901D21D15505B00D87032 /* AES+Foundation.swift */; };
		6939020B1D15505B00D87032 /* ArrayUInt8+Foundation.swift in Sources */ = {isa = PBXBuildFile; fileRef = 693901D31D15505B00D87032 /* ArrayUInt8+Foundation.swift */; };
		6939020C1D15505B00D87032 /* ChaCha20+Foundation.swift in Sources */ = {isa = PBXBuildFile; fileRef = 693901D41D15505B00D87032 /* ChaCha20+Foundation.swift */; };
		6939020D1D15505B00D87032 /* CSArrayType+Foundation.swift in Sources */ = {isa = PBXBuildFile; fileRef = 693901D51D15505B00D87032 /* CSArrayType+Foundation.swift */; };
		6939020E1D15505B00D87032 /* NSData+CryptoExtension.swift in Sources */ = {isa = PBXBuildFile; fileRef = 693901D61D15505B00D87032 /* NSData+CryptoExtension.swift */; };
		6939020F1D15505B00D87032 /* Rabbit+Foundation.swift in Sources */ = {isa = PBXBuildFile; fileRef = 693901D71D15505B00D87032 /* Rabbit+Foundation.swift */; };
		693902101D15505B00D87032 /* String+CryptoFoundationExtension.swift in Sources */ = {isa = PBXBuildFile; fileRef = 693901D81D15505B00D87032 /* String+CryptoFoundationExtension.swift */; };
		693902111D15505B00D87032 /* String+CryptoLinuxFoundation.swift in Sources */ = {isa = PBXBuildFile; fileRef = 693901D91D15505B00D87032 /* String+CryptoLinuxFoundation.swift */; };
		693902121D15505B00D87032 /* CryptoUtils+Foundation.swift in Sources */ = {isa = PBXBuildFile; fileRef = 693901DA1D15505B00D87032 /* CryptoUtils+Foundation.swift */; };
		693902131D15505B00D87032 /* CryptoGenerics.swift in Sources */ = {isa = PBXBuildFile; fileRef = 693901DB1D15505B00D87032 /* CryptoGenerics.swift */; };
		693902141D15505B00D87032 /* Hash.swift in Sources */ = {isa = PBXBuildFile; fileRef = 693901DC1D15505B00D87032 /* Hash.swift */; };
		693902151D15505B00D87032 /* HashProtocol.swift in Sources */ = {isa = PBXBuildFile; fileRef = 693901DD1D15505B00D87032 /* HashProtocol.swift */; };
		693902161D15505B00D87032 /* HMAC.swift in Sources */ = {isa = PBXBuildFile; fileRef = 693901DE1D15505B00D87032 /* HMAC.swift */; };
		693902171D15505B00D87032 /* IntegerConvertible.swift in Sources */ = {isa = PBXBuildFile; fileRef = 693901DF1D15505B00D87032 /* IntegerConvertible.swift */; };
		693902181D15505B00D87032 /* IntExtension.swift in Sources */ = {isa = PBXBuildFile; fileRef = 693901E01D15505B00D87032 /* IntExtension.swift */; };
		693902191D15505B00D87032 /* MD5.swift in Sources */ = {isa = PBXBuildFile; fileRef = 693901E11D15505B00D87032 /* MD5.swift */; };
		6939021A1D15505B00D87032 /* Multiplatform.swift in Sources */ = {isa = PBXBuildFile; fileRef = 693901E21D15505B00D87032 /* Multiplatform.swift */; };
		6939021B1D15505B00D87032 /* NoPadding.swift in Sources */ = {isa = PBXBuildFile; fileRef = 693901E31D15505B00D87032 /* NoPadding.swift */; };
		6939021C1D15505B00D87032 /* Operators.swift in Sources */ = {isa = PBXBuildFile; fileRef = 693901E41D15505B00D87032 /* Operators.swift */; };
		6939021D1D15505B00D87032 /* Padding.swift in Sources */ = {isa = PBXBuildFile; fileRef = 693901E51D15505B00D87032 /* Padding.swift */; };
		6939021E1D15505B00D87032 /* PBKDF1.swift in Sources */ = {isa = PBXBuildFile; fileRef = 693901E71D15505B00D87032 /* PBKDF1.swift */; };
		6939021F1D15505B00D87032 /* PBKDF2.swift in Sources */ = {isa = PBXBuildFile; fileRef = 693901E81D15505B00D87032 /* PBKDF2.swift */; };
		693902201D15505B00D87032 /* PKCS5.swift in Sources */ = {isa = PBXBuildFile; fileRef = 693901E91D15505B00D87032 /* PKCS5.swift */; };
		693902211D15505B00D87032 /* PKCS7.swift in Sources */ = {isa = PBXBuildFile; fileRef = 693901EA1D15505B00D87032 /* PKCS7.swift */; };
		693902221D15505B00D87032 /* Poly1305.swift in Sources */ = {isa = PBXBuildFile; fileRef = 693901EB1D15505B00D87032 /* Poly1305.swift */; };
		693902231D15505B00D87032 /* Rabbit.swift in Sources */ = {isa = PBXBuildFile; fileRef = 693901EC1D15505B00D87032 /* Rabbit.swift */; };
		693902241D15505B00D87032 /* SecureBytes.swift in Sources */ = {isa = PBXBuildFile; fileRef = 693901ED1D15505B00D87032 /* SecureBytes.swift */; };
		693902251D15505B00D87032 /* SHA1.swift in Sources */ = {isa = PBXBuildFile; fileRef = 693901EE1D15505B00D87032 /* SHA1.swift */; };
		693902261D15505B00D87032 /* SHA2.swift in Sources */ = {isa = PBXBuildFile; fileRef = 693901EF1D15505B00D87032 /* SHA2.swift */; };
		693902271D15505B00D87032 /* String+Extension.swift in Sources */ = {isa = PBXBuildFile; fileRef = 693901F01D15505B00D87032 /* String+Extension.swift */; };
		693902281D15505B00D87032 /* UInt32Extension.swift in Sources */ = {isa = PBXBuildFile; fileRef = 693901F11D15505B00D87032 /* UInt32Extension.swift */; };
		693902291D15505B00D87032 /* UInt64Extension.swift in Sources */ = {isa = PBXBuildFile; fileRef = 693901F21D15505B00D87032 /* UInt64Extension.swift */; };
		6939022A1D15505B00D87032 /* UInt8Extension.swift in Sources */ = {isa = PBXBuildFile; fileRef = 693901F31D15505B00D87032 /* UInt8Extension.swift */; };
		6939022B1D15505B00D87032 /* UpdatableCryptor.swift in Sources */ = {isa = PBXBuildFile; fileRef = 693901F41D15505B00D87032 /* UpdatableCryptor.swift */; };
		6939022C1D15505B00D87032 /* CryptoUtils.swift in Sources */ = {isa = PBXBuildFile; fileRef = 693901F51D15505B00D87032 /* CryptoUtils.swift */; };
		6946EA621C69E16800AFD8E9 /* UIOffset+Vector2DConvertible.swift in Sources */ = {isa = PBXBuildFile; fileRef = 6946EA611C69E16800AFD8E9 /* UIOffset+Vector2DConvertible.swift */; };
		6946EA641C69E28400AFD8E9 /* CGRect+UIEdgeInsets.swift in Sources */ = {isa = PBXBuildFile; fileRef = 6946EA631C69E28400AFD8E9 /* CGRect+UIEdgeInsets.swift */; };
		6946EA671C69E48F00AFD8E9 /* UIColor+Hex.swift in Sources */ = {isa = PBXBuildFile; fileRef = 6946EA661C69E48F00AFD8E9 /* UIColor+Hex.swift */; };
		6946EA6A1C69EE9600AFD8E9 /* UIImage+Generation.swift in Sources */ = {isa = PBXBuildFile; fileRef = 6946EA691C69EE9600AFD8E9 /* UIImage+Generation.swift */; };
		6946EA6C1C69F0F000AFD8E9 /* UIColor+Utils.swift in Sources */ = {isa = PBXBuildFile; fileRef = 6946EA6B1C69F0F000AFD8E9 /* UIColor+Utils.swift */; };
		6946EA6E1C69FAA600AFD8E9 /* UIImage+Manipulation.swift in Sources */ = {isa = PBXBuildFile; fileRef = 6946EA6D1C69FAA600AFD8E9 /* UIImage+Manipulation.swift */; };
		6946EA701C6A521600AFD8E9 /* CGFloat+Converter.swift in Sources */ = {isa = PBXBuildFile; fileRef = 6946EA6F1C6A521600AFD8E9 /* CGFloat+Converter.swift */; };
		69492EA71C76F22900354D93 /* UIBezierPath+Operator.swift in Sources */ = {isa = PBXBuildFile; fileRef = 69492EA61C76F22900354D93 /* UIBezierPath+Operator.swift */; };
		696431311D15095100B7F759 /* NSUserDefaults+ConvenientMethods.swift in Sources */ = {isa = PBXBuildFile; fileRef = 696431301D15095100B7F759 /* NSUserDefaults+ConvenientMethods.swift */; };
		696431331D150CBC00B7F759 /* SystemInfoUtils.swift in Sources */ = {isa = PBXBuildFile; fileRef = 696431321D150CBC00B7F759 /* SystemInfoUtils.swift */; };
		696431361D1510A200B7F759 /* MinDurationTimer.swift in Sources */ = {isa = PBXBuildFile; fileRef = 696431351D1510A200B7F759 /* MinDurationTimer.swift */; };
		697002D31D127221003A53C0 /* HTTPConvertibles.swift in Sources */ = {isa = PBXBuildFile; fileRef = 697002C21D127221003A53C0 /* HTTPConvertibles.swift */; };
		697002D41D127221003A53C0 /* HTTPDownload.swift in Sources */ = {isa = PBXBuildFile; fileRef = 697002C31D127221003A53C0 /* HTTPDownload.swift */; };
		697002D51D127221003A53C0 /* HTTPError.swift in Sources */ = {isa = PBXBuildFile; fileRef = 697002C41D127221003A53C0 /* HTTPError.swift */; };
		697002D61D127221003A53C0 /* HTTPManager.swift in Sources */ = {isa = PBXBuildFile; fileRef = 697002C51D127221003A53C0 /* HTTPManager.swift */; };
		697002D71D127221003A53C0 /* HTTPMultipartFormData.swift in Sources */ = {isa = PBXBuildFile; fileRef = 697002C61D127221003A53C0 /* HTTPMultipartFormData.swift */; };
		697002D91D127221003A53C0 /* HTTPNotifications.swift in Sources */ = {isa = PBXBuildFile; fileRef = 697002C81D127221003A53C0 /* HTTPNotifications.swift */; };
		697002DA1D127221003A53C0 /* HTTPParameterEncoding.swift in Sources */ = {isa = PBXBuildFile; fileRef = 697002C91D127221003A53C0 /* HTTPParameterEncoding.swift */; };
		697002DB1D127221003A53C0 /* HTTPRequest.swift in Sources */ = {isa = PBXBuildFile; fileRef = 697002CA1D127221003A53C0 /* HTTPRequest.swift */; };
		697002DC1D127221003A53C0 /* HTTPResponse.swift in Sources */ = {isa = PBXBuildFile; fileRef = 697002CB1D127221003A53C0 /* HTTPResponse.swift */; };
		697002DD1D127221003A53C0 /* HTTPResponseSerialization.swift in Sources */ = {isa = PBXBuildFile; fileRef = 697002CC1D127221003A53C0 /* HTTPResponseSerialization.swift */; };
		697002DF1D127221003A53C0 /* HTTPServerTrustPolicy.swift in Sources */ = {isa = PBXBuildFile; fileRef = 697002CE1D127221003A53C0 /* HTTPServerTrustPolicy.swift */; };
		697002E01D127221003A53C0 /* HTTPStream.swift in Sources */ = {isa = PBXBuildFile; fileRef = 697002CF1D127221003A53C0 /* HTTPStream.swift */; };
		697002E11D127221003A53C0 /* HTTPTimeline.swift in Sources */ = {isa = PBXBuildFile; fileRef = 697002D01D127221003A53C0 /* HTTPTimeline.swift */; };
		697002E21D127221003A53C0 /* HTTPUpload.swift in Sources */ = {isa = PBXBuildFile; fileRef = 697002D11D127221003A53C0 /* HTTPUpload.swift */; };
		697002E31D127221003A53C0 /* HTTPValidation.swift in Sources */ = {isa = PBXBuildFile; fileRef = 697002D21D127221003A53C0 /* HTTPValidation.swift */; };
		697002F51D1275F0003A53C0 /* MappingFromJSON.swift in Sources */ = {isa = PBXBuildFile; fileRef = 697002E51D1275F0003A53C0 /* MappingFromJSON.swift */; };
		697002F61D1275F0003A53C0 /* JSONMap.swift in Sources */ = {isa = PBXBuildFile; fileRef = 697002E61D1275F0003A53C0 /* JSONMap.swift */; };
		697002F71D1275F0003A53C0 /* JSONMappable.swift in Sources */ = {isa = PBXBuildFile; fileRef = 697002E71D1275F0003A53C0 /* JSONMappable.swift */; };
		697002F81D1275F0003A53C0 /* JSONMapper.swift in Sources */ = {isa = PBXBuildFile; fileRef = 697002E81D1275F0003A53C0 /* JSONMapper.swift */; };
		697002F91D1275F0003A53C0 /* JSONOperators.swift in Sources */ = {isa = PBXBuildFile; fileRef = 697002E91D1275F0003A53C0 /* JSONOperators.swift */; };
		697002FA1D1275F0003A53C0 /* MappingToJSON.swift in Sources */ = {isa = PBXBuildFile; fileRef = 697002EA1D1275F0003A53C0 /* MappingToJSON.swift */; };
		697002FB1D1275F0003A53C0 /* JSONCustomDateFormatTransform.swift in Sources */ = {isa = PBXBuildFile; fileRef = 697002EC1D1275F0003A53C0 /* JSONCustomDateFormatTransform.swift */; };
		697002FC1D1275F0003A53C0 /* JSONDateFormatterTransform.swift in Sources */ = {isa = PBXBuildFile; fileRef = 697002ED1D1275F0003A53C0 /* JSONDateFormatterTransform.swift */; };
		697002FD1D1275F0003A53C0 /* JSONDateTransform.swift in Sources */ = {isa = PBXBuildFile; fileRef = 697002EE1D1275F0003A53C0 /* JSONDateTransform.swift */; };
		697002FE1D1275F0003A53C0 /* JSONEnumTransform.swift in Sources */ = {isa = PBXBuildFile; fileRef = 697002EF1D1275F0003A53C0 /* JSONEnumTransform.swift */; };
		697002FF1D1275F0003A53C0 /* JSONISO8601DateTransform.swift in Sources */ = {isa = PBXBuildFile; fileRef = 697002F01D1275F0003A53C0 /* JSONISO8601DateTransform.swift */; };
		697003001D1275F0003A53C0 /* JSONNSDecimalNumberTransform.swift in Sources */ = {isa = PBXBuildFile; fileRef = 697002F11D1275F0003A53C0 /* JSONNSDecimalNumberTransform.swift */; };
		697003011D1275F0003A53C0 /* JSONTransformOf.swift in Sources */ = {isa = PBXBuildFile; fileRef = 697002F21D1275F0003A53C0 /* JSONTransformOf.swift */; };
		697003021D1275F0003A53C0 /* JSONTransformType.swift in Sources */ = {isa = PBXBuildFile; fileRef = 697002F31D1275F0003A53C0 /* JSONTransformType.swift */; };
		697003031D1275F0003A53C0 /* JSONURLTransform.swift in Sources */ = {isa = PBXBuildFile; fileRef = 697002F41D1275F0003A53C0 /* JSONURLTransform.swift */; };
		697003051D12765A003A53C0 /* HTTP+JSON.swift in Sources */ = {isa = PBXBuildFile; fileRef = 697003041D12765A003A53C0 /* HTTP+JSON.swift */; };
		6982D5361D002A8C00FFA056 /* UIViewController+NamingConvenience.swift in Sources */ = {isa = PBXBuildFile; fileRef = 6982D5351D002A8C00FFA056 /* UIViewController+NamingConvenience.swift */; };
		698ABC761C7815CB00C536A8 /* UIBezierPathOperator.swift in Sources */ = {isa = PBXBuildFile; fileRef = 698ABC751C7815CB00C536A8 /* UIBezierPathOperator.swift */; };
		69928DB71C6B813E003B2980 /* NSMutableArray+Operator.swift in Sources */ = {isa = PBXBuildFile; fileRef = 69928DB61C6B813E003B2980 /* NSMutableArray+Operator.swift */; };
		69928DB91C6B8259003B2980 /* NSArray+Operator.swift in Sources */ = {isa = PBXBuildFile; fileRef = 69928DB81C6B8259003B2980 /* NSArray+Operator.swift */; };
		69928DC01C6B842A003B2980 /* Set+Operator.swift in Sources */ = {isa = PBXBuildFile; fileRef = 69928DBF1C6B842A003B2980 /* Set+Operator.swift */; };
		69928DC21C6B842F003B2980 /* Array+Operator.swift in Sources */ = {isa = PBXBuildFile; fileRef = 69928DC11C6B842F003B2980 /* Array+Operator.swift */; };
		69928DC51C6B8478003B2980 /* NumericTypes+Converter.swift in Sources */ = {isa = PBXBuildFile; fileRef = 69928DC41C6B8478003B2980 /* NumericTypes+Converter.swift */; };
		69928DC71C6B85B8003B2980 /* NumericTypes+ControlFlow.swift in Sources */ = {isa = PBXBuildFile; fileRef = 69928DC61C6B85B8003B2980 /* NumericTypes+ControlFlow.swift */; };
		69928DC91C6B9137003B2980 /* NumericTypes+Constant.swift in Sources */ = {isa = PBXBuildFile; fileRef = 69928DC81C6B9137003B2980 /* NumericTypes+Constant.swift */; };
		69928DCB1C6B9C62003B2980 /* CGRect+Operator.swift in Sources */ = {isa = PBXBuildFile; fileRef = 69928DCA1C6B9C62003B2980 /* CGRect+Operator.swift */; };
		69CDF79C1C70FA990042CC2B /* NSLocalizedString+Shortcut.swift in Sources */ = {isa = PBXBuildFile; fileRef = 69CDF79B1C70FA990042CC2B /* NSLocalizedString+Shortcut.swift */; };
		69F2AFCC1D00214D00A06AA7 /* DispatchUtils.swift in Sources */ = {isa = PBXBuildFile; fileRef = 69F2AFCB1D00214D00A06AA7 /* DispatchUtils.swift */; };
		69F2AFCF1D00245000A06AA7 /* UIStoryboard+NameConvenience.swift in Sources */ = {isa = PBXBuildFile; fileRef = 69F2AFCE1D00245000A06AA7 /* UIStoryboard+NameConvenience.swift */; };
		69F5E91E1C664CD000D1D689 /* Deliria.h in Headers */ = {isa = PBXBuildFile; fileRef = 69F5E91D1C664CD000D1D689 /* Deliria.h */; settings = {ATTRIBUTES = (Public, ); }; };
		69F5E9251C664CD000D1D689 /* Deliria.framework in Frameworks */ = {isa = PBXBuildFile; fileRef = 69F5E91A1C664CD000D1D689 /* Deliria.framework */; };
		69F5E92A1C664CD000D1D689 /* Vector2DConvertibleTests.swift in Sources */ = {isa = PBXBuildFile; fileRef = 69F5E9291C664CD000D1D689 /* Vector2DConvertibleTests.swift */; };
		69F5E93E1C665C9700D1D689 /* Vector2DConvertible.swift in Sources */ = {isa = PBXBuildFile; fileRef = 69F5E93C1C665C9700D1D689 /* Vector2DConvertible.swift */; };
		69F5E9401C66657E00D1D689 /* CGRect+PositionHelper.swift in Sources */ = {isa = PBXBuildFile; fileRef = 69F5E93F1C66657E00D1D689 /* CGRect+PositionHelper.swift */; };
		69F5E9421C6667BC00D1D689 /* CGPoint+Vector2DConvertible.swift in Sources */ = {isa = PBXBuildFile; fileRef = 69F5E9411C6667BC00D1D689 /* CGPoint+Vector2DConvertible.swift */; };
		69F5E9441C66681400D1D689 /* CGSize+Vector2DConvertible.swift in Sources */ = {isa = PBXBuildFile; fileRef = 69F5E9431C66681400D1D689 /* CGSize+Vector2DConvertible.swift */; };
		69F5E9461C66686D00D1D689 /* CGVector+Vector2DConvertible.swift in Sources */ = {isa = PBXBuildFile; fileRef = 69F5E9451C66686D00D1D689 /* CGVector+Vector2DConvertible.swift */; };
		69F83AA01CA972CE0015164A /* UIView+Style.swift in Sources */ = {isa = PBXBuildFile; fileRef = 69F83A9F1CA972CE0015164A /* UIView+Style.swift */; };
		69F83AA31CA974F60015164A /* ThemeManager.swift in Sources */ = {isa = PBXBuildFile; fileRef = 69F83AA21CA974F60015164A /* ThemeManager.swift */; };
		69F83AA51CA975960015164A /* ThemeRegistry.swift in Sources */ = {isa = PBXBuildFile; fileRef = 69F83AA41CA975960015164A /* ThemeRegistry.swift */; };
		6D6DE08B25AFD43A567C68D5 /* NetworkReachabilityManager.swift in Sources */ = {isa = PBXBuildFile; fileRef = 6D6DED4426A9DA2D0506B523 /* NetworkReachabilityManager.swift */; };
		6D6DE4035B9A3D7E11EC5E38 /* AbstractRouter.swift in Sources */ = {isa = PBXBuildFile; fileRef = 6D6DEF9F799130BE8138DD32 /* AbstractRouter.swift */; };
		6D6DEA93962F225C321E1088 /* Router.swift in Sources */ = {isa = PBXBuildFile; fileRef = 6D6DE50E12215B58AFFD8CE3 /* Router.swift */; };
		6D6DEAEE8226D3CB2F512CF2 /* Result.swift in Sources */ = {isa = PBXBuildFile; fileRef = 6D6DEEAE59EF8C7ABA87D3E4 /* Result.swift */; };
		6D6DEFDE6A21785BE7110FBC /* UIApplication+Router.swift in Sources */ = {isa = PBXBuildFile; fileRef = 6D6DE36269D5D3537EA44A7A /* UIApplication+Router.swift */; };
/* End PBXBuildFile section */

/* Begin PBXContainerItemProxy section */
		69F5E9261C664CD000D1D689 /* PBXContainerItemProxy */ = {
			isa = PBXContainerItemProxy;
			containerPortal = 69F5E9111C664CD000D1D689 /* Project object */;
			proxyType = 1;
			remoteGlobalIDString = 69F5E9191C664CD000D1D689;
			remoteInfo = Deliria;
		};
/* End PBXContainerItemProxy section */

/* Begin PBXFileReference section */
		693207EF1D1665C000278FA3 /* AlertView.swift */ = {isa = PBXFileReference; fileEncoding = 4; lastKnownFileType = sourcecode.swift; path = AlertView.swift; sourceTree = "<group>"; };
		693207F11D1665CC00278FA3 /* Decimal+UIColor.swift */ = {isa = PBXFileReference; fileEncoding = 4; lastKnownFileType = sourcecode.swift; path = "Decimal+UIColor.swift"; sourceTree = "<group>"; };
		693901BC1D15505B00D87032 /* CryptoAES.swift */ = {isa = PBXFileReference; fileEncoding = 4; lastKnownFileType = sourcecode.swift; path = CryptoAES.swift; sourceTree = "<group>"; };
		693901BD1D15505B00D87032 /* Array+CryptoExtension.swift */ = {isa = PBXFileReference; fileEncoding = 4; lastKnownFileType = sourcecode.swift; path = "Array+CryptoExtension.swift"; sourceTree = "<group>"; };
		693901BE1D15505B00D87032 /* CryptoAuthenticator.swift */ = {isa = PBXFileReference; fileEncoding = 4; lastKnownFileType = sourcecode.swift; path = CryptoAuthenticator.swift; sourceTree = "<group>"; };
		693901BF1D15505B00D87032 /* CryptoBit.swift */ = {isa = PBXFileReference; fileEncoding = 4; lastKnownFileType = sourcecode.swift; path = CryptoBit.swift; sourceTree = "<group>"; };
		693901C01D15505B00D87032 /* CryptoBlockCipher.swift */ = {isa = PBXFileReference; fileEncoding = 4; lastKnownFileType = sourcecode.swift; path = CryptoBlockCipher.swift; sourceTree = "<group>"; };
		693901C21D15505B00D87032 /* CryptoBlockMode.swift */ = {isa = PBXFileReference; fileEncoding = 4; lastKnownFileType = sourcecode.swift; path = CryptoBlockMode.swift; sourceTree = "<group>"; };
		693901C31D15505B00D87032 /* CryptoBlockModeOptions.swift */ = {isa = PBXFileReference; fileEncoding = 4; lastKnownFileType = sourcecode.swift; path = CryptoBlockModeOptions.swift; sourceTree = "<group>"; };
		693901C41D15505B00D87032 /* CryptoBlockModeWorker.swift */ = {isa = PBXFileReference; fileEncoding = 4; lastKnownFileType = sourcecode.swift; path = CryptoBlockModeWorker.swift; sourceTree = "<group>"; };
		693901C51D15505B00D87032 /* CryptoCBC.swift */ = {isa = PBXFileReference; fileEncoding = 4; lastKnownFileType = sourcecode.swift; path = CryptoCBC.swift; sourceTree = "<group>"; };
		693901C61D15505B00D87032 /* CryptoCFB.swift */ = {isa = PBXFileReference; fileEncoding = 4; lastKnownFileType = sourcecode.swift; path = CryptoCFB.swift; sourceTree = "<group>"; };
		693901C71D15505B00D87032 /* CryptoCTR.swift */ = {isa = PBXFileReference; fileEncoding = 4; lastKnownFileType = sourcecode.swift; path = CryptoCTR.swift; sourceTree = "<group>"; };
		693901C81D15505B00D87032 /* CryptoECB.swift */ = {isa = PBXFileReference; fileEncoding = 4; lastKnownFileType = sourcecode.swift; path = CryptoECB.swift; sourceTree = "<group>"; };
		693901C91D15505B00D87032 /* CryptoOFB.swift */ = {isa = PBXFileReference; fileEncoding = 4; lastKnownFileType = sourcecode.swift; path = CryptoOFB.swift; sourceTree = "<group>"; };
		693901CA1D15505B00D87032 /* CryptoPCBC.swift */ = {isa = PBXFileReference; fileEncoding = 4; lastKnownFileType = sourcecode.swift; path = CryptoPCBC.swift; sourceTree = "<group>"; };
		693901CB1D15505B00D87032 /* BytesSequence.swift */ = {isa = PBXFileReference; fileEncoding = 4; lastKnownFileType = sourcecode.swift; path = BytesSequence.swift; sourceTree = "<group>"; };
		693901CC1D15505B00D87032 /* CryptoChaCha20.swift */ = {isa = PBXFileReference; fileEncoding = 4; lastKnownFileType = sourcecode.swift; path = CryptoChaCha20.swift; sourceTree = "<group>"; };
		693901CD1D15505B00D87032 /* CryptoCipher.swift */ = {isa = PBXFileReference; fileEncoding = 4; lastKnownFileType = sourcecode.swift; path = CryptoCipher.swift; sourceTree = "<group>"; };
		693901CE1D15505B00D87032 /* CryptoCRC.swift */ = {isa = PBXFileReference; fileEncoding = 4; lastKnownFileType = sourcecode.swift; path = CryptoCRC.swift; sourceTree = "<group>"; };
		693901CF1D15505B00D87032 /* CryptoCryptors.swift */ = {isa = PBXFileReference; fileEncoding = 4; lastKnownFileType = sourcecode.swift; path = CryptoCryptors.swift; sourceTree = "<group>"; };
		693901D01D15505B00D87032 /* CSArrayType+CryptoExtensions.swift */ = {isa = PBXFileReference; fileEncoding = 4; lastKnownFileType = sourcecode.swift; path = "CSArrayType+CryptoExtensions.swift"; sourceTree = "<group>"; };
		693901D21D15505B00D87032 /* AES+Foundation.swift */ = {isa = PBXFileReference; fileEncoding = 4; lastKnownFileType = sourcecode.swift; path = "AES+Foundation.swift"; sourceTree = "<group>"; };
		693901D31D15505B00D87032 /* ArrayUInt8+Foundation.swift */ = {isa = PBXFileReference; fileEncoding = 4; lastKnownFileType = sourcecode.swift; path = "ArrayUInt8+Foundation.swift"; sourceTree = "<group>"; };
		693901D41D15505B00D87032 /* ChaCha20+Foundation.swift */ = {isa = PBXFileReference; fileEncoding = 4; lastKnownFileType = sourcecode.swift; path = "ChaCha20+Foundation.swift"; sourceTree = "<group>"; };
		693901D51D15505B00D87032 /* CSArrayType+Foundation.swift */ = {isa = PBXFileReference; fileEncoding = 4; lastKnownFileType = sourcecode.swift; path = "CSArrayType+Foundation.swift"; sourceTree = "<group>"; };
		693901D61D15505B00D87032 /* NSData+CryptoExtension.swift */ = {isa = PBXFileReference; fileEncoding = 4; lastKnownFileType = sourcecode.swift; path = "NSData+CryptoExtension.swift"; sourceTree = "<group>"; };
		693901D71D15505B00D87032 /* Rabbit+Foundation.swift */ = {isa = PBXFileReference; fileEncoding = 4; lastKnownFileType = sourcecode.swift; path = "Rabbit+Foundation.swift"; sourceTree = "<group>"; };
		693901D81D15505B00D87032 /* String+CryptoFoundationExtension.swift */ = {isa = PBXFileReference; fileEncoding = 4; lastKnownFileType = sourcecode.swift; path = "String+CryptoFoundationExtension.swift"; sourceTree = "<group>"; };
		693901D91D15505B00D87032 /* String+CryptoLinuxFoundation.swift */ = {isa = PBXFileReference; fileEncoding = 4; lastKnownFileType = sourcecode.swift; path = "String+CryptoLinuxFoundation.swift"; sourceTree = "<group>"; };
		693901DA1D15505B00D87032 /* CryptoUtils+Foundation.swift */ = {isa = PBXFileReference; fileEncoding = 4; lastKnownFileType = sourcecode.swift; path = "CryptoUtils+Foundation.swift"; sourceTree = "<group>"; };
		693901DB1D15505B00D87032 /* CryptoGenerics.swift */ = {isa = PBXFileReference; fileEncoding = 4; lastKnownFileType = sourcecode.swift; path = CryptoGenerics.swift; sourceTree = "<group>"; };
		693901DC1D15505B00D87032 /* Hash.swift */ = {isa = PBXFileReference; fileEncoding = 4; lastKnownFileType = sourcecode.swift; path = Hash.swift; sourceTree = "<group>"; };
		693901DD1D15505B00D87032 /* HashProtocol.swift */ = {isa = PBXFileReference; fileEncoding = 4; lastKnownFileType = sourcecode.swift; path = HashProtocol.swift; sourceTree = "<group>"; };
		693901DE1D15505B00D87032 /* HMAC.swift */ = {isa = PBXFileReference; fileEncoding = 4; lastKnownFileType = sourcecode.swift; path = HMAC.swift; sourceTree = "<group>"; };
		693901DF1D15505B00D87032 /* IntegerConvertible.swift */ = {isa = PBXFileReference; fileEncoding = 4; lastKnownFileType = sourcecode.swift; path = IntegerConvertible.swift; sourceTree = "<group>"; };
		693901E01D15505B00D87032 /* IntExtension.swift */ = {isa = PBXFileReference; fileEncoding = 4; lastKnownFileType = sourcecode.swift; path = IntExtension.swift; sourceTree = "<group>"; };
		693901E11D15505B00D87032 /* MD5.swift */ = {isa = PBXFileReference; fileEncoding = 4; lastKnownFileType = sourcecode.swift; path = MD5.swift; sourceTree = "<group>"; };
		693901E21D15505B00D87032 /* Multiplatform.swift */ = {isa = PBXFileReference; fileEncoding = 4; lastKnownFileType = sourcecode.swift; path = Multiplatform.swift; sourceTree = "<group>"; };
		693901E31D15505B00D87032 /* NoPadding.swift */ = {isa = PBXFileReference; fileEncoding = 4; lastKnownFileType = sourcecode.swift; path = NoPadding.swift; sourceTree = "<group>"; };
		693901E41D15505B00D87032 /* Operators.swift */ = {isa = PBXFileReference; fileEncoding = 4; lastKnownFileType = sourcecode.swift; path = Operators.swift; sourceTree = "<group>"; };
		693901E51D15505B00D87032 /* Padding.swift */ = {isa = PBXFileReference; fileEncoding = 4; lastKnownFileType = sourcecode.swift; path = Padding.swift; sourceTree = "<group>"; };
		693901E71D15505B00D87032 /* PBKDF1.swift */ = {isa = PBXFileReference; fileEncoding = 4; lastKnownFileType = sourcecode.swift; path = PBKDF1.swift; sourceTree = "<group>"; };
		693901E81D15505B00D87032 /* PBKDF2.swift */ = {isa = PBXFileReference; fileEncoding = 4; lastKnownFileType = sourcecode.swift; path = PBKDF2.swift; sourceTree = "<group>"; };
		693901E91D15505B00D87032 /* PKCS5.swift */ = {isa = PBXFileReference; fileEncoding = 4; lastKnownFileType = sourcecode.swift; path = PKCS5.swift; sourceTree = "<group>"; };
		693901EA1D15505B00D87032 /* PKCS7.swift */ = {isa = PBXFileReference; fileEncoding = 4; lastKnownFileType = sourcecode.swift; path = PKCS7.swift; sourceTree = "<group>"; };
		693901EB1D15505B00D87032 /* Poly1305.swift */ = {isa = PBXFileReference; fileEncoding = 4; lastKnownFileType = sourcecode.swift; path = Poly1305.swift; sourceTree = "<group>"; };
		693901EC1D15505B00D87032 /* Rabbit.swift */ = {isa = PBXFileReference; fileEncoding = 4; lastKnownFileType = sourcecode.swift; path = Rabbit.swift; sourceTree = "<group>"; };
		693901ED1D15505B00D87032 /* SecureBytes.swift */ = {isa = PBXFileReference; fileEncoding = 4; lastKnownFileType = sourcecode.swift; path = SecureBytes.swift; sourceTree = "<group>"; };
		693901EE1D15505B00D87032 /* SHA1.swift */ = {isa = PBXFileReference; fileEncoding = 4; lastKnownFileType = sourcecode.swift; path = SHA1.swift; sourceTree = "<group>"; };
		693901EF1D15505B00D87032 /* SHA2.swift */ = {isa = PBXFileReference; fileEncoding = 4; lastKnownFileType = sourcecode.swift; path = SHA2.swift; sourceTree = "<group>"; };
		693901F01D15505B00D87032 /* String+Extension.swift */ = {isa = PBXFileReference; fileEncoding = 4; lastKnownFileType = sourcecode.swift; path = "String+Extension.swift"; sourceTree = "<group>"; };
		693901F11D15505B00D87032 /* UInt32Extension.swift */ = {isa = PBXFileReference; fileEncoding = 4; lastKnownFileType = sourcecode.swift; path = UInt32Extension.swift; sourceTree = "<group>"; };
		693901F21D15505B00D87032 /* UInt64Extension.swift */ = {isa = PBXFileReference; fileEncoding = 4; lastKnownFileType = sourcecode.swift; path = UInt64Extension.swift; sourceTree = "<group>"; };
		693901F31D15505B00D87032 /* UInt8Extension.swift */ = {isa = PBXFileReference; fileEncoding = 4; lastKnownFileType = sourcecode.swift; path = UInt8Extension.swift; sourceTree = "<group>"; };
		693901F41D15505B00D87032 /* UpdatableCryptor.swift */ = {isa = PBXFileReference; fileEncoding = 4; lastKnownFileType = sourcecode.swift; path = UpdatableCryptor.swift; sourceTree = "<group>"; };
		693901F51D15505B00D87032 /* CryptoUtils.swift */ = {isa = PBXFileReference; fileEncoding = 4; lastKnownFileType = sourcecode.swift; path = CryptoUtils.swift; sourceTree = "<group>"; };
		6946EA611C69E16800AFD8E9 /* UIOffset+Vector2DConvertible.swift */ = {isa = PBXFileReference; fileEncoding = 4; lastKnownFileType = sourcecode.swift; path = "UIOffset+Vector2DConvertible.swift"; sourceTree = "<group>"; };
		6946EA631C69E28400AFD8E9 /* CGRect+UIEdgeInsets.swift */ = {isa = PBXFileReference; fileEncoding = 4; lastKnownFileType = sourcecode.swift; path = "CGRect+UIEdgeInsets.swift"; sourceTree = "<group>"; };
		6946EA661C69E48F00AFD8E9 /* UIColor+Hex.swift */ = {isa = PBXFileReference; fileEncoding = 4; lastKnownFileType = sourcecode.swift; path = "UIColor+Hex.swift"; sourceTree = "<group>"; };
		6946EA691C69EE9600AFD8E9 /* UIImage+Generation.swift */ = {isa = PBXFileReference; fileEncoding = 4; lastKnownFileType = sourcecode.swift; path = "UIImage+Generation.swift"; sourceTree = "<group>"; };
		6946EA6B1C69F0F000AFD8E9 /* UIColor+Utils.swift */ = {isa = PBXFileReference; fileEncoding = 4; lastKnownFileType = sourcecode.swift; path = "UIColor+Utils.swift"; sourceTree = "<group>"; };
		6946EA6D1C69FAA600AFD8E9 /* UIImage+Manipulation.swift */ = {isa = PBXFileReference; fileEncoding = 4; lastKnownFileType = sourcecode.swift; path = "UIImage+Manipulation.swift"; sourceTree = "<group>"; };
		6946EA6F1C6A521600AFD8E9 /* CGFloat+Converter.swift */ = {isa = PBXFileReference; fileEncoding = 4; lastKnownFileType = sourcecode.swift; path = "CGFloat+Converter.swift"; sourceTree = "<group>"; };
		69492EA61C76F22900354D93 /* UIBezierPath+Operator.swift */ = {isa = PBXFileReference; fileEncoding = 4; lastKnownFileType = sourcecode.swift; path = "UIBezierPath+Operator.swift"; sourceTree = "<group>"; };
		696431301D15095100B7F759 /* NSUserDefaults+ConvenientMethods.swift */ = {isa = PBXFileReference; fileEncoding = 4; lastKnownFileType = sourcecode.swift; path = "NSUserDefaults+ConvenientMethods.swift"; sourceTree = "<group>"; };
		696431321D150CBC00B7F759 /* SystemInfoUtils.swift */ = {isa = PBXFileReference; fileEncoding = 4; lastKnownFileType = sourcecode.swift; path = SystemInfoUtils.swift; sourceTree = "<group>"; };
		696431351D1510A200B7F759 /* MinDurationTimer.swift */ = {isa = PBXFileReference; fileEncoding = 4; lastKnownFileType = sourcecode.swift; path = MinDurationTimer.swift; sourceTree = "<group>"; };
		697002C21D127221003A53C0 /* HTTPConvertibles.swift */ = {isa = PBXFileReference; fileEncoding = 4; lastKnownFileType = sourcecode.swift; path = HTTPConvertibles.swift; sourceTree = "<group>"; };
		697002C31D127221003A53C0 /* HTTPDownload.swift */ = {isa = PBXFileReference; fileEncoding = 4; lastKnownFileType = sourcecode.swift; path = HTTPDownload.swift; sourceTree = "<group>"; };
		697002C41D127221003A53C0 /* HTTPError.swift */ = {isa = PBXFileReference; fileEncoding = 4; lastKnownFileType = sourcecode.swift; path = HTTPError.swift; sourceTree = "<group>"; };
		697002C51D127221003A53C0 /* HTTPManager.swift */ = {isa = PBXFileReference; fileEncoding = 4; lastKnownFileType = sourcecode.swift; path = HTTPManager.swift; sourceTree = "<group>"; };
		697002C61D127221003A53C0 /* HTTPMultipartFormData.swift */ = {isa = PBXFileReference; fileEncoding = 4; lastKnownFileType = sourcecode.swift; path = HTTPMultipartFormData.swift; sourceTree = "<group>"; };
		697002C81D127221003A53C0 /* HTTPNotifications.swift */ = {isa = PBXFileReference; fileEncoding = 4; lastKnownFileType = sourcecode.swift; path = HTTPNotifications.swift; sourceTree = "<group>"; };
		697002C91D127221003A53C0 /* HTTPParameterEncoding.swift */ = {isa = PBXFileReference; fileEncoding = 4; lastKnownFileType = sourcecode.swift; path = HTTPParameterEncoding.swift; sourceTree = "<group>"; };
		697002CA1D127221003A53C0 /* HTTPRequest.swift */ = {isa = PBXFileReference; fileEncoding = 4; lastKnownFileType = sourcecode.swift; path = HTTPRequest.swift; sourceTree = "<group>"; };
		697002CB1D127221003A53C0 /* HTTPResponse.swift */ = {isa = PBXFileReference; fileEncoding = 4; lastKnownFileType = sourcecode.swift; path = HTTPResponse.swift; sourceTree = "<group>"; };
		697002CC1D127221003A53C0 /* HTTPResponseSerialization.swift */ = {isa = PBXFileReference; fileEncoding = 4; lastKnownFileType = sourcecode.swift; path = HTTPResponseSerialization.swift; sourceTree = "<group>"; };
		697002CE1D127221003A53C0 /* HTTPServerTrustPolicy.swift */ = {isa = PBXFileReference; fileEncoding = 4; lastKnownFileType = sourcecode.swift; path = HTTPServerTrustPolicy.swift; sourceTree = "<group>"; };
		697002CF1D127221003A53C0 /* HTTPStream.swift */ = {isa = PBXFileReference; fileEncoding = 4; lastKnownFileType = sourcecode.swift; path = HTTPStream.swift; sourceTree = "<group>"; };
		697002D01D127221003A53C0 /* HTTPTimeline.swift */ = {isa = PBXFileReference; fileEncoding = 4; lastKnownFileType = sourcecode.swift; path = HTTPTimeline.swift; sourceTree = "<group>"; };
		697002D11D127221003A53C0 /* HTTPUpload.swift */ = {isa = PBXFileReference; fileEncoding = 4; lastKnownFileType = sourcecode.swift; path = HTTPUpload.swift; sourceTree = "<group>"; };
		697002D21D127221003A53C0 /* HTTPValidation.swift */ = {isa = PBXFileReference; fileEncoding = 4; lastKnownFileType = sourcecode.swift; path = HTTPValidation.swift; sourceTree = "<group>"; };
		697002E51D1275F0003A53C0 /* MappingFromJSON.swift */ = {isa = PBXFileReference; fileEncoding = 4; lastKnownFileType = sourcecode.swift; path = MappingFromJSON.swift; sourceTree = "<group>"; };
		697002E61D1275F0003A53C0 /* JSONMap.swift */ = {isa = PBXFileReference; fileEncoding = 4; lastKnownFileType = sourcecode.swift; path = JSONMap.swift; sourceTree = "<group>"; };
		697002E71D1275F0003A53C0 /* JSONMappable.swift */ = {isa = PBXFileReference; fileEncoding = 4; lastKnownFileType = sourcecode.swift; path = JSONMappable.swift; sourceTree = "<group>"; };
		697002E81D1275F0003A53C0 /* JSONMapper.swift */ = {isa = PBXFileReference; fileEncoding = 4; lastKnownFileType = sourcecode.swift; path = JSONMapper.swift; sourceTree = "<group>"; };
		697002E91D1275F0003A53C0 /* JSONOperators.swift */ = {isa = PBXFileReference; fileEncoding = 4; lastKnownFileType = sourcecode.swift; path = JSONOperators.swift; sourceTree = "<group>"; };
		697002EA1D1275F0003A53C0 /* MappingToJSON.swift */ = {isa = PBXFileReference; fileEncoding = 4; lastKnownFileType = sourcecode.swift; path = MappingToJSON.swift; sourceTree = "<group>"; };
		697002EC1D1275F0003A53C0 /* JSONCustomDateFormatTransform.swift */ = {isa = PBXFileReference; fileEncoding = 4; lastKnownFileType = sourcecode.swift; path = JSONCustomDateFormatTransform.swift; sourceTree = "<group>"; };
		697002ED1D1275F0003A53C0 /* JSONDateFormatterTransform.swift */ = {isa = PBXFileReference; fileEncoding = 4; lastKnownFileType = sourcecode.swift; path = JSONDateFormatterTransform.swift; sourceTree = "<group>"; };
		697002EE1D1275F0003A53C0 /* JSONDateTransform.swift */ = {isa = PBXFileReference; fileEncoding = 4; lastKnownFileType = sourcecode.swift; path = JSONDateTransform.swift; sourceTree = "<group>"; };
		697002EF1D1275F0003A53C0 /* JSONEnumTransform.swift */ = {isa = PBXFileReference; fileEncoding = 4; lastKnownFileType = sourcecode.swift; path = JSONEnumTransform.swift; sourceTree = "<group>"; };
		697002F01D1275F0003A53C0 /* JSONISO8601DateTransform.swift */ = {isa = PBXFileReference; fileEncoding = 4; lastKnownFileType = sourcecode.swift; path = JSONISO8601DateTransform.swift; sourceTree = "<group>"; };
		697002F11D1275F0003A53C0 /* JSONNSDecimalNumberTransform.swift */ = {isa = PBXFileReference; fileEncoding = 4; lastKnownFileType = sourcecode.swift; path = JSONNSDecimalNumberTransform.swift; sourceTree = "<group>"; };
		697002F21D1275F0003A53C0 /* JSONTransformOf.swift */ = {isa = PBXFileReference; fileEncoding = 4; lastKnownFileType = sourcecode.swift; path = JSONTransformOf.swift; sourceTree = "<group>"; };
		697002F31D1275F0003A53C0 /* JSONTransformType.swift */ = {isa = PBXFileReference; fileEncoding = 4; lastKnownFileType = sourcecode.swift; path = JSONTransformType.swift; sourceTree = "<group>"; };
		697002F41D1275F0003A53C0 /* JSONURLTransform.swift */ = {isa = PBXFileReference; fileEncoding = 4; lastKnownFileType = sourcecode.swift; path = JSONURLTransform.swift; sourceTree = "<group>"; };
		697003041D12765A003A53C0 /* HTTP+JSON.swift */ = {isa = PBXFileReference; fileEncoding = 4; lastKnownFileType = sourcecode.swift; path = "HTTP+JSON.swift"; sourceTree = "<group>"; };
		6982D5351D002A8C00FFA056 /* UIViewController+NamingConvenience.swift */ = {isa = PBXFileReference; fileEncoding = 4; lastKnownFileType = sourcecode.swift; path = "UIViewController+NamingConvenience.swift"; sourceTree = "<group>"; };
		698ABC751C7815CB00C536A8 /* UIBezierPathOperator.swift */ = {isa = PBXFileReference; fileEncoding = 4; lastKnownFileType = sourcecode.swift; path = UIBezierPathOperator.swift; sourceTree = "<group>"; };
		69928DB61C6B813E003B2980 /* NSMutableArray+Operator.swift */ = {isa = PBXFileReference; fileEncoding = 4; lastKnownFileType = sourcecode.swift; path = "NSMutableArray+Operator.swift"; sourceTree = "<group>"; };
		69928DB81C6B8259003B2980 /* NSArray+Operator.swift */ = {isa = PBXFileReference; fileEncoding = 4; lastKnownFileType = sourcecode.swift; path = "NSArray+Operator.swift"; sourceTree = "<group>"; };
		69928DBF1C6B842A003B2980 /* Set+Operator.swift */ = {isa = PBXFileReference; fileEncoding = 4; lastKnownFileType = sourcecode.swift; path = "Set+Operator.swift"; sourceTree = "<group>"; };
		69928DC11C6B842F003B2980 /* Array+Operator.swift */ = {isa = PBXFileReference; fileEncoding = 4; lastKnownFileType = sourcecode.swift; path = "Array+Operator.swift"; sourceTree = "<group>"; };
		69928DC41C6B8478003B2980 /* NumericTypes+Converter.swift */ = {isa = PBXFileReference; fileEncoding = 4; lastKnownFileType = sourcecode.swift; path = "NumericTypes+Converter.swift"; sourceTree = "<group>"; };
		69928DC61C6B85B8003B2980 /* NumericTypes+ControlFlow.swift */ = {isa = PBXFileReference; fileEncoding = 4; lastKnownFileType = sourcecode.swift; path = "NumericTypes+ControlFlow.swift"; sourceTree = "<group>"; };
		69928DC81C6B9137003B2980 /* NumericTypes+Constant.swift */ = {isa = PBXFileReference; fileEncoding = 4; lastKnownFileType = sourcecode.swift; path = "NumericTypes+Constant.swift"; sourceTree = "<group>"; };
		69928DCA1C6B9C62003B2980 /* CGRect+Operator.swift */ = {isa = PBXFileReference; fileEncoding = 4; lastKnownFileType = sourcecode.swift; path = "CGRect+Operator.swift"; sourceTree = "<group>"; };
		69CDF79B1C70FA990042CC2B /* NSLocalizedString+Shortcut.swift */ = {isa = PBXFileReference; fileEncoding = 4; lastKnownFileType = sourcecode.swift; path = "NSLocalizedString+Shortcut.swift"; sourceTree = "<group>"; };
		69F2AFCB1D00214D00A06AA7 /* DispatchUtils.swift */ = {isa = PBXFileReference; fileEncoding = 4; lastKnownFileType = sourcecode.swift; path = DispatchUtils.swift; sourceTree = "<group>"; };
		69F2AFCE1D00245000A06AA7 /* UIStoryboard+NameConvenience.swift */ = {isa = PBXFileReference; fileEncoding = 4; lastKnownFileType = sourcecode.swift; path = "UIStoryboard+NameConvenience.swift"; sourceTree = "<group>"; };
		69F5E91A1C664CD000D1D689 /* Deliria.framework */ = {isa = PBXFileReference; explicitFileType = wrapper.framework; includeInIndex = 0; path = Deliria.framework; sourceTree = BUILT_PRODUCTS_DIR; };
		69F5E91D1C664CD000D1D689 /* Deliria.h */ = {isa = PBXFileReference; lastKnownFileType = sourcecode.c.h; path = Deliria.h; sourceTree = "<group>"; };
		69F5E91F1C664CD000D1D689 /* Info.plist */ = {isa = PBXFileReference; lastKnownFileType = text.plist.xml; path = Info.plist; sourceTree = "<group>"; };
		69F5E9241C664CD000D1D689 /* DeliriaTests.xctest */ = {isa = PBXFileReference; explicitFileType = wrapper.cfbundle; includeInIndex = 0; path = DeliriaTests.xctest; sourceTree = BUILT_PRODUCTS_DIR; };
		69F5E9291C664CD000D1D689 /* Vector2DConvertibleTests.swift */ = {isa = PBXFileReference; lastKnownFileType = sourcecode.swift; path = Vector2DConvertibleTests.swift; sourceTree = "<group>"; };
		69F5E92B1C664CD000D1D689 /* Info.plist */ = {isa = PBXFileReference; lastKnownFileType = text.plist.xml; path = Info.plist; sourceTree = "<group>"; };
		69F5E93C1C665C9700D1D689 /* Vector2DConvertible.swift */ = {isa = PBXFileReference; fileEncoding = 4; lastKnownFileType = sourcecode.swift; path = Vector2DConvertible.swift; sourceTree = "<group>"; };
		69F5E93F1C66657E00D1D689 /* CGRect+PositionHelper.swift */ = {isa = PBXFileReference; fileEncoding = 4; lastKnownFileType = sourcecode.swift; path = "CGRect+PositionHelper.swift"; sourceTree = "<group>"; };
		69F5E9411C6667BC00D1D689 /* CGPoint+Vector2DConvertible.swift */ = {isa = PBXFileReference; fileEncoding = 4; lastKnownFileType = sourcecode.swift; path = "CGPoint+Vector2DConvertible.swift"; sourceTree = "<group>"; };
		69F5E9431C66681400D1D689 /* CGSize+Vector2DConvertible.swift */ = {isa = PBXFileReference; fileEncoding = 4; lastKnownFileType = sourcecode.swift; path = "CGSize+Vector2DConvertible.swift"; sourceTree = "<group>"; };
		69F5E9451C66686D00D1D689 /* CGVector+Vector2DConvertible.swift */ = {isa = PBXFileReference; fileEncoding = 4; lastKnownFileType = sourcecode.swift; path = "CGVector+Vector2DConvertible.swift"; sourceTree = "<group>"; };
		69F83A9F1CA972CE0015164A /* UIView+Style.swift */ = {isa = PBXFileReference; fileEncoding = 4; lastKnownFileType = sourcecode.swift; path = "UIView+Style.swift"; sourceTree = "<group>"; };
		69F83AA21CA974F60015164A /* ThemeManager.swift */ = {isa = PBXFileReference; fileEncoding = 4; lastKnownFileType = sourcecode.swift; path = ThemeManager.swift; sourceTree = "<group>"; };
		69F83AA41CA975960015164A /* ThemeRegistry.swift */ = {isa = PBXFileReference; fileEncoding = 4; lastKnownFileType = sourcecode.swift; path = ThemeRegistry.swift; sourceTree = "<group>"; };
		6D6DE36269D5D3537EA44A7A /* UIApplication+Router.swift */ = {isa = PBXFileReference; fileEncoding = 4; lastKnownFileType = sourcecode.swift; path = "UIApplication+Router.swift"; sourceTree = "<group>"; };
		6D6DE50E12215B58AFFD8CE3 /* Router.swift */ = {isa = PBXFileReference; fileEncoding = 4; lastKnownFileType = sourcecode.swift; path = Router.swift; sourceTree = "<group>"; };
		6D6DED4426A9DA2D0506B523 /* NetworkReachabilityManager.swift */ = {isa = PBXFileReference; fileEncoding = 4; lastKnownFileType = sourcecode.swift; path = NetworkReachabilityManager.swift; sourceTree = "<group>"; };
		6D6DEEAE59EF8C7ABA87D3E4 /* Result.swift */ = {isa = PBXFileReference; fileEncoding = 4; lastKnownFileType = sourcecode.swift; path = Result.swift; sourceTree = "<group>"; };
		6D6DEF9F799130BE8138DD32 /* AbstractRouter.swift */ = {isa = PBXFileReference; fileEncoding = 4; lastKnownFileType = sourcecode.swift; path = AbstractRouter.swift; sourceTree = "<group>"; };
/* End PBXFileReference section */

/* Begin PBXFrameworksBuildPhase section */
		69F5E9161C664CD000D1D689 /* Frameworks */ = {
			isa = PBXFrameworksBuildPhase;
			buildActionMask = 2147483647;
			files = (
			);
			runOnlyForDeploymentPostprocessing = 0;
		};
		69F5E9211C664CD000D1D689 /* Frameworks */ = {
			isa = PBXFrameworksBuildPhase;
			buildActionMask = 2147483647;
			files = (
				69F5E9251C664CD000D1D689 /* Deliria.framework in Frameworks */,
			);
			runOnlyForDeploymentPostprocessing = 0;
		};
/* End PBXFrameworksBuildPhase section */

/* Begin PBXGroup section */
		693207EE1D1665C000278FA3 /* UI */ = {
			isa = PBXGroup;
			children = (
				693207EF1D1665C000278FA3 /* AlertView.swift */,
			);
			path = UI;
			sourceTree = "<group>";
		};
		693901BB1D15505B00D87032 /* Crypto */ = {
			isa = PBXGroup;
			children = (
				693901BC1D15505B00D87032 /* CryptoAES.swift */,
				693901BD1D15505B00D87032 /* Array+CryptoExtension.swift */,
				693901BE1D15505B00D87032 /* CryptoAuthenticator.swift */,
				693901BF1D15505B00D87032 /* CryptoBit.swift */,
				693901C01D15505B00D87032 /* CryptoBlockCipher.swift */,
				693901C11D15505B00D87032 /* BlockMode */,
				693901CB1D15505B00D87032 /* BytesSequence.swift */,
				693901CC1D15505B00D87032 /* CryptoChaCha20.swift */,
				693901CD1D15505B00D87032 /* CryptoCipher.swift */,
				693901CE1D15505B00D87032 /* CryptoCRC.swift */,
				693901CF1D15505B00D87032 /* CryptoCryptors.swift */,
				693901D01D15505B00D87032 /* CSArrayType+CryptoExtensions.swift */,
				693901D11D15505B00D87032 /* Foundation */,
				693901DB1D15505B00D87032 /* CryptoGenerics.swift */,
				693901DC1D15505B00D87032 /* Hash.swift */,
				693901DD1D15505B00D87032 /* HashProtocol.swift */,
				693901DE1D15505B00D87032 /* HMAC.swift */,
				693901DF1D15505B00D87032 /* IntegerConvertible.swift */,
				693901E01D15505B00D87032 /* IntExtension.swift */,
				693901E11D15505B00D87032 /* MD5.swift */,
				693901E21D15505B00D87032 /* Multiplatform.swift */,
				693901E31D15505B00D87032 /* NoPadding.swift */,
				693901E41D15505B00D87032 /* Operators.swift */,
				693901E51D15505B00D87032 /* Padding.swift */,
				693901E61D15505B00D87032 /* PKCS5 */,
				693901EA1D15505B00D87032 /* PKCS7.swift */,
				693901EB1D15505B00D87032 /* Poly1305.swift */,
				693901EC1D15505B00D87032 /* Rabbit.swift */,
				693901ED1D15505B00D87032 /* SecureBytes.swift */,
				693901EE1D15505B00D87032 /* SHA1.swift */,
				693901EF1D15505B00D87032 /* SHA2.swift */,
				693901F01D15505B00D87032 /* String+Extension.swift */,
				693901F11D15505B00D87032 /* UInt32Extension.swift */,
				693901F21D15505B00D87032 /* UInt64Extension.swift */,
				693901F31D15505B00D87032 /* UInt8Extension.swift */,
				693901F41D15505B00D87032 /* UpdatableCryptor.swift */,
				693901F51D15505B00D87032 /* CryptoUtils.swift */,
			);
			path = Crypto;
			sourceTree = "<group>";
		};
		693901C11D15505B00D87032 /* BlockMode */ = {
			isa = PBXGroup;
			children = (
				693901C21D15505B00D87032 /* CryptoBlockMode.swift */,
				693901C31D15505B00D87032 /* CryptoBlockModeOptions.swift */,
				693901C41D15505B00D87032 /* CryptoBlockModeWorker.swift */,
				693901C51D15505B00D87032 /* CryptoCBC.swift */,
				693901C61D15505B00D87032 /* CryptoCFB.swift */,
				693901C71D15505B00D87032 /* CryptoCTR.swift */,
				693901C81D15505B00D87032 /* CryptoECB.swift */,
				693901C91D15505B00D87032 /* CryptoOFB.swift */,
				693901CA1D15505B00D87032 /* CryptoPCBC.swift */,
			);
			path = BlockMode;
			sourceTree = "<group>";
		};
		693901D11D15505B00D87032 /* Foundation */ = {
			isa = PBXGroup;
			children = (
				693901D21D15505B00D87032 /* AES+Foundation.swift */,
				693901D31D15505B00D87032 /* ArrayUInt8+Foundation.swift */,
				693901D41D15505B00D87032 /* ChaCha20+Foundation.swift */,
				693901D51D15505B00D87032 /* CSArrayType+Foundation.swift */,
				693901D61D15505B00D87032 /* NSData+CryptoExtension.swift */,
				693901D71D15505B00D87032 /* Rabbit+Foundation.swift */,
				693901D81D15505B00D87032 /* String+CryptoFoundationExtension.swift */,
				693901D91D15505B00D87032 /* String+CryptoLinuxFoundation.swift */,
				693901DA1D15505B00D87032 /* CryptoUtils+Foundation.swift */,
			);
			path = Foundation;
			sourceTree = "<group>";
		};
		693901E61D15505B00D87032 /* PKCS5 */ = {
			isa = PBXGroup;
			children = (
				693901E71D15505B00D87032 /* PBKDF1.swift */,
				693901E81D15505B00D87032 /* PBKDF2.swift */,
				693901E91D15505B00D87032 /* PKCS5.swift */,
			);
			path = PKCS5;
			sourceTree = "<group>";
		};
		6946EA5F1C69E04000AFD8E9 /* UIKit */ = {
			isa = PBXGroup;
			children = (
				6982D5341D002A6300FFA056 /* UIViewController */,
				69F2AFCD1D00236800A06AA7 /* UIStoryboard */,
				69F83A9E1CA972B00015164A /* UIView */,
				69492EA51C76F20B00354D93 /* UIBezierPath */,
				6946EA681C69EE8100AFD8E9 /* UIImage */,
				6946EA651C69E47F00AFD8E9 /* UIColor */,
				6946EA601C69E04000AFD8E9 /* UIGeometry */,
				6D6DE136E980B5914A2DCFF7 /* UIApplication */,
			);
			path = UIKit;
			sourceTree = "<group>";
		};
		6946EA601C69E04000AFD8E9 /* UIGeometry */ = {
			isa = PBXGroup;
			children = (
				6946EA611C69E16800AFD8E9 /* UIOffset+Vector2DConvertible.swift */,
				6946EA631C69E28400AFD8E9 /* CGRect+UIEdgeInsets.swift */,
			);
			path = UIGeometry;
			sourceTree = "<group>";
		};
		6946EA651C69E47F00AFD8E9 /* UIColor */ = {
			isa = PBXGroup;
			children = (
				693207F11D1665CC00278FA3 /* Decimal+UIColor.swift */,
				6946EA661C69E48F00AFD8E9 /* UIColor+Hex.swift */,
				6946EA6B1C69F0F000AFD8E9 /* UIColor+Utils.swift */,
			);
			path = UIColor;
			sourceTree = "<group>";
		};
		6946EA681C69EE8100AFD8E9 /* UIImage */ = {
			isa = PBXGroup;
			children = (
				6946EA691C69EE9600AFD8E9 /* UIImage+Generation.swift */,
				6946EA6D1C69FAA600AFD8E9 /* UIImage+Manipulation.swift */,
			);
			path = UIImage;
			sourceTree = "<group>";
		};
		6946EA711C6A538F00AFD8E9 /* Swift */ = {
			isa = PBXGroup;
			children = (
				69928DC31C6B8478003B2980 /* NumericTypes */,
				69928DBD1C6B8415003B2980 /* Set */,
				69928DBE1C6B8415003B2980 /* Array */,
			);
			path = Swift;
			sourceTree = "<group>";
		};
		69492EA51C76F20B00354D93 /* UIBezierPath */ = {
			isa = PBXGroup;
			children = (
				69492EA61C76F22900354D93 /* UIBezierPath+Operator.swift */,
			);
			path = UIBezierPath;
			sourceTree = "<group>";
		};
		6964312F1D15091600B7F759 /* NSUserDefaults */ = {
			isa = PBXGroup;
			children = (
				696431301D15095100B7F759 /* NSUserDefaults+ConvenientMethods.swift */,
			);
			path = NSUserDefaults;
			sourceTree = "<group>";
		};
		697002C01D12707C003A53C0 /* HTTP */ = {
			isa = PBXGroup;
			children = (
				697003041D12765A003A53C0 /* HTTP+JSON.swift */,
				697002C21D127221003A53C0 /* HTTPConvertibles.swift */,
				697002C31D127221003A53C0 /* HTTPDownload.swift */,
				697002C41D127221003A53C0 /* HTTPError.swift */,
				697002C51D127221003A53C0 /* HTTPManager.swift */,
				697002C61D127221003A53C0 /* HTTPMultipartFormData.swift */,
				697002C81D127221003A53C0 /* HTTPNotifications.swift */,
				697002C91D127221003A53C0 /* HTTPParameterEncoding.swift */,
				697002CA1D127221003A53C0 /* HTTPRequest.swift */,
				697002CB1D127221003A53C0 /* HTTPResponse.swift */,
				697002CC1D127221003A53C0 /* HTTPResponseSerialization.swift */,
				697002CE1D127221003A53C0 /* HTTPServerTrustPolicy.swift */,
				697002CF1D127221003A53C0 /* HTTPStream.swift */,
				697002D01D127221003A53C0 /* HTTPTimeline.swift */,
				697002D11D127221003A53C0 /* HTTPUpload.swift */,
				697002D21D127221003A53C0 /* HTTPValidation.swift */,
			);
			path = HTTP;
			sourceTree = "<group>";
		};
		697002C11D127157003A53C0 /* JSON */ = {
			isa = PBXGroup;
			children = (
				697002E41D1275F0003A53C0 /* Core */,
				697002EB1D1275F0003A53C0 /* Transforms */,
			);
			path = JSON;
			sourceTree = "<group>";
		};
		697002E41D1275F0003A53C0 /* Core */ = {
			isa = PBXGroup;
			children = (
				697002E51D1275F0003A53C0 /* MappingFromJSON.swift */,
				697002E61D1275F0003A53C0 /* JSONMap.swift */,
				697002E71D1275F0003A53C0 /* JSONMappable.swift */,
				697002E81D1275F0003A53C0 /* JSONMapper.swift */,
				697002E91D1275F0003A53C0 /* JSONOperators.swift */,
				697002EA1D1275F0003A53C0 /* MappingToJSON.swift */,
			);
			path = Core;
			sourceTree = "<group>";
		};
		697002EB1D1275F0003A53C0 /* Transforms */ = {
			isa = PBXGroup;
			children = (
				697002EC1D1275F0003A53C0 /* JSONCustomDateFormatTransform.swift */,
				697002ED1D1275F0003A53C0 /* JSONDateFormatterTransform.swift */,
				697002EE1D1275F0003A53C0 /* JSONDateTransform.swift */,
				697002EF1D1275F0003A53C0 /* JSONEnumTransform.swift */,
				697002F01D1275F0003A53C0 /* JSONISO8601DateTransform.swift */,
				697002F11D1275F0003A53C0 /* JSONNSDecimalNumberTransform.swift */,
				697002F21D1275F0003A53C0 /* JSONTransformOf.swift */,
				697002F31D1275F0003A53C0 /* JSONTransformType.swift */,
				697002F41D1275F0003A53C0 /* JSONURLTransform.swift */,
			);
			path = Transforms;
			sourceTree = "<group>";
		};
		6982D5341D002A6300FFA056 /* UIViewController */ = {
			isa = PBXGroup;
			children = (
				6982D5351D002A8C00FFA056 /* UIViewController+NamingConvenience.swift */,
			);
			path = UIViewController;
			sourceTree = "<group>";
		};
		69928D561C6B7D5B003B2980 /* Foundation */ = {
			isa = PBXGroup;
			children = (
				6964312F1D15091600B7F759 /* NSUserDefaults */,
				69928DB51C6B8120003B2980 /* NSMutableArray */,
				69928DB01C6B7D98003B2980 /* NSArray */,
				69CDF79B1C70FA990042CC2B /* NSLocalizedString+Shortcut.swift */,
			);
			path = Foundation;
			sourceTree = "<group>";
		};
		69928DB01C6B7D98003B2980 /* NSArray */ = {
			isa = PBXGroup;
			children = (
				69928DB81C6B8259003B2980 /* NSArray+Operator.swift */,
			);
			path = NSArray;
			sourceTree = "<group>";
		};
		69928DB51C6B8120003B2980 /* NSMutableArray */ = {
			isa = PBXGroup;
			children = (
				69928DB61C6B813E003B2980 /* NSMutableArray+Operator.swift */,
			);
			path = NSMutableArray;
			sourceTree = "<group>";
		};
		69928DBD1C6B8415003B2980 /* Set */ = {
			isa = PBXGroup;
			children = (
				69928DBF1C6B842A003B2980 /* Set+Operator.swift */,
			);
			path = Set;
			sourceTree = "<group>";
		};
		69928DBE1C6B8415003B2980 /* Array */ = {
			isa = PBXGroup;
			children = (
				69928DC11C6B842F003B2980 /* Array+Operator.swift */,
			);
			path = Array;
			sourceTree = "<group>";
		};
		69928DC31C6B8478003B2980 /* NumericTypes */ = {
			isa = PBXGroup;
			children = (
				69928DC41C6B8478003B2980 /* NumericTypes+Converter.swift */,
				69928DC61C6B85B8003B2980 /* NumericTypes+ControlFlow.swift */,
				69928DC81C6B9137003B2980 /* NumericTypes+Constant.swift */,
			);
			path = NumericTypes;
			sourceTree = "<group>";
		};
		69F2AFCA1D00213200A06AA7 /* Dispatch */ = {
			isa = PBXGroup;
			children = (
				69F2AFCB1D00214D00A06AA7 /* DispatchUtils.swift */,
				696431351D1510A200B7F759 /* MinDurationTimer.swift */,
			);
			path = Dispatch;
			sourceTree = "<group>";
		};
		69F2AFCD1D00236800A06AA7 /* UIStoryboard */ = {
			isa = PBXGroup;
			children = (
				69F2AFCE1D00245000A06AA7 /* UIStoryboard+NameConvenience.swift */,
			);
			path = UIStoryboard;
			sourceTree = "<group>";
		};
		69F5E9101C664CD000D1D689 = {
			isa = PBXGroup;
			children = (
				69F5E91C1C664CD000D1D689 /* Deliria */,
				69F5E9281C664CD000D1D689 /* DeliriaTests */,
				69F5E91B1C664CD000D1D689 /* Products */,
			);
			sourceTree = "<group>";
		};
		69F5E91B1C664CD000D1D689 /* Products */ = {
			isa = PBXGroup;
			children = (
				69F5E91A1C664CD000D1D689 /* Deliria.framework */,
				69F5E9241C664CD000D1D689 /* DeliriaTests.xctest */,
			);
			name = Products;
			sourceTree = "<group>";
		};
		69F5E91C1C664CD000D1D689 /* Deliria */ = {
			isa = PBXGroup;
			children = (
				69F2AFCA1D00213200A06AA7 /* Dispatch */,
				69928D561C6B7D5B003B2980 /* Foundation */,
				6946EA711C6A538F00AFD8E9 /* Swift */,
				6946EA5F1C69E04000AFD8E9 /* UIKit */,
				69F5E9341C664DCC00D1D689 /* CoreGraphics */,
				69F5E91D1C664CD000D1D689 /* Deliria.h */,
				69F5E91F1C664CD000D1D689 /* Info.plist */,
				6D6DEF360C2A919B2E1729F1 /* Deliria */,
			);
			path = Deliria;
			sourceTree = "<group>";
		};
		69F5E9281C664CD000D1D689 /* DeliriaTests */ = {
			isa = PBXGroup;
			children = (
				69F5E9291C664CD000D1D689 /* Vector2DConvertibleTests.swift */,
				69F5E92B1C664CD000D1D689 /* Info.plist */,
				698ABC751C7815CB00C536A8 /* UIBezierPathOperator.swift */,
			);
			path = DeliriaTests;
			sourceTree = "<group>";
		};
		69F5E9341C664DCC00D1D689 /* CoreGraphics */ = {
			isa = PBXGroup;
			children = (
				69F5E93A1C665C9700D1D689 /* CGGeometry */,
			);
			path = CoreGraphics;
			sourceTree = "<group>";
		};
		69F5E93A1C665C9700D1D689 /* CGGeometry */ = {
			isa = PBXGroup;
			children = (
				6946EA6F1C6A521600AFD8E9 /* CGFloat+Converter.swift */,
				69F5E9411C6667BC00D1D689 /* CGPoint+Vector2DConvertible.swift */,
				69928DCA1C6B9C62003B2980 /* CGRect+Operator.swift */,
				69F5E93F1C66657E00D1D689 /* CGRect+PositionHelper.swift */,
				69F5E9431C66681400D1D689 /* CGSize+Vector2DConvertible.swift */,
				69F5E9451C66686D00D1D689 /* CGVector+Vector2DConvertible.swift */,
				69F5E93C1C665C9700D1D689 /* Vector2DConvertible.swift */,
			);
			path = CGGeometry;
			sourceTree = "<group>";
		};
		69F83A9E1CA972B00015164A /* UIView */ = {
			isa = PBXGroup;
			children = (
				69F83A9F1CA972CE0015164A /* UIView+Style.swift */,
			);
			path = UIView;
			sourceTree = "<group>";
		};
		69F83AA11CA974DC0015164A /* Theme */ = {
			isa = PBXGroup;
			children = (
				69F83AA21CA974F60015164A /* ThemeManager.swift */,
				69F83AA41CA975960015164A /* ThemeRegistry.swift */,
			);
			path = Theme;
			sourceTree = "<group>";
		};
		6D6DE136E980B5914A2DCFF7 /* UIApplication */ = {
			isa = PBXGroup;
			children = (
				6D6DE36269D5D3537EA44A7A /* UIApplication+Router.swift */,
			);
			path = UIApplication;
			sourceTree = "<group>";
		};
		6D6DE533561177CF19B83AFC /* Common */ = {
			isa = PBXGroup;
			children = (
				6D6DEEAE59EF8C7ABA87D3E4 /* Result.swift */,
				6D6DED4426A9DA2D0506B523 /* NetworkReachabilityManager.swift */,
				696431321D150CBC00B7F759 /* SystemInfoUtils.swift */,
			);
			path = Common;
			sourceTree = "<group>";
		};
		6D6DE9BFDC781C9AF9EC98D3 /* Router */ = {
			isa = PBXGroup;
			children = (
				6D6DE50E12215B58AFFD8CE3 /* Router.swift */,
				6D6DEF9F799130BE8138DD32 /* AbstractRouter.swift */,
			);
			path = Router;
			sourceTree = "<group>";
		};
		6D6DEF360C2A919B2E1729F1 /* Deliria */ = {
			isa = PBXGroup;
			children = (
				693207EE1D1665C000278FA3 /* UI */,
				693901BB1D15505B00D87032 /* Crypto */,
				697002C11D127157003A53C0 /* JSON */,
				697002C01D12707C003A53C0 /* HTTP */,
				69F83AA11CA974DC0015164A /* Theme */,
				6D6DE9BFDC781C9AF9EC98D3 /* Router */,
				6D6DE533561177CF19B83AFC /* Common */,
			);
			path = Deliria;
			sourceTree = "<group>";
		};
/* End PBXGroup section */

/* Begin PBXHeadersBuildPhase section */
		69F5E9171C664CD000D1D689 /* Headers */ = {
			isa = PBXHeadersBuildPhase;
			buildActionMask = 2147483647;
			files = (
				69F5E91E1C664CD000D1D689 /* Deliria.h in Headers */,
			);
			runOnlyForDeploymentPostprocessing = 0;
		};
/* End PBXHeadersBuildPhase section */

/* Begin PBXNativeTarget section */
		69F5E9191C664CD000D1D689 /* Deliria */ = {
			isa = PBXNativeTarget;
			buildConfigurationList = 69F5E92E1C664CD000D1D689 /* Build configuration list for PBXNativeTarget "Deliria" */;
			buildPhases = (
				69F5E9151C664CD000D1D689 /* Sources */,
				69F5E9161C664CD000D1D689 /* Frameworks */,
				69F5E9171C664CD000D1D689 /* Headers */,
				69F5E9181C664CD000D1D689 /* Resources */,
			);
			buildRules = (
			);
			dependencies = (
			);
			name = Deliria;
			productName = Deliria;
			productReference = 69F5E91A1C664CD000D1D689 /* Deliria.framework */;
			productType = "com.apple.product-type.framework";
		};
		69F5E9231C664CD000D1D689 /* DeliriaTests */ = {
			isa = PBXNativeTarget;
			buildConfigurationList = 69F5E9311C664CD000D1D689 /* Build configuration list for PBXNativeTarget "DeliriaTests" */;
			buildPhases = (
				69F5E9201C664CD000D1D689 /* Sources */,
				69F5E9211C664CD000D1D689 /* Frameworks */,
				69F5E9221C664CD000D1D689 /* Resources */,
			);
			buildRules = (
			);
			dependencies = (
				69F5E9271C664CD000D1D689 /* PBXTargetDependency */,
			);
			name = DeliriaTests;
			productName = DeliriaTests;
			productReference = 69F5E9241C664CD000D1D689 /* DeliriaTests.xctest */;
			productType = "com.apple.product-type.bundle.unit-test";
		};
/* End PBXNativeTarget section */

/* Begin PBXProject section */
		69F5E9111C664CD000D1D689 /* Project object */ = {
			isa = PBXProject;
			attributes = {
				LastSwiftUpdateCheck = 0720;
				LastUpgradeCheck = 0720;
				ORGANIZATIONNAME = "JuXian(Beijing) Technology Co., Ltd.";
				TargetAttributes = {
					69F5E9191C664CD000D1D689 = {
						CreatedOnToolsVersion = 7.2.1;
					};
					69F5E9231C664CD000D1D689 = {
						CreatedOnToolsVersion = 7.2.1;
					};
				};
			};
			buildConfigurationList = 69F5E9141C664CD000D1D689 /* Build configuration list for PBXProject "Deliria" */;
			compatibilityVersion = "Xcode 3.2";
			developmentRegion = English;
			hasScannedForEncodings = 0;
			knownRegions = (
				en,
			);
			mainGroup = 69F5E9101C664CD000D1D689;
			productRefGroup = 69F5E91B1C664CD000D1D689 /* Products */;
			projectDirPath = "";
			projectRoot = "";
			targets = (
				69F5E9191C664CD000D1D689 /* Deliria */,
				69F5E9231C664CD000D1D689 /* DeliriaTests */,
			);
		};
/* End PBXProject section */

/* Begin PBXResourcesBuildPhase section */
		69F5E9181C664CD000D1D689 /* Resources */ = {
			isa = PBXResourcesBuildPhase;
			buildActionMask = 2147483647;
			files = (
			);
			runOnlyForDeploymentPostprocessing = 0;
		};
		69F5E9221C664CD000D1D689 /* Resources */ = {
			isa = PBXResourcesBuildPhase;
			buildActionMask = 2147483647;
			files = (
			);
			runOnlyForDeploymentPostprocessing = 0;
		};
/* End PBXResourcesBuildPhase section */

/* Begin PBXSourcesBuildPhase section */
		69F5E9151C664CD000D1D689 /* Sources */ = {
			isa = PBXSourcesBuildPhase;
			buildActionMask = 2147483647;
			files = (
				6939020F1D15505B00D87032 /* Rabbit+Foundation.swift in Sources */,
				693902241D15505B00D87032 /* SecureBytes.swift in Sources */,
				693901FA1D15505B00D87032 /* CryptoBlockCipher.swift in Sources */,
				69CDF79C1C70FA990042CC2B /* NSLocalizedString+Shortcut.swift in Sources */,
				69F5E93E1C665C9700D1D689 /* Vector2DConvertible.swift in Sources */,
				697003051D12765A003A53C0 /* HTTP+JSON.swift in Sources */,
				697003031D1275F0003A53C0 /* JSONURLTransform.swift in Sources */,
				6939020A1D15505B00D87032 /* AES+Foundation.swift in Sources */,
				693902151D15505B00D87032 /* HashProtocol.swift in Sources */,
				697003021D1275F0003A53C0 /* JSONTransformType.swift in Sources */,
				69F5E9461C66686D00D1D689 /* CGVector+Vector2DConvertible.swift in Sources */,
				693902061D15505B00D87032 /* CryptoCipher.swift in Sources */,
				6939021D1D15505B00D87032 /* Padding.swift in Sources */,
				69F2AFCF1D00245000A06AA7 /* UIStoryboard+NameConvenience.swift in Sources */,
				693901FB1D15505B00D87032 /* CryptoBlockMode.swift in Sources */,
				6939021F1D15505B00D87032 /* PBKDF2.swift in Sources */,
				693902031D15505B00D87032 /* CryptoPCBC.swift in Sources */,
				693902171D15505B00D87032 /* IntegerConvertible.swift in Sources */,
				6939020C1D15505B00D87032 /* ChaCha20+Foundation.swift in Sources */,
				6939021A1D15505B00D87032 /* Multiplatform.swift in Sources */,
				693902181D15505B00D87032 /* IntExtension.swift in Sources */,
				697002D61D127221003A53C0 /* HTTPManager.swift in Sources */,
				697002FD1D1275F0003A53C0 /* JSONDateTransform.swift in Sources */,
				693901FF1D15505B00D87032 /* CryptoCFB.swift in Sources */,
				697002E21D127221003A53C0 /* HTTPUpload.swift in Sources */,
				697002FF1D1275F0003A53C0 /* JSONISO8601DateTransform.swift in Sources */,
				693901F71D15505B00D87032 /* Array+CryptoExtension.swift in Sources */,
				6939021B1D15505B00D87032 /* NoPadding.swift in Sources */,
				693901FC1D15505B00D87032 /* CryptoBlockModeOptions.swift in Sources */,
				693902101D15505B00D87032 /* String+CryptoFoundationExtension.swift in Sources */,
				693902251D15505B00D87032 /* SHA1.swift in Sources */,
				69928DC21C6B842F003B2980 /* Array+Operator.swift in Sources */,
				693902121D15505B00D87032 /* CryptoUtils+Foundation.swift in Sources */,
				6939020E1D15505B00D87032 /* NSData+CryptoExtension.swift in Sources */,
				697002D71D127221003A53C0 /* HTTPMultipartFormData.swift in Sources */,
				697002FE1D1275F0003A53C0 /* JSONEnumTransform.swift in Sources */,
				6946EA621C69E16800AFD8E9 /* UIOffset+Vector2DConvertible.swift in Sources */,
				6946EA6A1C69EE9600AFD8E9 /* UIImage+Generation.swift in Sources */,
				69928DC01C6B842A003B2980 /* Set+Operator.swift in Sources */,
				69928DC71C6B85B8003B2980 /* NumericTypes+ControlFlow.swift in Sources */,
				696431311D15095100B7F759 /* NSUserDefaults+ConvenientMethods.swift in Sources */,
				69F83AA01CA972CE0015164A /* UIView+Style.swift in Sources */,
				697002F51D1275F0003A53C0 /* MappingFromJSON.swift in Sources */,
				69F5E9401C66657E00D1D689 /* CGRect+PositionHelper.swift in Sources */,
				69F2AFCC1D00214D00A06AA7 /* DispatchUtils.swift in Sources */,
				69928DC91C6B9137003B2980 /* NumericTypes+Constant.swift in Sources */,
				6946EA6C1C69F0F000AFD8E9 /* UIColor+Utils.swift in Sources */,
				6946EA6E1C69FAA600AFD8E9 /* UIImage+Manipulation.swift in Sources */,
				693902281D15505B00D87032 /* UInt32Extension.swift in Sources */,
				697002DB1D127221003A53C0 /* HTTPRequest.swift in Sources */,
				693902071D15505B00D87032 /* CryptoCRC.swift in Sources */,
				697002F61D1275F0003A53C0 /* JSONMap.swift in Sources */,
				69928DCB1C6B9C62003B2980 /* CGRect+Operator.swift in Sources */,
				697002DD1D127221003A53C0 /* HTTPResponseSerialization.swift in Sources */,
				69F83AA31CA974F60015164A /* ThemeManager.swift in Sources */,
				697002F91D1275F0003A53C0 /* JSONOperators.swift in Sources */,
				6939022C1D15505B00D87032 /* CryptoUtils.swift in Sources */,
				697002E31D127221003A53C0 /* HTTPValidation.swift in Sources */,
				693902051D15505B00D87032 /* CryptoChaCha20.swift in Sources */,
				693902231D15505B00D87032 /* Rabbit.swift in Sources */,
				697002F71D1275F0003A53C0 /* JSONMappable.swift in Sources */,
				693207F01D1665C000278FA3 /* AlertView.swift in Sources */,
				69F5E9441C66681400D1D689 /* CGSize+Vector2DConvertible.swift in Sources */,
				693902081D15505B00D87032 /* CryptoCryptors.swift in Sources */,
				697002D91D127221003A53C0 /* HTTPNotifications.swift in Sources */,
				696431331D150CBC00B7F759 /* SystemInfoUtils.swift in Sources */,
				69492EA71C76F22900354D93 /* UIBezierPath+Operator.swift in Sources */,
				6939020B1D15505B00D87032 /* ArrayUInt8+Foundation.swift in Sources */,
				6946EA671C69E48F00AFD8E9 /* UIColor+Hex.swift in Sources */,
				697003001D1275F0003A53C0 /* JSONNSDecimalNumberTransform.swift in Sources */,
				693901F61D15505B00D87032 /* CryptoAES.swift in Sources */,
				693902011D15505B00D87032 /* CryptoECB.swift in Sources */,
				69F83AA51CA975960015164A /* ThemeRegistry.swift in Sources */,
				693902021D15505B00D87032 /* CryptoOFB.swift in Sources */,
				693901FD1D15505B00D87032 /* CryptoBlockModeWorker.swift in Sources */,
				693901F91D15505B00D87032 /* CryptoBit.swift in Sources */,
				693207F21D1665CC00278FA3 /* Decimal+UIColor.swift in Sources */,
				69928DB91C6B8259003B2980 /* NSArray+Operator.swift in Sources */,
				697002F81D1275F0003A53C0 /* JSONMapper.swift in Sources */,
				6939021C1D15505B00D87032 /* Operators.swift in Sources */,
				693902111D15505B00D87032 /* String+CryptoLinuxFoundation.swift in Sources */,
				69928DC51C6B8478003B2980 /* NumericTypes+Converter.swift in Sources */,
				693902201D15505B00D87032 /* PKCS5.swift in Sources */,
				697002FB1D1275F0003A53C0 /* JSONCustomDateFormatTransform.swift in Sources */,
				693902271D15505B00D87032 /* String+Extension.swift in Sources */,
				69F5E9421C6667BC00D1D689 /* CGPoint+Vector2DConvertible.swift in Sources */,
				693902211D15505B00D87032 /* PKCS7.swift in Sources */,
				697002D41D127221003A53C0 /* HTTPDownload.swift in Sources */,
				69928DB71C6B813E003B2980 /* NSMutableArray+Operator.swift in Sources */,
				693902291D15505B00D87032 /* UInt64Extension.swift in Sources */,
				693902001D15505B00D87032 /* CryptoCTR.swift in Sources */,
				6939020D1D15505B00D87032 /* CSArrayType+Foundation.swift in Sources */,
				697002D51D127221003A53C0 /* HTTPError.swift in Sources */,
				697003011D1275F0003A53C0 /* JSONTransformOf.swift in Sources */,
				697002DC1D127221003A53C0 /* HTTPResponse.swift in Sources */,
				697002E11D127221003A53C0 /* HTTPTimeline.swift in Sources */,
				693902221D15505B00D87032 /* Poly1305.swift in Sources */,
				693902041D15505B00D87032 /* BytesSequence.swift in Sources */,
				6939022B1D15505B00D87032 /* UpdatableCryptor.swift in Sources */,
				697002E01D127221003A53C0 /* HTTPStream.swift in Sources */,
				6946EA701C6A521600AFD8E9 /* CGFloat+Converter.swift in Sources */,
				6939021E1D15505B00D87032 /* PBKDF1.swift in Sources */,
				697002D31D127221003A53C0 /* HTTPConvertibles.swift in Sources */,
				693902091D15505B00D87032 /* CSArrayType+CryptoExtensions.swift in Sources */,
				693901F81D15505B00D87032 /* CryptoAuthenticator.swift in Sources */,
				697002DA1D127221003A53C0 /* HTTPParameterEncoding.swift in Sources */,
				6939022A1D15505B00D87032 /* UInt8Extension.swift in Sources */,
				6946EA641C69E28400AFD8E9 /* CGRect+UIEdgeInsets.swift in Sources */,
				6982D5361D002A8C00FFA056 /* UIViewController+NamingConvenience.swift in Sources */,
				697002DF1D127221003A53C0 /* HTTPServerTrustPolicy.swift in Sources */,
				693902141D15505B00D87032 /* Hash.swift in Sources */,
				693902261D15505B00D87032 /* SHA2.swift in Sources */,
				693901FE1D15505B00D87032 /* CryptoCBC.swift in Sources */,
				6D6DEA93962F225C321E1088 /* Router.swift in Sources */,
				693902161D15505B00D87032 /* HMAC.swift in Sources */,
				697002FA1D1275F0003A53C0 /* MappingToJSON.swift in Sources */,
				6D6DE4035B9A3D7E11EC5E38 /* AbstractRouter.swift in Sources */,
				697002FC1D1275F0003A53C0 /* JSONDateFormatterTransform.swift in Sources */,
				693902191D15505B00D87032 /* MD5.swift in Sources */,
				693902131D15505B00D87032 /* CryptoGenerics.swift in Sources */,
				6D6DEFDE6A21785BE7110FBC /* UIApplication+Router.swift in Sources */,
				696431361D1510A200B7F759 /* MinDurationTimer.swift in Sources */,
				6D6DEAEE8226D3CB2F512CF2 /* Result.swift in Sources */,
				6D6DE08B25AFD43A567C68D5 /* NetworkReachabilityManager.swift in Sources */,
			);
			runOnlyForDeploymentPostprocessing = 0;
		};
		69F5E9201C664CD000D1D689 /* Sources */ = {
			isa = PBXSourcesBuildPhase;
			buildActionMask = 2147483647;
			files = (
				69F5E92A1C664CD000D1D689 /* Vector2DConvertibleTests.swift in Sources */,
				698ABC761C7815CB00C536A8 /* UIBezierPathOperator.swift in Sources */,
			);
			runOnlyForDeploymentPostprocessing = 0;
		};
/* End PBXSourcesBuildPhase section */

/* Begin PBXTargetDependency section */
		69F5E9271C664CD000D1D689 /* PBXTargetDependency */ = {
			isa = PBXTargetDependency;
			target = 69F5E9191C664CD000D1D689 /* Deliria */;
			targetProxy = 69F5E9261C664CD000D1D689 /* PBXContainerItemProxy */;
		};
/* End PBXTargetDependency section */

/* Begin XCBuildConfiguration section */
		69F5E92C1C664CD000D1D689 /* Debug */ = {
			isa = XCBuildConfiguration;
			buildSettings = {
				ALWAYS_SEARCH_USER_PATHS = NO;
				CLANG_CXX_LANGUAGE_STANDARD = "gnu++0x";
				CLANG_CXX_LIBRARY = "libc++";
				CLANG_ENABLE_MODULES = YES;
				CLANG_ENABLE_OBJC_ARC = YES;
				CLANG_WARN_BOOL_CONVERSION = YES;
				CLANG_WARN_CONSTANT_CONVERSION = YES;
				CLANG_WARN_DIRECT_OBJC_ISA_USAGE = YES_ERROR;
				CLANG_WARN_EMPTY_BODY = YES;
				CLANG_WARN_ENUM_CONVERSION = YES;
				CLANG_WARN_INT_CONVERSION = YES;
				CLANG_WARN_OBJC_ROOT_CLASS = YES_ERROR;
				CLANG_WARN_UNREACHABLE_CODE = YES;
				CLANG_WARN__DUPLICATE_METHOD_MATCH = YES;
				"CODE_SIGN_IDENTITY[sdk=iphoneos*]" = "iPhone Developer";
				COPY_PHASE_STRIP = NO;
				CURRENT_PROJECT_VERSION = 1;
				DEBUG_INFORMATION_FORMAT = dwarf;
				ENABLE_STRICT_OBJC_MSGSEND = YES;
				ENABLE_TESTABILITY = YES;
				GCC_C_LANGUAGE_STANDARD = gnu99;
				GCC_DYNAMIC_NO_PIC = NO;
				GCC_NO_COMMON_BLOCKS = YES;
				GCC_OPTIMIZATION_LEVEL = 0;
				GCC_PREPROCESSOR_DEFINITIONS = (
					"DEBUG=1",
					"$(inherited)",
				);
				GCC_WARN_64_TO_32_BIT_CONVERSION = YES;
				GCC_WARN_ABOUT_RETURN_TYPE = YES_ERROR;
				GCC_WARN_UNDECLARED_SELECTOR = YES;
				GCC_WARN_UNINITIALIZED_AUTOS = YES_AGGRESSIVE;
				GCC_WARN_UNUSED_FUNCTION = YES;
				GCC_WARN_UNUSED_VARIABLE = YES;
				IPHONEOS_DEPLOYMENT_TARGET = 8.0;
				MTL_ENABLE_DEBUG_INFO = YES;
				ONLY_ACTIVE_ARCH = YES;
				SDKROOT = iphoneos;
				SWIFT_OPTIMIZATION_LEVEL = "-Onone";
				TARGETED_DEVICE_FAMILY = "1,2";
				VERSIONING_SYSTEM = "apple-generic";
				VERSION_INFO_PREFIX = "";
			};
			name = Debug;
		};
		69F5E92D1C664CD000D1D689 /* Release */ = {
			isa = XCBuildConfiguration;
			buildSettings = {
				ALWAYS_SEARCH_USER_PATHS = NO;
				CLANG_CXX_LANGUAGE_STANDARD = "gnu++0x";
				CLANG_CXX_LIBRARY = "libc++";
				CLANG_ENABLE_MODULES = YES;
				CLANG_ENABLE_OBJC_ARC = YES;
				CLANG_WARN_BOOL_CONVERSION = YES;
				CLANG_WARN_CONSTANT_CONVERSION = YES;
				CLANG_WARN_DIRECT_OBJC_ISA_USAGE = YES_ERROR;
				CLANG_WARN_EMPTY_BODY = YES;
				CLANG_WARN_ENUM_CONVERSION = YES;
				CLANG_WARN_INT_CONVERSION = YES;
				CLANG_WARN_OBJC_ROOT_CLASS = YES_ERROR;
				CLANG_WARN_UNREACHABLE_CODE = YES;
				CLANG_WARN__DUPLICATE_METHOD_MATCH = YES;
				"CODE_SIGN_IDENTITY[sdk=iphoneos*]" = "iPhone Developer";
				COPY_PHASE_STRIP = NO;
				CURRENT_PROJECT_VERSION = 1;
				DEBUG_INFORMATION_FORMAT = "dwarf-with-dsym";
				ENABLE_NS_ASSERTIONS = NO;
				ENABLE_STRICT_OBJC_MSGSEND = YES;
				GCC_C_LANGUAGE_STANDARD = gnu99;
				GCC_NO_COMMON_BLOCKS = YES;
				GCC_WARN_64_TO_32_BIT_CONVERSION = YES;
				GCC_WARN_ABOUT_RETURN_TYPE = YES_ERROR;
				GCC_WARN_UNDECLARED_SELECTOR = YES;
				GCC_WARN_UNINITIALIZED_AUTOS = YES_AGGRESSIVE;
				GCC_WARN_UNUSED_FUNCTION = YES;
				GCC_WARN_UNUSED_VARIABLE = YES;
				IPHONEOS_DEPLOYMENT_TARGET = 8.0;
				MTL_ENABLE_DEBUG_INFO = NO;
				SDKROOT = iphoneos;
				TARGETED_DEVICE_FAMILY = "1,2";
				VALIDATE_PRODUCT = YES;
				VERSIONING_SYSTEM = "apple-generic";
				VERSION_INFO_PREFIX = "";
			};
			name = Release;
		};
		69F5E92F1C664CD000D1D689 /* Debug */ = {
			isa = XCBuildConfiguration;
			buildSettings = {
				CLANG_ENABLE_MODULES = YES;
				DEFINES_MODULE = YES;
				DYLIB_COMPATIBILITY_VERSION = 1;
				DYLIB_CURRENT_VERSION = 1;
				DYLIB_INSTALL_NAME_BASE = "@rpath";
				INFOPLIST_FILE = Deliria/Info.plist;
				INSTALL_PATH = "$(LOCAL_LIBRARY_DIR)/Frameworks";
				LD_RUNPATH_SEARCH_PATHS = "$(inherited) @executable_path/Frameworks @loader_path/Frameworks";
				PRODUCT_BUNDLE_IDENTIFIER = com.juxian.Deliria;
				PRODUCT_NAME = "$(TARGET_NAME)";
				SKIP_INSTALL = YES;
				SWIFT_OPTIMIZATION_LEVEL = "-Onone";
			};
			name = Debug;
		};
		69F5E9301C664CD000D1D689 /* Release */ = {
			isa = XCBuildConfiguration;
			buildSettings = {
				CLANG_ENABLE_MODULES = YES;
				DEFINES_MODULE = YES;
				DYLIB_COMPATIBILITY_VERSION = 1;
				DYLIB_CURRENT_VERSION = 1;
				DYLIB_INSTALL_NAME_BASE = "@rpath";
				INFOPLIST_FILE = Deliria/Info.plist;
				INSTALL_PATH = "$(LOCAL_LIBRARY_DIR)/Frameworks";
				LD_RUNPATH_SEARCH_PATHS = "$(inherited) @executable_path/Frameworks @loader_path/Frameworks";
				PRODUCT_BUNDLE_IDENTIFIER = com.juxian.Deliria;
				PRODUCT_NAME = "$(TARGET_NAME)";
				SKIP_INSTALL = YES;
			};
			name = Release;
		};
		69F5E9321C664CD000D1D689 /* Debug */ = {
			isa = XCBuildConfiguration;
			buildSettings = {
				INFOPLIST_FILE = DeliriaTests/Info.plist;
				LD_RUNPATH_SEARCH_PATHS = "$(inherited) @executable_path/Frameworks @loader_path/Frameworks";
				PRODUCT_BUNDLE_IDENTIFIER = com.juxian.DeliriaTests;
				PRODUCT_NAME = "$(TARGET_NAME)";
			};
			name = Debug;
		};
		69F5E9331C664CD000D1D689 /* Release */ = {
			isa = XCBuildConfiguration;
			buildSettings = {
				INFOPLIST_FILE = DeliriaTests/Info.plist;
				LD_RUNPATH_SEARCH_PATHS = "$(inherited) @executable_path/Frameworks @loader_path/Frameworks";
				PRODUCT_BUNDLE_IDENTIFIER = com.juxian.DeliriaTests;
				PRODUCT_NAME = "$(TARGET_NAME)";
			};
			name = Release;
		};
/* End XCBuildConfiguration section */

/* Begin XCConfigurationList section */
		69F5E9141C664CD000D1D689 /* Build configuration list for PBXProject "Deliria" */ = {
			isa = XCConfigurationList;
			buildConfigurations = (
				69F5E92C1C664CD000D1D689 /* Debug */,
				69F5E92D1C664CD000D1D689 /* Release */,
			);
			defaultConfigurationIsVisible = 0;
			defaultConfigurationName = Release;
		};
		69F5E92E1C664CD000D1D689 /* Build configuration list for PBXNativeTarget "Deliria" */ = {
			isa = XCConfigurationList;
			buildConfigurations = (
				69F5E92F1C664CD000D1D689 /* Debug */,
				69F5E9301C664CD000D1D689 /* Release */,
			);
			defaultConfigurationIsVisible = 0;
			defaultConfigurationName = Release;
		};
		69F5E9311C664CD000D1D689 /* Build configuration list for PBXNativeTarget "DeliriaTests" */ = {
			isa = XCConfigurationList;
			buildConfigurations = (
				69F5E9321C664CD000D1D689 /* Debug */,
				69F5E9331C664CD000D1D689 /* Release */,
			);
			defaultConfigurationIsVisible = 0;
			defaultConfigurationName = Release;
		};
/* End XCConfigurationList section */
	};
	rootObject = 69F5E9111C664CD000D1D689 /* Project object */;
}
