// !$*UTF8*$!
{
	archiveVersion = 1;
	classes = {
	};
	objectVersion = 46;
	objects = {

/* Begin PBXBuildFile section */
		6920B8D11D894FEF00D00519 /* AES.swift in Sources */ = {isa = PBXBuildFile; fileRef = 6920B8921D894FEF00D00519 /* AES.swift */; };
		6920B8D21D894FEF00D00519 /* Array+Extension.swift in Sources */ = {isa = PBXBuildFile; fileRef = 6920B8931D894FEF00D00519 /* Array+Extension.swift */; };
		6920B8D31D894FEF00D00519 /* Authenticator.swift in Sources */ = {isa = PBXBuildFile; fileRef = 6920B8941D894FEF00D00519 /* Authenticator.swift */; };
		6920B8D41D894FEF00D00519 /* Bit.swift in Sources */ = {isa = PBXBuildFile; fileRef = 6920B8951D894FEF00D00519 /* Bit.swift */; };
		6920B8D51D894FEF00D00519 /* BlockCipher.swift in Sources */ = {isa = PBXBuildFile; fileRef = 6920B8961D894FEF00D00519 /* BlockCipher.swift */; };
		6920B8D61D894FEF00D00519 /* BlockMode.swift in Sources */ = {isa = PBXBuildFile; fileRef = 6920B8981D894FEF00D00519 /* BlockMode.swift */; };
		6920B8D71D894FEF00D00519 /* BlockModeOptions.swift in Sources */ = {isa = PBXBuildFile; fileRef = 6920B8991D894FEF00D00519 /* BlockModeOptions.swift */; };
		6920B8D81D894FEF00D00519 /* BlockModeWorker.swift in Sources */ = {isa = PBXBuildFile; fileRef = 6920B89A1D894FEF00D00519 /* BlockModeWorker.swift */; };
		6920B8D91D894FEF00D00519 /* CBC.swift in Sources */ = {isa = PBXBuildFile; fileRef = 6920B89B1D894FEF00D00519 /* CBC.swift */; };
		6920B8DA1D894FEF00D00519 /* CFB.swift in Sources */ = {isa = PBXBuildFile; fileRef = 6920B89C1D894FEF00D00519 /* CFB.swift */; };
		6920B8DB1D894FEF00D00519 /* CTR.swift in Sources */ = {isa = PBXBuildFile; fileRef = 6920B89D1D894FEF00D00519 /* CTR.swift */; };
		6920B8DC1D894FEF00D00519 /* ECB.swift in Sources */ = {isa = PBXBuildFile; fileRef = 6920B89E1D894FEF00D00519 /* ECB.swift */; };
		6920B8DD1D894FEF00D00519 /* OFB.swift in Sources */ = {isa = PBXBuildFile; fileRef = 6920B89F1D894FEF00D00519 /* OFB.swift */; };
		6920B8DE1D894FEF00D00519 /* PCBC.swift in Sources */ = {isa = PBXBuildFile; fileRef = 6920B8A01D894FEF00D00519 /* PCBC.swift */; };
		6920B8DF1D894FEF00D00519 /* RandomAccessBlockModeWorker.swift in Sources */ = {isa = PBXBuildFile; fileRef = 6920B8A11D894FEF00D00519 /* RandomAccessBlockModeWorker.swift */; };
		6920B8E01D894FEF00D00519 /* BytesSequence.swift in Sources */ = {isa = PBXBuildFile; fileRef = 6920B8A21D894FEF00D00519 /* BytesSequence.swift */; };
		6920B8E11D894FEF00D00519 /* ChaCha20.swift in Sources */ = {isa = PBXBuildFile; fileRef = 6920B8A31D894FEF00D00519 /* ChaCha20.swift */; };
		6920B8E21D894FEF00D00519 /* Checksum.swift in Sources */ = {isa = PBXBuildFile; fileRef = 6920B8A41D894FEF00D00519 /* Checksum.swift */; };
		6920B8E31D894FEF00D00519 /* Cipher.swift in Sources */ = {isa = PBXBuildFile; fileRef = 6920B8A51D894FEF00D00519 /* Cipher.swift */; };
		6920B8E41D894FEF00D00519 /* Collection+Extension.swift in Sources */ = {isa = PBXBuildFile; fileRef = 6920B8A61D894FEF00D00519 /* Collection+Extension.swift */; };
		6920B8E51D894FEF00D00519 /* Cryptors.swift in Sources */ = {isa = PBXBuildFile; fileRef = 6920B8A71D894FEF00D00519 /* Cryptors.swift */; };
		6920B8E61D894FEF00D00519 /* CSArrayType+Extensions.swift in Sources */ = {isa = PBXBuildFile; fileRef = 6920B8A81D894FEF00D00519 /* CSArrayType+Extensions.swift */; };
		6920B8E71D894FEF00D00519 /* Digest.swift in Sources */ = {isa = PBXBuildFile; fileRef = 6920B8A91D894FEF00D00519 /* Digest.swift */; };
		6920B8E81D894FEF00D00519 /* DigestType.swift in Sources */ = {isa = PBXBuildFile; fileRef = 6920B8AA1D894FEF00D00519 /* DigestType.swift */; };
		6920B8E91D894FEF00D00519 /* AES+Foundation.swift in Sources */ = {isa = PBXBuildFile; fileRef = 6920B8AC1D894FEF00D00519 /* AES+Foundation.swift */; };
		6920B8EA1D894FEF00D00519 /* ChaCha20+Foundation.swift in Sources */ = {isa = PBXBuildFile; fileRef = 6920B8AD1D894FEF00D00519 /* ChaCha20+Foundation.swift */; };
		6920B8EB1D894FEF00D00519 /* CSArrayType+Foundation.swift in Sources */ = {isa = PBXBuildFile; fileRef = 6920B8AE1D894FEF00D00519 /* CSArrayType+Foundation.swift */; };
		6920B8EC1D894FEF00D00519 /* Data+Extension.swift in Sources */ = {isa = PBXBuildFile; fileRef = 6920B8AF1D894FEF00D00519 /* Data+Extension.swift */; };
		6920B8ED1D894FEF00D00519 /* HMAC+Foundation.swift in Sources */ = {isa = PBXBuildFile; fileRef = 6920B8B01D894FEF00D00519 /* HMAC+Foundation.swift */; };
		6920B8EE1D894FEF00D00519 /* Rabbit+Foundation.swift in Sources */ = {isa = PBXBuildFile; fileRef = 6920B8B11D894FEF00D00519 /* Rabbit+Foundation.swift */; };
		6920B8EF1D894FEF00D00519 /* String+FoundationExtension.swift in Sources */ = {isa = PBXBuildFile; fileRef = 6920B8B21D894FEF00D00519 /* String+FoundationExtension.swift */; };
		6920B8F01D894FEF00D00519 /* Utils+Foundation.swift in Sources */ = {isa = PBXBuildFile; fileRef = 6920B8B31D894FEF00D00519 /* Utils+Foundation.swift */; };
		6920B8F11D894FEF00D00519 /* Generics.swift in Sources */ = {isa = PBXBuildFile; fileRef = 6920B8B41D894FEF00D00519 /* Generics.swift */; };
		6920B8F21D894FEF00D00519 /* HMAC.swift in Sources */ = {isa = PBXBuildFile; fileRef = 6920B8B51D894FEF00D00519 /* HMAC.swift */; };
		6920B8F31D894FEF00D00519 /* Info.plist in Resources */ = {isa = PBXBuildFile; fileRef = 6920B8B61D894FEF00D00519 /* Info.plist */; };
		6920B8F41D894FEF00D00519 /* Int+Extension.swift in Sources */ = {isa = PBXBuildFile; fileRef = 6920B8B71D894FEF00D00519 /* Int+Extension.swift */; };
		6920B8F51D894FEF00D00519 /* IntegerConvertible.swift in Sources */ = {isa = PBXBuildFile; fileRef = 6920B8B81D894FEF00D00519 /* IntegerConvertible.swift */; };
		6920B8F61D894FEF00D00519 /* MD5.swift in Sources */ = {isa = PBXBuildFile; fileRef = 6920B8B91D894FEF00D00519 /* MD5.swift */; };
		6920B8F71D894FEF00D00519 /* Multiplatform.swift in Sources */ = {isa = PBXBuildFile; fileRef = 6920B8BA1D894FEF00D00519 /* Multiplatform.swift */; };
		6920B8F81D894FEF00D00519 /* NoPadding.swift in Sources */ = {isa = PBXBuildFile; fileRef = 6920B8BB1D894FEF00D00519 /* NoPadding.swift */; };
		6920B8F91D894FEF00D00519 /* Operators.swift in Sources */ = {isa = PBXBuildFile; fileRef = 6920B8BC1D894FEF00D00519 /* Operators.swift */; };
		6920B8FA1D894FEF00D00519 /* Padding.swift in Sources */ = {isa = PBXBuildFile; fileRef = 6920B8BD1D894FEF00D00519 /* Padding.swift */; };
		6920B8FB1D894FEF00D00519 /* PBKDF1.swift in Sources */ = {isa = PBXBuildFile; fileRef = 6920B8BF1D894FEF00D00519 /* PBKDF1.swift */; };
		6920B8FC1D894FEF00D00519 /* PBKDF2.swift in Sources */ = {isa = PBXBuildFile; fileRef = 6920B8C01D894FEF00D00519 /* PBKDF2.swift */; };
		6920B8FD1D894FEF00D00519 /* PKCS5.swift in Sources */ = {isa = PBXBuildFile; fileRef = 6920B8C11D894FEF00D00519 /* PKCS5.swift */; };
		6920B8FE1D894FEF00D00519 /* PKCS7.swift in Sources */ = {isa = PBXBuildFile; fileRef = 6920B8C21D894FEF00D00519 /* PKCS7.swift */; };
		6920B8FF1D894FEF00D00519 /* Poly1305.swift in Sources */ = {isa = PBXBuildFile; fileRef = 6920B8C31D894FEF00D00519 /* Poly1305.swift */; };
		6920B9001D894FEF00D00519 /* Rabbit.swift in Sources */ = {isa = PBXBuildFile; fileRef = 6920B8C41D894FEF00D00519 /* Rabbit.swift */; };
		6920B9011D894FEF00D00519 /* RandomAccessCryptor.swift in Sources */ = {isa = PBXBuildFile; fileRef = 6920B8C51D894FEF00D00519 /* RandomAccessCryptor.swift */; };
		6920B9021D894FEF00D00519 /* SecureBytes.swift in Sources */ = {isa = PBXBuildFile; fileRef = 6920B8C61D894FEF00D00519 /* SecureBytes.swift */; };
		6920B9031D894FEF00D00519 /* SHA1.swift in Sources */ = {isa = PBXBuildFile; fileRef = 6920B8C71D894FEF00D00519 /* SHA1.swift */; };
		6920B9041D894FEF00D00519 /* SHA2.swift in Sources */ = {isa = PBXBuildFile; fileRef = 6920B8C81D894FEF00D00519 /* SHA2.swift */; };
		6920B9051D894FEF00D00519 /* String+Extension.swift in Sources */ = {isa = PBXBuildFile; fileRef = 6920B8C91D894FEF00D00519 /* String+Extension.swift */; };
		6920B9061D894FEF00D00519 /* UInt8+Extension.swift in Sources */ = {isa = PBXBuildFile; fileRef = 6920B8CA1D894FEF00D00519 /* UInt8+Extension.swift */; };
		6920B9071D894FEF00D00519 /* UInt16+Extension.swift in Sources */ = {isa = PBXBuildFile; fileRef = 6920B8CB1D894FEF00D00519 /* UInt16+Extension.swift */; };
		6920B9081D894FEF00D00519 /* UInt32+Extension.swift in Sources */ = {isa = PBXBuildFile; fileRef = 6920B8CC1D894FEF00D00519 /* UInt32+Extension.swift */; };
		6920B9091D894FEF00D00519 /* UInt64+Extension.swift in Sources */ = {isa = PBXBuildFile; fileRef = 6920B8CD1D894FEF00D00519 /* UInt64+Extension.swift */; };
		6920B90A1D894FEF00D00519 /* Updatable.swift in Sources */ = {isa = PBXBuildFile; fileRef = 6920B8CE1D894FEF00D00519 /* Updatable.swift */; };
		6920B90B1D894FEF00D00519 /* Utils.swift in Sources */ = {isa = PBXBuildFile; fileRef = 6920B8CF1D894FEF00D00519 /* Utils.swift */; };
		6920B90C1D894FEF00D00519 /* ZeroPadding.swift in Sources */ = {isa = PBXBuildFile; fileRef = 6920B8D01D894FEF00D00519 /* ZeroPadding.swift */; };
		693207F01D1665C000278FA3 /* AlertView.swift in Sources */ = {isa = PBXBuildFile; fileRef = 693207EF1D1665C000278FA3 /* AlertView.swift */; };
		693207F21D1665CC00278FA3 /* Decimal+UIColor.swift in Sources */ = {isa = PBXBuildFile; fileRef = 693207F11D1665CC00278FA3 /* Decimal+UIColor.swift */; };
		6946EA621C69E16800AFD8E9 /* UIOffset+Vector2DConvertible.swift in Sources */ = {isa = PBXBuildFile; fileRef = 6946EA611C69E16800AFD8E9 /* UIOffset+Vector2DConvertible.swift */; };
		6946EA641C69E28400AFD8E9 /* CGRect+UIEdgeInsets.swift in Sources */ = {isa = PBXBuildFile; fileRef = 6946EA631C69E28400AFD8E9 /* CGRect+UIEdgeInsets.swift */; };
		6946EA671C69E48F00AFD8E9 /* UIColor+Hex.swift in Sources */ = {isa = PBXBuildFile; fileRef = 6946EA661C69E48F00AFD8E9 /* UIColor+Hex.swift */; };
		6946EA6A1C69EE9600AFD8E9 /* UIImage+Generation.swift in Sources */ = {isa = PBXBuildFile; fileRef = 6946EA691C69EE9600AFD8E9 /* UIImage+Generation.swift */; };
		6946EA6C1C69F0F000AFD8E9 /* UIColor+Utils.swift in Sources */ = {isa = PBXBuildFile; fileRef = 6946EA6B1C69F0F000AFD8E9 /* UIColor+Utils.swift */; };
		6946EA6E1C69FAA600AFD8E9 /* UIImage+Manipulation.swift in Sources */ = {isa = PBXBuildFile; fileRef = 6946EA6D1C69FAA600AFD8E9 /* UIImage+Manipulation.swift */; };
		6946EA701C6A521600AFD8E9 /* CGFloat+Converter.swift in Sources */ = {isa = PBXBuildFile; fileRef = 6946EA6F1C6A521600AFD8E9 /* CGFloat+Converter.swift */; };
		69492EA71C76F22900354D93 /* UIBezierPath+Operator.swift in Sources */ = {isa = PBXBuildFile; fileRef = 69492EA61C76F22900354D93 /* UIBezierPath+Operator.swift */; };
		69531A1C1D89519100184973 /* AFError.swift in Sources */ = {isa = PBXBuildFile; fileRef = 69531A0B1D89519100184973 /* AFError.swift */; };
		69531A1D1D89519100184973 /* Alamofire.swift in Sources */ = {isa = PBXBuildFile; fileRef = 69531A0C1D89519100184973 /* Alamofire.swift */; };
		69531A1E1D89519100184973 /* DispatchQueue+Alamofire.swift in Sources */ = {isa = PBXBuildFile; fileRef = 69531A0D1D89519100184973 /* DispatchQueue+Alamofire.swift */; };
		69531A1F1D89519100184973 /* MultipartFormData.swift in Sources */ = {isa = PBXBuildFile; fileRef = 69531A0E1D89519100184973 /* MultipartFormData.swift */; };
		69531A201D89519100184973 /* NetworkReachabilityManager.swift in Sources */ = {isa = PBXBuildFile; fileRef = 69531A0F1D89519100184973 /* NetworkReachabilityManager.swift */; };
		69531A211D89519100184973 /* Notifications.swift in Sources */ = {isa = PBXBuildFile; fileRef = 69531A101D89519100184973 /* Notifications.swift */; };
		69531A221D89519100184973 /* ParameterEncoding.swift in Sources */ = {isa = PBXBuildFile; fileRef = 69531A111D89519100184973 /* ParameterEncoding.swift */; };
		69531A231D89519100184973 /* Request.swift in Sources */ = {isa = PBXBuildFile; fileRef = 69531A121D89519100184973 /* Request.swift */; };
		69531A241D89519100184973 /* Response.swift in Sources */ = {isa = PBXBuildFile; fileRef = 69531A131D89519100184973 /* Response.swift */; };
		69531A251D89519100184973 /* ResponseSerialization.swift in Sources */ = {isa = PBXBuildFile; fileRef = 69531A141D89519100184973 /* ResponseSerialization.swift */; };
		69531A261D89519100184973 /* Result.swift in Sources */ = {isa = PBXBuildFile; fileRef = 69531A151D89519100184973 /* Result.swift */; };
		69531A271D89519100184973 /* ServerTrustPolicy.swift in Sources */ = {isa = PBXBuildFile; fileRef = 69531A161D89519100184973 /* ServerTrustPolicy.swift */; };
		69531A281D89519100184973 /* SessionDelegate.swift in Sources */ = {isa = PBXBuildFile; fileRef = 69531A171D89519100184973 /* SessionDelegate.swift */; };
		69531A291D89519100184973 /* SessionManager.swift in Sources */ = {isa = PBXBuildFile; fileRef = 69531A181D89519100184973 /* SessionManager.swift */; };
		69531A2A1D89519100184973 /* TaskDelegate.swift in Sources */ = {isa = PBXBuildFile; fileRef = 69531A191D89519100184973 /* TaskDelegate.swift */; };
		69531A2B1D89519100184973 /* Timeline.swift in Sources */ = {isa = PBXBuildFile; fileRef = 69531A1A1D89519100184973 /* Timeline.swift */; };
		69531A2C1D89519100184973 /* Validation.swift in Sources */ = {isa = PBXBuildFile; fileRef = 69531A1B1D89519100184973 /* Validation.swift */; };
		69531A2E1D8961A800184973 /* AlamofireObjectMapper.swift in Sources */ = {isa = PBXBuildFile; fileRef = 69531A2D1D8961A800184973 /* AlamofireObjectMapper.swift */; };
		696431311D15095100B7F759 /* NSUserDefaults+ConvenientMethods.swift in Sources */ = {isa = PBXBuildFile; fileRef = 696431301D15095100B7F759 /* NSUserDefaults+ConvenientMethods.swift */; };
		696431331D150CBC00B7F759 /* SystemInfoUtils.swift in Sources */ = {isa = PBXBuildFile; fileRef = 696431321D150CBC00B7F759 /* SystemInfoUtils.swift */; };
		696431361D1510A200B7F759 /* MinDurationTimer.swift in Sources */ = {isa = PBXBuildFile; fileRef = 696431351D1510A200B7F759 /* MinDurationTimer.swift */; };
		69688B031D19181B005A5D63 /* ColorSet.swift in Sources */ = {isa = PBXBuildFile; fileRef = 69688B021D19181B005A5D63 /* ColorSet.swift */; };
		697629A81D17943D00DD86EB /* UIAlertController+ConvientInitializers.swift in Sources */ = {isa = PBXBuildFile; fileRef = 697629A71D17943D00DD86EB /* UIAlertController+ConvientInitializers.swift */; };
		6982D5361D002A8C00FFA056 /* UIViewController+NamingConvenience.swift in Sources */ = {isa = PBXBuildFile; fileRef = 6982D5351D002A8C00FFA056 /* UIViewController+NamingConvenience.swift */; };
		6988BA581D89483400255567 /* FromJSON.swift in Sources */ = {isa = PBXBuildFile; fileRef = 6988BA461D89483400255567 /* FromJSON.swift */; };
		6988BA591D89483400255567 /* Map.swift in Sources */ = {isa = PBXBuildFile; fileRef = 6988BA471D89483400255567 /* Map.swift */; };
		6988BA5A1D89483400255567 /* Mappable.swift in Sources */ = {isa = PBXBuildFile; fileRef = 6988BA481D89483400255567 /* Mappable.swift */; };
		6988BA5B1D89483400255567 /* Mapper.swift in Sources */ = {isa = PBXBuildFile; fileRef = 6988BA491D89483400255567 /* Mapper.swift */; };
		6988BA5C1D89483400255567 /* JSONOperators.swift in Sources */ = {isa = PBXBuildFile; fileRef = 6988BA4A1D89483400255567 /* JSONOperators.swift */; };
		6988BA5D1D89483400255567 /* ToJSON.swift in Sources */ = {isa = PBXBuildFile; fileRef = 6988BA4B1D89483400255567 /* ToJSON.swift */; };
		6988BA5E1D89483400255567 /* CustomDateFormatTransform.swift in Sources */ = {isa = PBXBuildFile; fileRef = 6988BA4D1D89483400255567 /* CustomDateFormatTransform.swift */; };
		6988BA5F1D89483400255567 /* DataTransform.swift in Sources */ = {isa = PBXBuildFile; fileRef = 6988BA4E1D89483400255567 /* DataTransform.swift */; };
		6988BA601D89483400255567 /* DateFormatterTransform.swift in Sources */ = {isa = PBXBuildFile; fileRef = 6988BA4F1D89483400255567 /* DateFormatterTransform.swift */; };
		6988BA611D89483400255567 /* DateTransform.swift in Sources */ = {isa = PBXBuildFile; fileRef = 6988BA501D89483400255567 /* DateTransform.swift */; };
		6988BA621D89483400255567 /* DictionaryTransform.swift in Sources */ = {isa = PBXBuildFile; fileRef = 6988BA511D89483400255567 /* DictionaryTransform.swift */; };
		6988BA631D89483400255567 /* EnumTransform.swift in Sources */ = {isa = PBXBuildFile; fileRef = 6988BA521D89483400255567 /* EnumTransform.swift */; };
		6988BA641D89483400255567 /* ISO8601DateTransform.swift in Sources */ = {isa = PBXBuildFile; fileRef = 6988BA531D89483400255567 /* ISO8601DateTransform.swift */; };
		6988BA651D89483400255567 /* NSDecimalNumberTransform.swift in Sources */ = {isa = PBXBuildFile; fileRef = 6988BA541D89483400255567 /* NSDecimalNumberTransform.swift */; };
		6988BA661D89483400255567 /* TransformOf.swift in Sources */ = {isa = PBXBuildFile; fileRef = 6988BA551D89483400255567 /* TransformOf.swift */; };
		6988BA671D89483400255567 /* TransformType.swift in Sources */ = {isa = PBXBuildFile; fileRef = 6988BA561D89483400255567 /* TransformType.swift */; };
		6988BA681D89483400255567 /* URLTransform.swift in Sources */ = {isa = PBXBuildFile; fileRef = 6988BA571D89483400255567 /* URLTransform.swift */; };
		698ABC761C7815CB00C536A8 /* UIBezierPathOperator.swift in Sources */ = {isa = PBXBuildFile; fileRef = 698ABC751C7815CB00C536A8 /* UIBezierPathOperator.swift */; };
		69928DB71C6B813E003B2980 /* NSMutableArray+Operator.swift in Sources */ = {isa = PBXBuildFile; fileRef = 69928DB61C6B813E003B2980 /* NSMutableArray+Operator.swift */; };
		69928DB91C6B8259003B2980 /* NSArray+Operator.swift in Sources */ = {isa = PBXBuildFile; fileRef = 69928DB81C6B8259003B2980 /* NSArray+Operator.swift */; };
		69928DC01C6B842A003B2980 /* Set+Operator.swift in Sources */ = {isa = PBXBuildFile; fileRef = 69928DBF1C6B842A003B2980 /* Set+Operator.swift */; };
		69928DC21C6B842F003B2980 /* Array+Operator.swift in Sources */ = {isa = PBXBuildFile; fileRef = 69928DC11C6B842F003B2980 /* Array+Operator.swift */; };
		69928DC51C6B8478003B2980 /* NumericTypes+Converter.swift in Sources */ = {isa = PBXBuildFile; fileRef = 69928DC41C6B8478003B2980 /* NumericTypes+Converter.swift */; };
		69928DC71C6B85B8003B2980 /* NumericTypes+ControlFlow.swift in Sources */ = {isa = PBXBuildFile; fileRef = 69928DC61C6B85B8003B2980 /* NumericTypes+ControlFlow.swift */; };
		69928DC91C6B9137003B2980 /* NumericTypes+Constant.swift in Sources */ = {isa = PBXBuildFile; fileRef = 69928DC81C6B9137003B2980 /* NumericTypes+Constant.swift */; };
		69928DCB1C6B9C62003B2980 /* CGRect+Operator.swift in Sources */ = {isa = PBXBuildFile; fileRef = 69928DCA1C6B9C62003B2980 /* CGRect+Operator.swift */; };
		69CDF79C1C70FA990042CC2B /* NSLocalizedString+Shortcut.swift in Sources */ = {isa = PBXBuildFile; fileRef = 69CDF79B1C70FA990042CC2B /* NSLocalizedString+Shortcut.swift */; };
		69F2AFCC1D00214D00A06AA7 /* DispatchUtils.swift in Sources */ = {isa = PBXBuildFile; fileRef = 69F2AFCB1D00214D00A06AA7 /* DispatchUtils.swift */; };
		69F2AFCF1D00245000A06AA7 /* UIStoryboard+NameConvenience.swift in Sources */ = {isa = PBXBuildFile; fileRef = 69F2AFCE1D00245000A06AA7 /* UIStoryboard+NameConvenience.swift */; };
		69F5E91E1C664CD000D1D689 /* Deliria.h in Headers */ = {isa = PBXBuildFile; fileRef = 69F5E91D1C664CD000D1D689 /* Deliria.h */; settings = {ATTRIBUTES = (Public, ); }; };
		69F5E9251C664CD000D1D689 /* Deliria.framework in Frameworks */ = {isa = PBXBuildFile; fileRef = 69F5E91A1C664CD000D1D689 /* Deliria.framework */; };
		69F5E92A1C664CD000D1D689 /* Vector2DConvertibleTests.swift in Sources */ = {isa = PBXBuildFile; fileRef = 69F5E9291C664CD000D1D689 /* Vector2DConvertibleTests.swift */; };
		69F5E93E1C665C9700D1D689 /* Vector2DConvertible.swift in Sources */ = {isa = PBXBuildFile; fileRef = 69F5E93C1C665C9700D1D689 /* Vector2DConvertible.swift */; };
		69F5E9401C66657E00D1D689 /* CGRect+PositionHelper.swift in Sources */ = {isa = PBXBuildFile; fileRef = 69F5E93F1C66657E00D1D689 /* CGRect+PositionHelper.swift */; };
		69F5E9421C6667BC00D1D689 /* CGPoint+Vector2DConvertible.swift in Sources */ = {isa = PBXBuildFile; fileRef = 69F5E9411C6667BC00D1D689 /* CGPoint+Vector2DConvertible.swift */; };
		69F5E9441C66681400D1D689 /* CGSize+Vector2DConvertible.swift in Sources */ = {isa = PBXBuildFile; fileRef = 69F5E9431C66681400D1D689 /* CGSize+Vector2DConvertible.swift */; };
		69F5E9461C66686D00D1D689 /* CGVector+Vector2DConvertible.swift in Sources */ = {isa = PBXBuildFile; fileRef = 69F5E9451C66686D00D1D689 /* CGVector+Vector2DConvertible.swift */; };
		69F83AA01CA972CE0015164A /* UIView+Style.swift in Sources */ = {isa = PBXBuildFile; fileRef = 69F83A9F1CA972CE0015164A /* UIView+Style.swift */; };
		69F83AA31CA974F60015164A /* ThemeManager.swift in Sources */ = {isa = PBXBuildFile; fileRef = 69F83AA21CA974F60015164A /* ThemeManager.swift */; };
		69F83AA51CA975960015164A /* ThemeRegistry.swift in Sources */ = {isa = PBXBuildFile; fileRef = 69F83AA41CA975960015164A /* ThemeRegistry.swift */; };
		6D6DE4035B9A3D7E11EC5E38 /* AbstractRouter.swift in Sources */ = {isa = PBXBuildFile; fileRef = 6D6DEF9F799130BE8138DD32 /* AbstractRouter.swift */; };
		6D6DEA93962F225C321E1088 /* Router.swift in Sources */ = {isa = PBXBuildFile; fileRef = 6D6DE50E12215B58AFFD8CE3 /* Router.swift */; };
		6D6DEFDE6A21785BE7110FBC /* UIApplication+Router.swift in Sources */ = {isa = PBXBuildFile; fileRef = 6D6DE36269D5D3537EA44A7A /* UIApplication+Router.swift */; };
/* End PBXBuildFile section */

/* Begin PBXContainerItemProxy section */
		69F5E9261C664CD000D1D689 /* PBXContainerItemProxy */ = {
			isa = PBXContainerItemProxy;
			containerPortal = 69F5E9111C664CD000D1D689 /* Project object */;
			proxyType = 1;
			remoteGlobalIDString = 69F5E9191C664CD000D1D689;
			remoteInfo = Deliria;
		};
/* End PBXContainerItemProxy section */

/* Begin PBXFileReference section */
		6920B8921D894FEF00D00519 /* AES.swift */ = {isa = PBXFileReference; fileEncoding = 4; lastKnownFileType = sourcecode.swift; path = AES.swift; sourceTree = "<group>"; };
		6920B8931D894FEF00D00519 /* Array+Extension.swift */ = {isa = PBXFileReference; fileEncoding = 4; lastKnownFileType = sourcecode.swift; path = "Array+Extension.swift"; sourceTree = "<group>"; };
		6920B8941D894FEF00D00519 /* Authenticator.swift */ = {isa = PBXFileReference; fileEncoding = 4; lastKnownFileType = sourcecode.swift; path = Authenticator.swift; sourceTree = "<group>"; };
		6920B8951D894FEF00D00519 /* Bit.swift */ = {isa = PBXFileReference; fileEncoding = 4; lastKnownFileType = sourcecode.swift; path = Bit.swift; sourceTree = "<group>"; };
		6920B8961D894FEF00D00519 /* BlockCipher.swift */ = {isa = PBXFileReference; fileEncoding = 4; lastKnownFileType = sourcecode.swift; path = BlockCipher.swift; sourceTree = "<group>"; };
		6920B8981D894FEF00D00519 /* BlockMode.swift */ = {isa = PBXFileReference; fileEncoding = 4; lastKnownFileType = sourcecode.swift; path = BlockMode.swift; sourceTree = "<group>"; };
		6920B8991D894FEF00D00519 /* BlockModeOptions.swift */ = {isa = PBXFileReference; fileEncoding = 4; lastKnownFileType = sourcecode.swift; path = BlockModeOptions.swift; sourceTree = "<group>"; };
		6920B89A1D894FEF00D00519 /* BlockModeWorker.swift */ = {isa = PBXFileReference; fileEncoding = 4; lastKnownFileType = sourcecode.swift; path = BlockModeWorker.swift; sourceTree = "<group>"; };
		6920B89B1D894FEF00D00519 /* CBC.swift */ = {isa = PBXFileReference; fileEncoding = 4; lastKnownFileType = sourcecode.swift; path = CBC.swift; sourceTree = "<group>"; };
		6920B89C1D894FEF00D00519 /* CFB.swift */ = {isa = PBXFileReference; fileEncoding = 4; lastKnownFileType = sourcecode.swift; path = CFB.swift; sourceTree = "<group>"; };
		6920B89D1D894FEF00D00519 /* CTR.swift */ = {isa = PBXFileReference; fileEncoding = 4; lastKnownFileType = sourcecode.swift; path = CTR.swift; sourceTree = "<group>"; };
		6920B89E1D894FEF00D00519 /* ECB.swift */ = {isa = PBXFileReference; fileEncoding = 4; lastKnownFileType = sourcecode.swift; path = ECB.swift; sourceTree = "<group>"; };
		6920B89F1D894FEF00D00519 /* OFB.swift */ = {isa = PBXFileReference; fileEncoding = 4; lastKnownFileType = sourcecode.swift; path = OFB.swift; sourceTree = "<group>"; };
		6920B8A01D894FEF00D00519 /* PCBC.swift */ = {isa = PBXFileReference; fileEncoding = 4; lastKnownFileType = sourcecode.swift; path = PCBC.swift; sourceTree = "<group>"; };
		6920B8A11D894FEF00D00519 /* RandomAccessBlockModeWorker.swift */ = {isa = PBXFileReference; fileEncoding = 4; lastKnownFileType = sourcecode.swift; path = RandomAccessBlockModeWorker.swift; sourceTree = "<group>"; };
		6920B8A21D894FEF00D00519 /* BytesSequence.swift */ = {isa = PBXFileReference; fileEncoding = 4; lastKnownFileType = sourcecode.swift; path = BytesSequence.swift; sourceTree = "<group>"; };
		6920B8A31D894FEF00D00519 /* ChaCha20.swift */ = {isa = PBXFileReference; fileEncoding = 4; lastKnownFileType = sourcecode.swift; path = ChaCha20.swift; sourceTree = "<group>"; };
		6920B8A41D894FEF00D00519 /* Checksum.swift */ = {isa = PBXFileReference; fileEncoding = 4; lastKnownFileType = sourcecode.swift; path = Checksum.swift; sourceTree = "<group>"; };
		6920B8A51D894FEF00D00519 /* Cipher.swift */ = {isa = PBXFileReference; fileEncoding = 4; lastKnownFileType = sourcecode.swift; path = Cipher.swift; sourceTree = "<group>"; };
		6920B8A61D894FEF00D00519 /* Collection+Extension.swift */ = {isa = PBXFileReference; fileEncoding = 4; lastKnownFileType = sourcecode.swift; path = "Collection+Extension.swift"; sourceTree = "<group>"; };
		6920B8A71D894FEF00D00519 /* Cryptors.swift */ = {isa = PBXFileReference; fileEncoding = 4; lastKnownFileType = sourcecode.swift; path = Cryptors.swift; sourceTree = "<group>"; };
		6920B8A81D894FEF00D00519 /* CSArrayType+Extensions.swift */ = {isa = PBXFileReference; fileEncoding = 4; lastKnownFileType = sourcecode.swift; path = "CSArrayType+Extensions.swift"; sourceTree = "<group>"; };
		6920B8A91D894FEF00D00519 /* Digest.swift */ = {isa = PBXFileReference; fileEncoding = 4; lastKnownFileType = sourcecode.swift; path = Digest.swift; sourceTree = "<group>"; };
		6920B8AA1D894FEF00D00519 /* DigestType.swift */ = {isa = PBXFileReference; fileEncoding = 4; lastKnownFileType = sourcecode.swift; path = DigestType.swift; sourceTree = "<group>"; };
		6920B8AC1D894FEF00D00519 /* AES+Foundation.swift */ = {isa = PBXFileReference; fileEncoding = 4; lastKnownFileType = sourcecode.swift; path = "AES+Foundation.swift"; sourceTree = "<group>"; };
		6920B8AD1D894FEF00D00519 /* ChaCha20+Foundation.swift */ = {isa = PBXFileReference; fileEncoding = 4; lastKnownFileType = sourcecode.swift; path = "ChaCha20+Foundation.swift"; sourceTree = "<group>"; };
		6920B8AE1D894FEF00D00519 /* CSArrayType+Foundation.swift */ = {isa = PBXFileReference; fileEncoding = 4; lastKnownFileType = sourcecode.swift; path = "CSArrayType+Foundation.swift"; sourceTree = "<group>"; };
		6920B8AF1D894FEF00D00519 /* Data+Extension.swift */ = {isa = PBXFileReference; fileEncoding = 4; lastKnownFileType = sourcecode.swift; path = "Data+Extension.swift"; sourceTree = "<group>"; };
		6920B8B01D894FEF00D00519 /* HMAC+Foundation.swift */ = {isa = PBXFileReference; fileEncoding = 4; lastKnownFileType = sourcecode.swift; path = "HMAC+Foundation.swift"; sourceTree = "<group>"; };
		6920B8B11D894FEF00D00519 /* Rabbit+Foundation.swift */ = {isa = PBXFileReference; fileEncoding = 4; lastKnownFileType = sourcecode.swift; path = "Rabbit+Foundation.swift"; sourceTree = "<group>"; };
		6920B8B21D894FEF00D00519 /* String+FoundationExtension.swift */ = {isa = PBXFileReference; fileEncoding = 4; lastKnownFileType = sourcecode.swift; path = "String+FoundationExtension.swift"; sourceTree = "<group>"; };
		6920B8B31D894FEF00D00519 /* Utils+Foundation.swift */ = {isa = PBXFileReference; fileEncoding = 4; lastKnownFileType = sourcecode.swift; path = "Utils+Foundation.swift"; sourceTree = "<group>"; };
		6920B8B41D894FEF00D00519 /* Generics.swift */ = {isa = PBXFileReference; fileEncoding = 4; lastKnownFileType = sourcecode.swift; path = Generics.swift; sourceTree = "<group>"; };
		6920B8B51D894FEF00D00519 /* HMAC.swift */ = {isa = PBXFileReference; fileEncoding = 4; lastKnownFileType = sourcecode.swift; path = HMAC.swift; sourceTree = "<group>"; };
		6920B8B61D894FEF00D00519 /* Info.plist */ = {isa = PBXFileReference; fileEncoding = 4; lastKnownFileType = text.plist.xml; path = Info.plist; sourceTree = "<group>"; };
		6920B8B71D894FEF00D00519 /* Int+Extension.swift */ = {isa = PBXFileReference; fileEncoding = 4; lastKnownFileType = sourcecode.swift; path = "Int+Extension.swift"; sourceTree = "<group>"; };
		6920B8B81D894FEF00D00519 /* IntegerConvertible.swift */ = {isa = PBXFileReference; fileEncoding = 4; lastKnownFileType = sourcecode.swift; path = IntegerConvertible.swift; sourceTree = "<group>"; };
		6920B8B91D894FEF00D00519 /* MD5.swift */ = {isa = PBXFileReference; fileEncoding = 4; lastKnownFileType = sourcecode.swift; path = MD5.swift; sourceTree = "<group>"; };
		6920B8BA1D894FEF00D00519 /* Multiplatform.swift */ = {isa = PBXFileReference; fileEncoding = 4; lastKnownFileType = sourcecode.swift; path = Multiplatform.swift; sourceTree = "<group>"; };
		6920B8BB1D894FEF00D00519 /* NoPadding.swift */ = {isa = PBXFileReference; fileEncoding = 4; lastKnownFileType = sourcecode.swift; path = NoPadding.swift; sourceTree = "<group>"; };
		6920B8BC1D894FEF00D00519 /* Operators.swift */ = {isa = PBXFileReference; fileEncoding = 4; lastKnownFileType = sourcecode.swift; path = Operators.swift; sourceTree = "<group>"; };
		6920B8BD1D894FEF00D00519 /* Padding.swift */ = {isa = PBXFileReference; fileEncoding = 4; lastKnownFileType = sourcecode.swift; path = Padding.swift; sourceTree = "<group>"; };
		6920B8BF1D894FEF00D00519 /* PBKDF1.swift */ = {isa = PBXFileReference; fileEncoding = 4; lastKnownFileType = sourcecode.swift; path = PBKDF1.swift; sourceTree = "<group>"; };
		6920B8C01D894FEF00D00519 /* PBKDF2.swift */ = {isa = PBXFileReference; fileEncoding = 4; lastKnownFileType = sourcecode.swift; path = PBKDF2.swift; sourceTree = "<group>"; };
		6920B8C11D894FEF00D00519 /* PKCS5.swift */ = {isa = PBXFileReference; fileEncoding = 4; lastKnownFileType = sourcecode.swift; path = PKCS5.swift; sourceTree = "<group>"; };
		6920B8C21D894FEF00D00519 /* PKCS7.swift */ = {isa = PBXFileReference; fileEncoding = 4; lastKnownFileType = sourcecode.swift; path = PKCS7.swift; sourceTree = "<group>"; };
		6920B8C31D894FEF00D00519 /* Poly1305.swift */ = {isa = PBXFileReference; fileEncoding = 4; lastKnownFileType = sourcecode.swift; path = Poly1305.swift; sourceTree = "<group>"; };
		6920B8C41D894FEF00D00519 /* Rabbit.swift */ = {isa = PBXFileReference; fileEncoding = 4; lastKnownFileType = sourcecode.swift; path = Rabbit.swift; sourceTree = "<group>"; };
		6920B8C51D894FEF00D00519 /* RandomAccessCryptor.swift */ = {isa = PBXFileReference; fileEncoding = 4; lastKnownFileType = sourcecode.swift; path = RandomAccessCryptor.swift; sourceTree = "<group>"; };
		6920B8C61D894FEF00D00519 /* SecureBytes.swift */ = {isa = PBXFileReference; fileEncoding = 4; lastKnownFileType = sourcecode.swift; path = SecureBytes.swift; sourceTree = "<group>"; };
		6920B8C71D894FEF00D00519 /* SHA1.swift */ = {isa = PBXFileReference; fileEncoding = 4; lastKnownFileType = sourcecode.swift; path = SHA1.swift; sourceTree = "<group>"; };
		6920B8C81D894FEF00D00519 /* SHA2.swift */ = {isa = PBXFileReference; fileEncoding = 4; lastKnownFileType = sourcecode.swift; path = SHA2.swift; sourceTree = "<group>"; };
		6920B8C91D894FEF00D00519 /* String+Extension.swift */ = {isa = PBXFileReference; fileEncoding = 4; lastKnownFileType = sourcecode.swift; path = "String+Extension.swift"; sourceTree = "<group>"; };
		6920B8CA1D894FEF00D00519 /* UInt8+Extension.swift */ = {isa = PBXFileReference; fileEncoding = 4; lastKnownFileType = sourcecode.swift; path = "UInt8+Extension.swift"; sourceTree = "<group>"; };
		6920B8CB1D894FEF00D00519 /* UInt16+Extension.swift */ = {isa = PBXFileReference; fileEncoding = 4; lastKnownFileType = sourcecode.swift; path = "UInt16+Extension.swift"; sourceTree = "<group>"; };
		6920B8CC1D894FEF00D00519 /* UInt32+Extension.swift */ = {isa = PBXFileReference; fileEncoding = 4; lastKnownFileType = sourcecode.swift; path = "UInt32+Extension.swift"; sourceTree = "<group>"; };
		6920B8CD1D894FEF00D00519 /* UInt64+Extension.swift */ = {isa = PBXFileReference; fileEncoding = 4; lastKnownFileType = sourcecode.swift; path = "UInt64+Extension.swift"; sourceTree = "<group>"; };
		6920B8CE1D894FEF00D00519 /* Updatable.swift */ = {isa = PBXFileReference; fileEncoding = 4; lastKnownFileType = sourcecode.swift; path = Updatable.swift; sourceTree = "<group>"; };
		6920B8CF1D894FEF00D00519 /* Utils.swift */ = {isa = PBXFileReference; fileEncoding = 4; lastKnownFileType = sourcecode.swift; path = Utils.swift; sourceTree = "<group>"; };
		6920B8D01D894FEF00D00519 /* ZeroPadding.swift */ = {isa = PBXFileReference; fileEncoding = 4; lastKnownFileType = sourcecode.swift; path = ZeroPadding.swift; sourceTree = "<group>"; };
		693207EF1D1665C000278FA3 /* AlertView.swift */ = {isa = PBXFileReference; fileEncoding = 4; lastKnownFileType = sourcecode.swift; path = AlertView.swift; sourceTree = "<group>"; };
		693207F11D1665CC00278FA3 /* Decimal+UIColor.swift */ = {isa = PBXFileReference; fileEncoding = 4; lastKnownFileType = sourcecode.swift; path = "Decimal+UIColor.swift"; sourceTree = "<group>"; };
		6946EA611C69E16800AFD8E9 /* UIOffset+Vector2DConvertible.swift */ = {isa = PBXFileReference; fileEncoding = 4; lastKnownFileType = sourcecode.swift; path = "UIOffset+Vector2DConvertible.swift"; sourceTree = "<group>"; };
		6946EA631C69E28400AFD8E9 /* CGRect+UIEdgeInsets.swift */ = {isa = PBXFileReference; fileEncoding = 4; lastKnownFileType = sourcecode.swift; path = "CGRect+UIEdgeInsets.swift"; sourceTree = "<group>"; };
		6946EA661C69E48F00AFD8E9 /* UIColor+Hex.swift */ = {isa = PBXFileReference; fileEncoding = 4; lastKnownFileType = sourcecode.swift; path = "UIColor+Hex.swift"; sourceTree = "<group>"; };
		6946EA691C69EE9600AFD8E9 /* UIImage+Generation.swift */ = {isa = PBXFileReference; fileEncoding = 4; lastKnownFileType = sourcecode.swift; path = "UIImage+Generation.swift"; sourceTree = "<group>"; };
		6946EA6B1C69F0F000AFD8E9 /* UIColor+Utils.swift */ = {isa = PBXFileReference; fileEncoding = 4; lastKnownFileType = sourcecode.swift; path = "UIColor+Utils.swift"; sourceTree = "<group>"; };
		6946EA6D1C69FAA600AFD8E9 /* UIImage+Manipulation.swift */ = {isa = PBXFileReference; fileEncoding = 4; lastKnownFileType = sourcecode.swift; path = "UIImage+Manipulation.swift"; sourceTree = "<group>"; };
		6946EA6F1C6A521600AFD8E9 /* CGFloat+Converter.swift */ = {isa = PBXFileReference; fileEncoding = 4; lastKnownFileType = sourcecode.swift; path = "CGFloat+Converter.swift"; sourceTree = "<group>"; };
		69492EA61C76F22900354D93 /* UIBezierPath+Operator.swift */ = {isa = PBXFileReference; fileEncoding = 4; lastKnownFileType = sourcecode.swift; path = "UIBezierPath+Operator.swift"; sourceTree = "<group>"; };
		69531A0B1D89519100184973 /* AFError.swift */ = {isa = PBXFileReference; fileEncoding = 4; lastKnownFileType = sourcecode.swift; path = AFError.swift; sourceTree = "<group>"; };
		69531A0C1D89519100184973 /* Alamofire.swift */ = {isa = PBXFileReference; fileEncoding = 4; lastKnownFileType = sourcecode.swift; path = Alamofire.swift; sourceTree = "<group>"; };
		69531A0D1D89519100184973 /* DispatchQueue+Alamofire.swift */ = {isa = PBXFileReference; fileEncoding = 4; lastKnownFileType = sourcecode.swift; path = "DispatchQueue+Alamofire.swift"; sourceTree = "<group>"; };
		69531A0E1D89519100184973 /* MultipartFormData.swift */ = {isa = PBXFileReference; fileEncoding = 4; lastKnownFileType = sourcecode.swift; path = MultipartFormData.swift; sourceTree = "<group>"; };
		69531A0F1D89519100184973 /* NetworkReachabilityManager.swift */ = {isa = PBXFileReference; fileEncoding = 4; lastKnownFileType = sourcecode.swift; path = NetworkReachabilityManager.swift; sourceTree = "<group>"; };
		69531A101D89519100184973 /* Notifications.swift */ = {isa = PBXFileReference; fileEncoding = 4; lastKnownFileType = sourcecode.swift; path = Notifications.swift; sourceTree = "<group>"; };
		69531A111D89519100184973 /* ParameterEncoding.swift */ = {isa = PBXFileReference; fileEncoding = 4; lastKnownFileType = sourcecode.swift; path = ParameterEncoding.swift; sourceTree = "<group>"; };
		69531A121D89519100184973 /* Request.swift */ = {isa = PBXFileReference; fileEncoding = 4; lastKnownFileType = sourcecode.swift; path = Request.swift; sourceTree = "<group>"; };
		69531A131D89519100184973 /* Response.swift */ = {isa = PBXFileReference; fileEncoding = 4; lastKnownFileType = sourcecode.swift; path = Response.swift; sourceTree = "<group>"; };
		69531A141D89519100184973 /* ResponseSerialization.swift */ = {isa = PBXFileReference; fileEncoding = 4; lastKnownFileType = sourcecode.swift; path = ResponseSerialization.swift; sourceTree = "<group>"; };
		69531A151D89519100184973 /* Result.swift */ = {isa = PBXFileReference; fileEncoding = 4; lastKnownFileType = sourcecode.swift; path = Result.swift; sourceTree = "<group>"; };
		69531A161D89519100184973 /* ServerTrustPolicy.swift */ = {isa = PBXFileReference; fileEncoding = 4; lastKnownFileType = sourcecode.swift; path = ServerTrustPolicy.swift; sourceTree = "<group>"; };
		69531A171D89519100184973 /* SessionDelegate.swift */ = {isa = PBXFileReference; fileEncoding = 4; lastKnownFileType = sourcecode.swift; path = SessionDelegate.swift; sourceTree = "<group>"; };
		69531A181D89519100184973 /* SessionManager.swift */ = {isa = PBXFileReference; fileEncoding = 4; lastKnownFileType = sourcecode.swift; path = SessionManager.swift; sourceTree = "<group>"; };
		69531A191D89519100184973 /* TaskDelegate.swift */ = {isa = PBXFileReference; fileEncoding = 4; lastKnownFileType = sourcecode.swift; path = TaskDelegate.swift; sourceTree = "<group>"; };
		69531A1A1D89519100184973 /* Timeline.swift */ = {isa = PBXFileReference; fileEncoding = 4; lastKnownFileType = sourcecode.swift; path = Timeline.swift; sourceTree = "<group>"; };
		69531A1B1D89519100184973 /* Validation.swift */ = {isa = PBXFileReference; fileEncoding = 4; lastKnownFileType = sourcecode.swift; path = Validation.swift; sourceTree = "<group>"; };
		69531A2D1D8961A800184973 /* AlamofireObjectMapper.swift */ = {isa = PBXFileReference; fileEncoding = 4; lastKnownFileType = sourcecode.swift; path = AlamofireObjectMapper.swift; sourceTree = "<group>"; };
		696431301D15095100B7F759 /* NSUserDefaults+ConvenientMethods.swift */ = {isa = PBXFileReference; fileEncoding = 4; lastKnownFileType = sourcecode.swift; path = "NSUserDefaults+ConvenientMethods.swift"; sourceTree = "<group>"; };
		696431321D150CBC00B7F759 /* SystemInfoUtils.swift */ = {isa = PBXFileReference; fileEncoding = 4; lastKnownFileType = sourcecode.swift; path = SystemInfoUtils.swift; sourceTree = "<group>"; };
		696431351D1510A200B7F759 /* MinDurationTimer.swift */ = {isa = PBXFileReference; fileEncoding = 4; lastKnownFileType = sourcecode.swift; path = MinDurationTimer.swift; sourceTree = "<group>"; };
		69688B021D19181B005A5D63 /* ColorSet.swift */ = {isa = PBXFileReference; fileEncoding = 4; lastKnownFileType = sourcecode.swift; path = ColorSet.swift; sourceTree = "<group>"; };
		697629A71D17943D00DD86EB /* UIAlertController+ConvientInitializers.swift */ = {isa = PBXFileReference; fileEncoding = 4; lastKnownFileType = sourcecode.swift; path = "UIAlertController+ConvientInitializers.swift"; sourceTree = "<group>"; };
		6982D5351D002A8C00FFA056 /* UIViewController+NamingConvenience.swift */ = {isa = PBXFileReference; fileEncoding = 4; lastKnownFileType = sourcecode.swift; path = "UIViewController+NamingConvenience.swift"; sourceTree = "<group>"; };
		6988BA461D89483400255567 /* FromJSON.swift */ = {isa = PBXFileReference; fileEncoding = 4; lastKnownFileType = sourcecode.swift; path = FromJSON.swift; sourceTree = "<group>"; };
		6988BA471D89483400255567 /* Map.swift */ = {isa = PBXFileReference; fileEncoding = 4; lastKnownFileType = sourcecode.swift; path = Map.swift; sourceTree = "<group>"; };
		6988BA481D89483400255567 /* Mappable.swift */ = {isa = PBXFileReference; fileEncoding = 4; lastKnownFileType = sourcecode.swift; path = Mappable.swift; sourceTree = "<group>"; };
		6988BA491D89483400255567 /* Mapper.swift */ = {isa = PBXFileReference; fileEncoding = 4; lastKnownFileType = sourcecode.swift; path = Mapper.swift; sourceTree = "<group>"; };
		6988BA4A1D89483400255567 /* JSONOperators.swift */ = {isa = PBXFileReference; fileEncoding = 4; lastKnownFileType = sourcecode.swift; path = JSONOperators.swift; sourceTree = "<group>"; };
		6988BA4B1D89483400255567 /* ToJSON.swift */ = {isa = PBXFileReference; fileEncoding = 4; lastKnownFileType = sourcecode.swift; path = ToJSON.swift; sourceTree = "<group>"; };
		6988BA4D1D89483400255567 /* CustomDateFormatTransform.swift */ = {isa = PBXFileReference; fileEncoding = 4; lastKnownFileType = sourcecode.swift; path = CustomDateFormatTransform.swift; sourceTree = "<group>"; };
		6988BA4E1D89483400255567 /* DataTransform.swift */ = {isa = PBXFileReference; fileEncoding = 4; lastKnownFileType = sourcecode.swift; path = DataTransform.swift; sourceTree = "<group>"; };
		6988BA4F1D89483400255567 /* DateFormatterTransform.swift */ = {isa = PBXFileReference; fileEncoding = 4; lastKnownFileType = sourcecode.swift; path = DateFormatterTransform.swift; sourceTree = "<group>"; };
		6988BA501D89483400255567 /* DateTransform.swift */ = {isa = PBXFileReference; fileEncoding = 4; lastKnownFileType = sourcecode.swift; path = DateTransform.swift; sourceTree = "<group>"; };
		6988BA511D89483400255567 /* DictionaryTransform.swift */ = {isa = PBXFileReference; fileEncoding = 4; lastKnownFileType = sourcecode.swift; path = DictionaryTransform.swift; sourceTree = "<group>"; };
		6988BA521D89483400255567 /* EnumTransform.swift */ = {isa = PBXFileReference; fileEncoding = 4; lastKnownFileType = sourcecode.swift; path = EnumTransform.swift; sourceTree = "<group>"; };
		6988BA531D89483400255567 /* ISO8601DateTransform.swift */ = {isa = PBXFileReference; fileEncoding = 4; lastKnownFileType = sourcecode.swift; path = ISO8601DateTransform.swift; sourceTree = "<group>"; };
		6988BA541D89483400255567 /* NSDecimalNumberTransform.swift */ = {isa = PBXFileReference; fileEncoding = 4; lastKnownFileType = sourcecode.swift; path = NSDecimalNumberTransform.swift; sourceTree = "<group>"; };
		6988BA551D89483400255567 /* TransformOf.swift */ = {isa = PBXFileReference; fileEncoding = 4; lastKnownFileType = sourcecode.swift; path = TransformOf.swift; sourceTree = "<group>"; };
		6988BA561D89483400255567 /* TransformType.swift */ = {isa = PBXFileReference; fileEncoding = 4; lastKnownFileType = sourcecode.swift; path = TransformType.swift; sourceTree = "<group>"; };
		6988BA571D89483400255567 /* URLTransform.swift */ = {isa = PBXFileReference; fileEncoding = 4; lastKnownFileType = sourcecode.swift; path = URLTransform.swift; sourceTree = "<group>"; };
		698ABC751C7815CB00C536A8 /* UIBezierPathOperator.swift */ = {isa = PBXFileReference; fileEncoding = 4; lastKnownFileType = sourcecode.swift; path = UIBezierPathOperator.swift; sourceTree = "<group>"; };
		69928DB61C6B813E003B2980 /* NSMutableArray+Operator.swift */ = {isa = PBXFileReference; fileEncoding = 4; lastKnownFileType = sourcecode.swift; path = "NSMutableArray+Operator.swift"; sourceTree = "<group>"; };
		69928DB81C6B8259003B2980 /* NSArray+Operator.swift */ = {isa = PBXFileReference; fileEncoding = 4; lastKnownFileType = sourcecode.swift; path = "NSArray+Operator.swift"; sourceTree = "<group>"; };
		69928DBF1C6B842A003B2980 /* Set+Operator.swift */ = {isa = PBXFileReference; fileEncoding = 4; lastKnownFileType = sourcecode.swift; path = "Set+Operator.swift"; sourceTree = "<group>"; };
		69928DC11C6B842F003B2980 /* Array+Operator.swift */ = {isa = PBXFileReference; fileEncoding = 4; lastKnownFileType = sourcecode.swift; path = "Array+Operator.swift"; sourceTree = "<group>"; };
		69928DC41C6B8478003B2980 /* NumericTypes+Converter.swift */ = {isa = PBXFileReference; fileEncoding = 4; lastKnownFileType = sourcecode.swift; path = "NumericTypes+Converter.swift"; sourceTree = "<group>"; };
		69928DC61C6B85B8003B2980 /* NumericTypes+ControlFlow.swift */ = {isa = PBXFileReference; fileEncoding = 4; lastKnownFileType = sourcecode.swift; path = "NumericTypes+ControlFlow.swift"; sourceTree = "<group>"; };
		69928DC81C6B9137003B2980 /* NumericTypes+Constant.swift */ = {isa = PBXFileReference; fileEncoding = 4; lastKnownFileType = sourcecode.swift; path = "NumericTypes+Constant.swift"; sourceTree = "<group>"; };
		69928DCA1C6B9C62003B2980 /* CGRect+Operator.swift */ = {isa = PBXFileReference; fileEncoding = 4; lastKnownFileType = sourcecode.swift; path = "CGRect+Operator.swift"; sourceTree = "<group>"; };
		69CDF79B1C70FA990042CC2B /* NSLocalizedString+Shortcut.swift */ = {isa = PBXFileReference; fileEncoding = 4; lastKnownFileType = sourcecode.swift; path = "NSLocalizedString+Shortcut.swift"; sourceTree = "<group>"; };
		69F2AFCB1D00214D00A06AA7 /* DispatchUtils.swift */ = {isa = PBXFileReference; fileEncoding = 4; lastKnownFileType = sourcecode.swift; path = DispatchUtils.swift; sourceTree = "<group>"; };
		69F2AFCE1D00245000A06AA7 /* UIStoryboard+NameConvenience.swift */ = {isa = PBXFileReference; fileEncoding = 4; lastKnownFileType = sourcecode.swift; path = "UIStoryboard+NameConvenience.swift"; sourceTree = "<group>"; };
		69F5E91A1C664CD000D1D689 /* Deliria.framework */ = {isa = PBXFileReference; explicitFileType = wrapper.framework; includeInIndex = 0; path = Deliria.framework; sourceTree = BUILT_PRODUCTS_DIR; };
		69F5E91D1C664CD000D1D689 /* Deliria.h */ = {isa = PBXFileReference; lastKnownFileType = sourcecode.c.h; path = Deliria.h; sourceTree = "<group>"; };
		69F5E91F1C664CD000D1D689 /* Info.plist */ = {isa = PBXFileReference; lastKnownFileType = text.plist.xml; path = Info.plist; sourceTree = "<group>"; };
		69F5E9241C664CD000D1D689 /* DeliriaTests.xctest */ = {isa = PBXFileReference; explicitFileType = wrapper.cfbundle; includeInIndex = 0; path = DeliriaTests.xctest; sourceTree = BUILT_PRODUCTS_DIR; };
		69F5E9291C664CD000D1D689 /* Vector2DConvertibleTests.swift */ = {isa = PBXFileReference; lastKnownFileType = sourcecode.swift; path = Vector2DConvertibleTests.swift; sourceTree = "<group>"; };
		69F5E92B1C664CD000D1D689 /* Info.plist */ = {isa = PBXFileReference; lastKnownFileType = text.plist.xml; path = Info.plist; sourceTree = "<group>"; };
		69F5E93C1C665C9700D1D689 /* Vector2DConvertible.swift */ = {isa = PBXFileReference; fileEncoding = 4; lastKnownFileType = sourcecode.swift; path = Vector2DConvertible.swift; sourceTree = "<group>"; };
		69F5E93F1C66657E00D1D689 /* CGRect+PositionHelper.swift */ = {isa = PBXFileReference; fileEncoding = 4; lastKnownFileType = sourcecode.swift; path = "CGRect+PositionHelper.swift"; sourceTree = "<group>"; };
		69F5E9411C6667BC00D1D689 /* CGPoint+Vector2DConvertible.swift */ = {isa = PBXFileReference; fileEncoding = 4; lastKnownFileType = sourcecode.swift; path = "CGPoint+Vector2DConvertible.swift"; sourceTree = "<group>"; };
		69F5E9431C66681400D1D689 /* CGSize+Vector2DConvertible.swift */ = {isa = PBXFileReference; fileEncoding = 4; lastKnownFileType = sourcecode.swift; path = "CGSize+Vector2DConvertible.swift"; sourceTree = "<group>"; };
		69F5E9451C66686D00D1D689 /* CGVector+Vector2DConvertible.swift */ = {isa = PBXFileReference; fileEncoding = 4; lastKnownFileType = sourcecode.swift; path = "CGVector+Vector2DConvertible.swift"; sourceTree = "<group>"; };
		69F83A9F1CA972CE0015164A /* UIView+Style.swift */ = {isa = PBXFileReference; fileEncoding = 4; lastKnownFileType = sourcecode.swift; path = "UIView+Style.swift"; sourceTree = "<group>"; };
		69F83AA21CA974F60015164A /* ThemeManager.swift */ = {isa = PBXFileReference; fileEncoding = 4; lastKnownFileType = sourcecode.swift; path = ThemeManager.swift; sourceTree = "<group>"; };
		69F83AA41CA975960015164A /* ThemeRegistry.swift */ = {isa = PBXFileReference; fileEncoding = 4; lastKnownFileType = sourcecode.swift; path = ThemeRegistry.swift; sourceTree = "<group>"; };
		6D6DE36269D5D3537EA44A7A /* UIApplication+Router.swift */ = {isa = PBXFileReference; fileEncoding = 4; lastKnownFileType = sourcecode.swift; path = "UIApplication+Router.swift"; sourceTree = "<group>"; };
		6D6DE50E12215B58AFFD8CE3 /* Router.swift */ = {isa = PBXFileReference; fileEncoding = 4; lastKnownFileType = sourcecode.swift; path = Router.swift; sourceTree = "<group>"; };
		6D6DEF9F799130BE8138DD32 /* AbstractRouter.swift */ = {isa = PBXFileReference; fileEncoding = 4; lastKnownFileType = sourcecode.swift; path = AbstractRouter.swift; sourceTree = "<group>"; };
/* End PBXFileReference section */

/* Begin PBXFrameworksBuildPhase section */
		69F5E9161C664CD000D1D689 /* Frameworks */ = {
			isa = PBXFrameworksBuildPhase;
			buildActionMask = 2147483647;
			files = (
			);
			runOnlyForDeploymentPostprocessing = 0;
		};
		69F5E9211C664CD000D1D689 /* Frameworks */ = {
			isa = PBXFrameworksBuildPhase;
			buildActionMask = 2147483647;
			files = (
				69F5E9251C664CD000D1D689 /* Deliria.framework in Frameworks */,
			);
			runOnlyForDeploymentPostprocessing = 0;
		};
/* End PBXFrameworksBuildPhase section */

/* Begin PBXGroup section */
		6920B8971D894FEF00D00519 /* BlockMode */ = {
			isa = PBXGroup;
			children = (
				6920B8981D894FEF00D00519 /* BlockMode.swift */,
				6920B8991D894FEF00D00519 /* BlockModeOptions.swift */,
				6920B89A1D894FEF00D00519 /* BlockModeWorker.swift */,
				6920B89B1D894FEF00D00519 /* CBC.swift */,
				6920B89C1D894FEF00D00519 /* CFB.swift */,
				6920B89D1D894FEF00D00519 /* CTR.swift */,
				6920B89E1D894FEF00D00519 /* ECB.swift */,
				6920B89F1D894FEF00D00519 /* OFB.swift */,
				6920B8A01D894FEF00D00519 /* PCBC.swift */,
				6920B8A11D894FEF00D00519 /* RandomAccessBlockModeWorker.swift */,
			);
			path = BlockMode;
			sourceTree = "<group>";
		};
		6920B8AB1D894FEF00D00519 /* Foundation */ = {
			isa = PBXGroup;
			children = (
				6920B8AC1D894FEF00D00519 /* AES+Foundation.swift */,
				6920B8AD1D894FEF00D00519 /* ChaCha20+Foundation.swift */,
				6920B8AE1D894FEF00D00519 /* CSArrayType+Foundation.swift */,
				6920B8AF1D894FEF00D00519 /* Data+Extension.swift */,
				6920B8B01D894FEF00D00519 /* HMAC+Foundation.swift */,
				6920B8B11D894FEF00D00519 /* Rabbit+Foundation.swift */,
				6920B8B21D894FEF00D00519 /* String+FoundationExtension.swift */,
				6920B8B31D894FEF00D00519 /* Utils+Foundation.swift */,
			);
			path = Foundation;
			sourceTree = "<group>";
		};
		6920B8BE1D894FEF00D00519 /* PKCS5 */ = {
			isa = PBXGroup;
			children = (
				6920B8BF1D894FEF00D00519 /* PBKDF1.swift */,
				6920B8C01D894FEF00D00519 /* PBKDF2.swift */,
				6920B8C11D894FEF00D00519 /* PKCS5.swift */,
			);
			path = PKCS5;
			sourceTree = "<group>";
		};
		693207EE1D1665C000278FA3 /* UI */ = {
			isa = PBXGroup;
			children = (
				693207EF1D1665C000278FA3 /* AlertView.swift */,
				69688B021D19181B005A5D63 /* ColorSet.swift */,
			);
			path = UI;
			sourceTree = "<group>";
		};
		693901BB1D15505B00D87032 /* Crypto */ = {
			isa = PBXGroup;
			children = (
				6920B8921D894FEF00D00519 /* AES.swift */,
				6920B8931D894FEF00D00519 /* Array+Extension.swift */,
				6920B8941D894FEF00D00519 /* Authenticator.swift */,
				6920B8951D894FEF00D00519 /* Bit.swift */,
				6920B8961D894FEF00D00519 /* BlockCipher.swift */,
				6920B8971D894FEF00D00519 /* BlockMode */,
				6920B8A21D894FEF00D00519 /* BytesSequence.swift */,
				6920B8A31D894FEF00D00519 /* ChaCha20.swift */,
				6920B8A41D894FEF00D00519 /* Checksum.swift */,
				6920B8A51D894FEF00D00519 /* Cipher.swift */,
				6920B8A61D894FEF00D00519 /* Collection+Extension.swift */,
				6920B8A71D894FEF00D00519 /* Cryptors.swift */,
				6920B8A81D894FEF00D00519 /* CSArrayType+Extensions.swift */,
				6920B8A91D894FEF00D00519 /* Digest.swift */,
				6920B8AA1D894FEF00D00519 /* DigestType.swift */,
				6920B8AB1D894FEF00D00519 /* Foundation */,
				6920B8B41D894FEF00D00519 /* Generics.swift */,
				6920B8B51D894FEF00D00519 /* HMAC.swift */,
				6920B8B61D894FEF00D00519 /* Info.plist */,
				6920B8B71D894FEF00D00519 /* Int+Extension.swift */,
				6920B8B81D894FEF00D00519 /* IntegerConvertible.swift */,
				6920B8B91D894FEF00D00519 /* MD5.swift */,
				6920B8BA1D894FEF00D00519 /* Multiplatform.swift */,
				6920B8BB1D894FEF00D00519 /* NoPadding.swift */,
				6920B8BC1D894FEF00D00519 /* Operators.swift */,
				6920B8BD1D894FEF00D00519 /* Padding.swift */,
				6920B8BE1D894FEF00D00519 /* PKCS5 */,
				6920B8C21D894FEF00D00519 /* PKCS7.swift */,
				6920B8C31D894FEF00D00519 /* Poly1305.swift */,
				6920B8C41D894FEF00D00519 /* Rabbit.swift */,
				6920B8C51D894FEF00D00519 /* RandomAccessCryptor.swift */,
				6920B8C61D894FEF00D00519 /* SecureBytes.swift */,
				6920B8C71D894FEF00D00519 /* SHA1.swift */,
				6920B8C81D894FEF00D00519 /* SHA2.swift */,
				6920B8C91D894FEF00D00519 /* String+Extension.swift */,
				6920B8CA1D894FEF00D00519 /* UInt8+Extension.swift */,
				6920B8CB1D894FEF00D00519 /* UInt16+Extension.swift */,
				6920B8CC1D894FEF00D00519 /* UInt32+Extension.swift */,
				6920B8CD1D894FEF00D00519 /* UInt64+Extension.swift */,
				6920B8CE1D894FEF00D00519 /* Updatable.swift */,
				6920B8CF1D894FEF00D00519 /* Utils.swift */,
				6920B8D01D894FEF00D00519 /* ZeroPadding.swift */,
			);
			path = Crypto;
			sourceTree = "<group>";
		};
		6946EA5F1C69E04000AFD8E9 /* UIKit */ = {
			isa = PBXGroup;
			children = (
				697629A61D17941800DD86EB /* UIAlertController */,
				6982D5341D002A6300FFA056 /* UIViewController */,
				69F2AFCD1D00236800A06AA7 /* UIStoryboard */,
				69F83A9E1CA972B00015164A /* UIView */,
				69492EA51C76F20B00354D93 /* UIBezierPath */,
				6946EA681C69EE8100AFD8E9 /* UIImage */,
				6946EA651C69E47F00AFD8E9 /* UIColor */,
				6946EA601C69E04000AFD8E9 /* UIGeometry */,
				6D6DE136E980B5914A2DCFF7 /* UIApplication */,
			);
			path = UIKit;
			sourceTree = "<group>";
		};
		6946EA601C69E04000AFD8E9 /* UIGeometry */ = {
			isa = PBXGroup;
			children = (
				6946EA611C69E16800AFD8E9 /* UIOffset+Vector2DConvertible.swift */,
				6946EA631C69E28400AFD8E9 /* CGRect+UIEdgeInsets.swift */,
			);
			path = UIGeometry;
			sourceTree = "<group>";
		};
		6946EA651C69E47F00AFD8E9 /* UIColor */ = {
			isa = PBXGroup;
			children = (
				693207F11D1665CC00278FA3 /* Decimal+UIColor.swift */,
				6946EA661C69E48F00AFD8E9 /* UIColor+Hex.swift */,
				6946EA6B1C69F0F000AFD8E9 /* UIColor+Utils.swift */,
			);
			path = UIColor;
			sourceTree = "<group>";
		};
		6946EA681C69EE8100AFD8E9 /* UIImage */ = {
			isa = PBXGroup;
			children = (
				6946EA691C69EE9600AFD8E9 /* UIImage+Generation.swift */,
				6946EA6D1C69FAA600AFD8E9 /* UIImage+Manipulation.swift */,
			);
			path = UIImage;
			sourceTree = "<group>";
		};
		6946EA711C6A538F00AFD8E9 /* Swift */ = {
			isa = PBXGroup;
			children = (
				69928DC31C6B8478003B2980 /* NumericTypes */,
				69928DBD1C6B8415003B2980 /* Set */,
				69928DBE1C6B8415003B2980 /* Array */,
			);
			path = Swift;
			sourceTree = "<group>";
		};
		69492EA51C76F20B00354D93 /* UIBezierPath */ = {
			isa = PBXGroup;
			children = (
				69492EA61C76F22900354D93 /* UIBezierPath+Operator.swift */,
			);
			path = UIBezierPath;
			sourceTree = "<group>";
		};
		6964312F1D15091600B7F759 /* NSUserDefaults */ = {
			isa = PBXGroup;
			children = (
				696431301D15095100B7F759 /* NSUserDefaults+ConvenientMethods.swift */,
			);
			path = NSUserDefaults;
			sourceTree = "<group>";
		};
		697002C01D12707C003A53C0 /* HTTP */ = {
			isa = PBXGroup;
			children = (
				69531A2D1D8961A800184973 /* AlamofireObjectMapper.swift */,
				69531A0B1D89519100184973 /* AFError.swift */,
				69531A0C1D89519100184973 /* Alamofire.swift */,
				69531A0D1D89519100184973 /* DispatchQueue+Alamofire.swift */,
				69531A0E1D89519100184973 /* MultipartFormData.swift */,
				69531A0F1D89519100184973 /* NetworkReachabilityManager.swift */,
				69531A101D89519100184973 /* Notifications.swift */,
				69531A111D89519100184973 /* ParameterEncoding.swift */,
				69531A121D89519100184973 /* Request.swift */,
				69531A131D89519100184973 /* Response.swift */,
				69531A141D89519100184973 /* ResponseSerialization.swift */,
				69531A151D89519100184973 /* Result.swift */,
				69531A161D89519100184973 /* ServerTrustPolicy.swift */,
				69531A171D89519100184973 /* SessionDelegate.swift */,
				69531A181D89519100184973 /* SessionManager.swift */,
				69531A191D89519100184973 /* TaskDelegate.swift */,
				69531A1A1D89519100184973 /* Timeline.swift */,
				69531A1B1D89519100184973 /* Validation.swift */,
			);
			path = HTTP;
			sourceTree = "<group>";
		};
		697002C11D127157003A53C0 /* JSON */ = {
			isa = PBXGroup;
			children = (
				6988BA451D89483400255567 /* Core */,
				6988BA4C1D89483400255567 /* Transforms */,
			);
			path = JSON;
			sourceTree = "<group>";
		};
		697629A61D17941800DD86EB /* UIAlertController */ = {
			isa = PBXGroup;
			children = (
				697629A71D17943D00DD86EB /* UIAlertController+ConvientInitializers.swift */,
			);
			path = UIAlertController;
			sourceTree = "<group>";
		};
		6982D5341D002A6300FFA056 /* UIViewController */ = {
			isa = PBXGroup;
			children = (
				6982D5351D002A8C00FFA056 /* UIViewController+NamingConvenience.swift */,
			);
			path = UIViewController;
			sourceTree = "<group>";
		};
		6988BA451D89483400255567 /* Core */ = {
			isa = PBXGroup;
			children = (
				6988BA461D89483400255567 /* FromJSON.swift */,
				6988BA471D89483400255567 /* Map.swift */,
				6988BA481D89483400255567 /* Mappable.swift */,
				6988BA491D89483400255567 /* Mapper.swift */,
				6988BA4A1D89483400255567 /* JSONOperators.swift */,
				6988BA4B1D89483400255567 /* ToJSON.swift */,
			);
			path = Core;
			sourceTree = "<group>";
		};
		6988BA4C1D89483400255567 /* Transforms */ = {
			isa = PBXGroup;
			children = (
				6988BA4D1D89483400255567 /* CustomDateFormatTransform.swift */,
				6988BA4E1D89483400255567 /* DataTransform.swift */,
				6988BA4F1D89483400255567 /* DateFormatterTransform.swift */,
				6988BA501D89483400255567 /* DateTransform.swift */,
				6988BA511D89483400255567 /* DictionaryTransform.swift */,
				6988BA521D89483400255567 /* EnumTransform.swift */,
				6988BA531D89483400255567 /* ISO8601DateTransform.swift */,
				6988BA541D89483400255567 /* NSDecimalNumberTransform.swift */,
				6988BA551D89483400255567 /* TransformOf.swift */,
				6988BA561D89483400255567 /* TransformType.swift */,
				6988BA571D89483400255567 /* URLTransform.swift */,
			);
			path = Transforms;
			sourceTree = "<group>";
		};
		69928D561C6B7D5B003B2980 /* Foundation */ = {
			isa = PBXGroup;
			children = (
				6964312F1D15091600B7F759 /* NSUserDefaults */,
				69928DB51C6B8120003B2980 /* NSMutableArray */,
				69928DB01C6B7D98003B2980 /* NSArray */,
				69CDF79B1C70FA990042CC2B /* NSLocalizedString+Shortcut.swift */,
			);
			path = Foundation;
			sourceTree = "<group>";
		};
		69928DB01C6B7D98003B2980 /* NSArray */ = {
			isa = PBXGroup;
			children = (
				69928DB81C6B8259003B2980 /* NSArray+Operator.swift */,
			);
			path = NSArray;
			sourceTree = "<group>";
		};
		69928DB51C6B8120003B2980 /* NSMutableArray */ = {
			isa = PBXGroup;
			children = (
				69928DB61C6B813E003B2980 /* NSMutableArray+Operator.swift */,
			);
			path = NSMutableArray;
			sourceTree = "<group>";
		};
		69928DBD1C6B8415003B2980 /* Set */ = {
			isa = PBXGroup;
			children = (
				69928DBF1C6B842A003B2980 /* Set+Operator.swift */,
			);
			path = Set;
			sourceTree = "<group>";
		};
		69928DBE1C6B8415003B2980 /* Array */ = {
			isa = PBXGroup;
			children = (
				69928DC11C6B842F003B2980 /* Array+Operator.swift */,
			);
			path = Array;
			sourceTree = "<group>";
		};
		69928DC31C6B8478003B2980 /* NumericTypes */ = {
			isa = PBXGroup;
			children = (
				69928DC41C6B8478003B2980 /* NumericTypes+Converter.swift */,
				69928DC61C6B85B8003B2980 /* NumericTypes+ControlFlow.swift */,
				69928DC81C6B9137003B2980 /* NumericTypes+Constant.swift */,
			);
			path = NumericTypes;
			sourceTree = "<group>";
		};
		69F2AFCA1D00213200A06AA7 /* Dispatch */ = {
			isa = PBXGroup;
			children = (
				69F2AFCB1D00214D00A06AA7 /* DispatchUtils.swift */,
				696431351D1510A200B7F759 /* MinDurationTimer.swift */,
			);
			path = Dispatch;
			sourceTree = "<group>";
		};
		69F2AFCD1D00236800A06AA7 /* UIStoryboard */ = {
			isa = PBXGroup;
			children = (
				69F2AFCE1D00245000A06AA7 /* UIStoryboard+NameConvenience.swift */,
			);
			path = UIStoryboard;
			sourceTree = "<group>";
		};
		69F5E9101C664CD000D1D689 = {
			isa = PBXGroup;
			children = (
				69F5E91C1C664CD000D1D689 /* Deliria */,
				69F5E9281C664CD000D1D689 /* DeliriaTests */,
				69F5E91B1C664CD000D1D689 /* Products */,
			);
			sourceTree = "<group>";
		};
		69F5E91B1C664CD000D1D689 /* Products */ = {
			isa = PBXGroup;
			children = (
				69F5E91A1C664CD000D1D689 /* Deliria.framework */,
				69F5E9241C664CD000D1D689 /* DeliriaTests.xctest */,
			);
			name = Products;
			sourceTree = "<group>";
		};
		69F5E91C1C664CD000D1D689 /* Deliria */ = {
			isa = PBXGroup;
			children = (
				69F2AFCA1D00213200A06AA7 /* Dispatch */,
				69928D561C6B7D5B003B2980 /* Foundation */,
				6946EA711C6A538F00AFD8E9 /* Swift */,
				6946EA5F1C69E04000AFD8E9 /* UIKit */,
				69F5E9341C664DCC00D1D689 /* CoreGraphics */,
				69F5E91D1C664CD000D1D689 /* Deliria.h */,
				69F5E91F1C664CD000D1D689 /* Info.plist */,
				6D6DEF360C2A919B2E1729F1 /* Deliria */,
			);
			path = Deliria;
			sourceTree = "<group>";
		};
		69F5E9281C664CD000D1D689 /* DeliriaTests */ = {
			isa = PBXGroup;
			children = (
				69F5E9291C664CD000D1D689 /* Vector2DConvertibleTests.swift */,
				69F5E92B1C664CD000D1D689 /* Info.plist */,
				698ABC751C7815CB00C536A8 /* UIBezierPathOperator.swift */,
			);
			path = DeliriaTests;
			sourceTree = "<group>";
		};
		69F5E9341C664DCC00D1D689 /* CoreGraphics */ = {
			isa = PBXGroup;
			children = (
				69F5E93A1C665C9700D1D689 /* CGGeometry */,
			);
			path = CoreGraphics;
			sourceTree = "<group>";
		};
		69F5E93A1C665C9700D1D689 /* CGGeometry */ = {
			isa = PBXGroup;
			children = (
				6946EA6F1C6A521600AFD8E9 /* CGFloat+Converter.swift */,
				69F5E9411C6667BC00D1D689 /* CGPoint+Vector2DConvertible.swift */,
				69928DCA1C6B9C62003B2980 /* CGRect+Operator.swift */,
				69F5E93F1C66657E00D1D689 /* CGRect+PositionHelper.swift */,
				69F5E9431C66681400D1D689 /* CGSize+Vector2DConvertible.swift */,
				69F5E9451C66686D00D1D689 /* CGVector+Vector2DConvertible.swift */,
				69F5E93C1C665C9700D1D689 /* Vector2DConvertible.swift */,
			);
			path = CGGeometry;
			sourceTree = "<group>";
		};
		69F83A9E1CA972B00015164A /* UIView */ = {
			isa = PBXGroup;
			children = (
				69F83A9F1CA972CE0015164A /* UIView+Style.swift */,
			);
			path = UIView;
			sourceTree = "<group>";
		};
		69F83AA11CA974DC0015164A /* Theme */ = {
			isa = PBXGroup;
			children = (
				69F83AA21CA974F60015164A /* ThemeManager.swift */,
				69F83AA41CA975960015164A /* ThemeRegistry.swift */,
			);
			path = Theme;
			sourceTree = "<group>";
		};
		6D6DE136E980B5914A2DCFF7 /* UIApplication */ = {
			isa = PBXGroup;
			children = (
				6D6DE36269D5D3537EA44A7A /* UIApplication+Router.swift */,
			);
			path = UIApplication;
			sourceTree = "<group>";
		};
		6D6DE533561177CF19B83AFC /* Common */ = {
			isa = PBXGroup;
			children = (
				696431321D150CBC00B7F759 /* SystemInfoUtils.swift */,
			);
			path = Common;
			sourceTree = "<group>";
		};
		6D6DE9BFDC781C9AF9EC98D3 /* Router */ = {
			isa = PBXGroup;
			children = (
				6D6DE50E12215B58AFFD8CE3 /* Router.swift */,
				6D6DEF9F799130BE8138DD32 /* AbstractRouter.swift */,
			);
			path = Router;
			sourceTree = "<group>";
		};
		6D6DEF360C2A919B2E1729F1 /* Deliria */ = {
			isa = PBXGroup;
			children = (
				693207EE1D1665C000278FA3 /* UI */,
				693901BB1D15505B00D87032 /* Crypto */,
				697002C11D127157003A53C0 /* JSON */,
				697002C01D12707C003A53C0 /* HTTP */,
				69F83AA11CA974DC0015164A /* Theme */,
				6D6DE9BFDC781C9AF9EC98D3 /* Router */,
				6D6DE533561177CF19B83AFC /* Common */,
			);
			path = Deliria;
			sourceTree = "<group>";
		};
/* End PBXGroup section */

/* Begin PBXHeadersBuildPhase section */
		69F5E9171C664CD000D1D689 /* Headers */ = {
			isa = PBXHeadersBuildPhase;
			buildActionMask = 2147483647;
			files = (
				69F5E91E1C664CD000D1D689 /* Deliria.h in Headers */,
			);
			runOnlyForDeploymentPostprocessing = 0;
		};
/* End PBXHeadersBuildPhase section */

/* Begin PBXNativeTarget section */
		69F5E9191C664CD000D1D689 /* Deliria */ = {
			isa = PBXNativeTarget;
			buildConfigurationList = 69F5E92E1C664CD000D1D689 /* Build configuration list for PBXNativeTarget "Deliria" */;
			buildPhases = (
				69F5E9151C664CD000D1D689 /* Sources */,
				69F5E9161C664CD000D1D689 /* Frameworks */,
				69F5E9171C664CD000D1D689 /* Headers */,
				69F5E9181C664CD000D1D689 /* Resources */,
			);
			buildRules = (
			);
			dependencies = (
			);
			name = Deliria;
			productName = Deliria;
			productReference = 69F5E91A1C664CD000D1D689 /* Deliria.framework */;
			productType = "com.apple.product-type.framework";
		};
		69F5E9231C664CD000D1D689 /* DeliriaTests */ = {
			isa = PBXNativeTarget;
			buildConfigurationList = 69F5E9311C664CD000D1D689 /* Build configuration list for PBXNativeTarget "DeliriaTests" */;
			buildPhases = (
				69F5E9201C664CD000D1D689 /* Sources */,
				69F5E9211C664CD000D1D689 /* Frameworks */,
				69F5E9221C664CD000D1D689 /* Resources */,
			);
			buildRules = (
			);
			dependencies = (
				69F5E9271C664CD000D1D689 /* PBXTargetDependency */,
			);
			name = DeliriaTests;
			productName = DeliriaTests;
			productReference = 69F5E9241C664CD000D1D689 /* DeliriaTests.xctest */;
			productType = "com.apple.product-type.bundle.unit-test";
		};
/* End PBXNativeTarget section */

/* Begin PBXProject section */
		69F5E9111C664CD000D1D689 /* Project object */ = {
			isa = PBXProject;
			attributes = {
				LastSwiftUpdateCheck = 0720;
				LastUpgradeCheck = 0800;
				ORGANIZATIONNAME = "JuXian(Beijing) Technology Co., Ltd.";
				TargetAttributes = {
					69F5E9191C664CD000D1D689 = {
						CreatedOnToolsVersion = 7.2.1;
						LastSwiftMigration = 0800;
					};
					69F5E9231C664CD000D1D689 = {
						CreatedOnToolsVersion = 7.2.1;
					};
				};
			};
			buildConfigurationList = 69F5E9141C664CD000D1D689 /* Build configuration list for PBXProject "Deliria" */;
			compatibilityVersion = "Xcode 3.2";
			developmentRegion = English;
			hasScannedForEncodings = 0;
			knownRegions = (
				en,
			);
			mainGroup = 69F5E9101C664CD000D1D689;
			productRefGroup = 69F5E91B1C664CD000D1D689 /* Products */;
			projectDirPath = "";
			projectRoot = "";
			targets = (
				69F5E9191C664CD000D1D689 /* Deliria */,
				69F5E9231C664CD000D1D689 /* DeliriaTests */,
			);
		};
/* End PBXProject section */

/* Begin PBXResourcesBuildPhase section */
		69F5E9181C664CD000D1D689 /* Resources */ = {
			isa = PBXResourcesBuildPhase;
			buildActionMask = 2147483647;
			files = (
				6920B8F31D894FEF00D00519 /* Info.plist in Resources */,
			);
			runOnlyForDeploymentPostprocessing = 0;
		};
		69F5E9221C664CD000D1D689 /* Resources */ = {
			isa = PBXResourcesBuildPhase;
			buildActionMask = 2147483647;
			files = (
			);
			runOnlyForDeploymentPostprocessing = 0;
		};
/* End PBXResourcesBuildPhase section */

/* Begin PBXSourcesBuildPhase section */
		69F5E9151C664CD000D1D689 /* Sources */ = {
			isa = PBXSourcesBuildPhase;
			buildActionMask = 2147483647;
			files = (
				6988BA641D89483400255567 /* ISO8601DateTransform.swift in Sources */,
				6920B8DA1D894FEF00D00519 /* CFB.swift in Sources */,
				6920B8D31D894FEF00D00519 /* Authenticator.swift in Sources */,
				6920B8D81D894FEF00D00519 /* BlockModeWorker.swift in Sources */,
				69CDF79C1C70FA990042CC2B /* NSLocalizedString+Shortcut.swift in Sources */,
				69F5E93E1C665C9700D1D689 /* Vector2DConvertible.swift in Sources */,
				69F5E9461C66686D00D1D689 /* CGVector+Vector2DConvertible.swift in Sources */,
				6920B9051D894FEF00D00519 /* String+Extension.swift in Sources */,
				6988BA621D89483400255567 /* DictionaryTransform.swift in Sources */,
				6920B8D21D894FEF00D00519 /* Array+Extension.swift in Sources */,
				6920B9071D894FEF00D00519 /* UInt16+Extension.swift in Sources */,
				6920B8EF1D894FEF00D00519 /* String+FoundationExtension.swift in Sources */,
				69F2AFCF1D00245000A06AA7 /* UIStoryboard+NameConvenience.swift in Sources */,
				69531A2C1D89519100184973 /* Validation.swift in Sources */,
				6920B8FC1D894FEF00D00519 /* PBKDF2.swift in Sources */,
				6920B90C1D894FEF00D00519 /* ZeroPadding.swift in Sources */,
				6988BA611D89483400255567 /* DateTransform.swift in Sources */,
				6920B8F51D894FEF00D00519 /* IntegerConvertible.swift in Sources */,
				6920B8E81D894FEF00D00519 /* DigestType.swift in Sources */,
				69531A2A1D89519100184973 /* TaskDelegate.swift in Sources */,
				6920B8D91D894FEF00D00519 /* CBC.swift in Sources */,
				6920B8E01D894FEF00D00519 /* BytesSequence.swift in Sources */,
				69531A1C1D89519100184973 /* AFError.swift in Sources */,
				69688B031D19181B005A5D63 /* ColorSet.swift in Sources */,
				6920B8D51D894FEF00D00519 /* BlockCipher.swift in Sources */,
				6920B8E91D894FEF00D00519 /* AES+Foundation.swift in Sources */,
				69531A241D89519100184973 /* Response.swift in Sources */,
				6920B9021D894FEF00D00519 /* SecureBytes.swift in Sources */,
				6920B8DC1D894FEF00D00519 /* ECB.swift in Sources */,
				6920B8E31D894FEF00D00519 /* Cipher.swift in Sources */,
				69531A221D89519100184973 /* ParameterEncoding.swift in Sources */,
				6920B8F91D894FEF00D00519 /* Operators.swift in Sources */,
				6920B8DB1D894FEF00D00519 /* CTR.swift in Sources */,
				6988BA591D89483400255567 /* Map.swift in Sources */,
				6988BA681D89483400255567 /* URLTransform.swift in Sources */,
				6988BA601D89483400255567 /* DateFormatterTransform.swift in Sources */,
				69928DC21C6B842F003B2980 /* Array+Operator.swift in Sources */,
				6920B9091D894FEF00D00519 /* UInt64+Extension.swift in Sources */,
				6988BA5C1D89483400255567 /* JSONOperators.swift in Sources */,
				6946EA621C69E16800AFD8E9 /* UIOffset+Vector2DConvertible.swift in Sources */,
				69531A291D89519100184973 /* SessionManager.swift in Sources */,
				69531A231D89519100184973 /* Request.swift in Sources */,
				6946EA6A1C69EE9600AFD8E9 /* UIImage+Generation.swift in Sources */,
				69928DC01C6B842A003B2980 /* Set+Operator.swift in Sources */,
				6920B8D41D894FEF00D00519 /* Bit.swift in Sources */,
				6920B8E51D894FEF00D00519 /* Cryptors.swift in Sources */,
				69928DC71C6B85B8003B2980 /* NumericTypes+ControlFlow.swift in Sources */,
				696431311D15095100B7F759 /* NSUserDefaults+ConvenientMethods.swift in Sources */,
				69F83AA01CA972CE0015164A /* UIView+Style.swift in Sources */,
				69F5E9401C66657E00D1D689 /* CGRect+PositionHelper.swift in Sources */,
				69F2AFCC1D00214D00A06AA7 /* DispatchUtils.swift in Sources */,
				6920B8D71D894FEF00D00519 /* BlockModeOptions.swift in Sources */,
				6920B8E21D894FEF00D00519 /* Checksum.swift in Sources */,
				6920B8DF1D894FEF00D00519 /* RandomAccessBlockModeWorker.swift in Sources */,
				6920B9041D894FEF00D00519 /* SHA2.swift in Sources */,
				69928DC91C6B9137003B2980 /* NumericTypes+Constant.swift in Sources */,
				6988BA5F1D89483400255567 /* DataTransform.swift in Sources */,
				6920B8EE1D894FEF00D00519 /* Rabbit+Foundation.swift in Sources */,
				6946EA6C1C69F0F000AFD8E9 /* UIColor+Utils.swift in Sources */,
				6946EA6E1C69FAA600AFD8E9 /* UIImage+Manipulation.swift in Sources */,
				697629A81D17943D00DD86EB /* UIAlertController+ConvientInitializers.swift in Sources */,
				6920B9031D894FEF00D00519 /* SHA1.swift in Sources */,
				6920B8D61D894FEF00D00519 /* BlockMode.swift in Sources */,
				6920B9061D894FEF00D00519 /* UInt8+Extension.swift in Sources */,
				69928DCB1C6B9C62003B2980 /* CGRect+Operator.swift in Sources */,
				6920B9081D894FEF00D00519 /* UInt32+Extension.swift in Sources */,
				69F83AA31CA974F60015164A /* ThemeManager.swift in Sources */,
				6920B8EA1D894FEF00D00519 /* ChaCha20+Foundation.swift in Sources */,
				69531A1D1D89519100184973 /* Alamofire.swift in Sources */,
				693207F01D1665C000278FA3 /* AlertView.swift in Sources */,
				6920B8FD1D894FEF00D00519 /* PKCS5.swift in Sources */,
				6920B8FA1D894FEF00D00519 /* Padding.swift in Sources */,
				6988BA581D89483400255567 /* FromJSON.swift in Sources */,
				6920B8FF1D894FEF00D00519 /* Poly1305.swift in Sources */,
				69531A2E1D8961A800184973 /* AlamofireObjectMapper.swift in Sources */,
				69F5E9441C66681400D1D689 /* CGSize+Vector2DConvertible.swift in Sources */,
				696431331D150CBC00B7F759 /* SystemInfoUtils.swift in Sources */,
				6920B9001D894FEF00D00519 /* Rabbit.swift in Sources */,
				6920B8E41D894FEF00D00519 /* Collection+Extension.swift in Sources */,
				6988BA631D89483400255567 /* EnumTransform.swift in Sources */,
				69531A201D89519100184973 /* NetworkReachabilityManager.swift in Sources */,
				69492EA71C76F22900354D93 /* UIBezierPath+Operator.swift in Sources */,
				6946EA671C69E48F00AFD8E9 /* UIColor+Hex.swift in Sources */,
				69F83AA51CA975960015164A /* ThemeRegistry.swift in Sources */,
				6920B8FB1D894FEF00D00519 /* PBKDF1.swift in Sources */,
				6988BA651D89483400255567 /* NSDecimalNumberTransform.swift in Sources */,
				6988BA661D89483400255567 /* TransformOf.swift in Sources */,
				6988BA5D1D89483400255567 /* ToJSON.swift in Sources */,
				6920B8F01D894FEF00D00519 /* Utils+Foundation.swift in Sources */,
				6988BA5A1D89483400255567 /* Mappable.swift in Sources */,
				6920B8EB1D894FEF00D00519 /* CSArrayType+Foundation.swift in Sources */,
				693207F21D1665CC00278FA3 /* Decimal+UIColor.swift in Sources */,
				69928DB91C6B8259003B2980 /* NSArray+Operator.swift in Sources */,
				6920B90B1D894FEF00D00519 /* Utils.swift in Sources */,
				6920B8FE1D894FEF00D00519 /* PKCS7.swift in Sources */,
				6920B8DD1D894FEF00D00519 /* OFB.swift in Sources */,
				6920B8F61D894FEF00D00519 /* MD5.swift in Sources */,
				6988BA671D89483400255567 /* TransformType.swift in Sources */,
				69928DC51C6B8478003B2980 /* NumericTypes+Converter.swift in Sources */,
				69F5E9421C6667BC00D1D689 /* CGPoint+Vector2DConvertible.swift in Sources */,
				6920B8E71D894FEF00D00519 /* Digest.swift in Sources */,
				6920B8DE1D894FEF00D00519 /* PCBC.swift in Sources */,
				6920B8E11D894FEF00D00519 /* ChaCha20.swift in Sources */,
				69928DB71C6B813E003B2980 /* NSMutableArray+Operator.swift in Sources */,
				6920B8F11D894FEF00D00519 /* Generics.swift in Sources */,
				6988BA5E1D89483400255567 /* CustomDateFormatTransform.swift in Sources */,
				6920B8D11D894FEF00D00519 /* AES.swift in Sources */,
				69531A251D89519100184973 /* ResponseSerialization.swift in Sources */,
				69531A1E1D89519100184973 /* DispatchQueue+Alamofire.swift in Sources */,
				6920B8F21D894FEF00D00519 /* HMAC.swift in Sources */,
				6920B8F71D894FEF00D00519 /* Multiplatform.swift in Sources */,
				6920B8E61D894FEF00D00519 /* CSArrayType+Extensions.swift in Sources */,
				6946EA701C6A521600AFD8E9 /* CGFloat+Converter.swift in Sources */,
				6920B90A1D894FEF00D00519 /* Updatable.swift in Sources */,
				6920B8F41D894FEF00D00519 /* Int+Extension.swift in Sources */,
				6920B8ED1D894FEF00D00519 /* HMAC+Foundation.swift in Sources */,
				6946EA641C69E28400AFD8E9 /* CGRect+UIEdgeInsets.swift in Sources */,
				6920B8EC1D894FEF00D00519 /* Data+Extension.swift in Sources */,
				6982D5361D002A8C00FFA056 /* UIViewController+NamingConvenience.swift in Sources */,
				6920B9011D894FEF00D00519 /* RandomAccessCryptor.swift in Sources */,
				69531A211D89519100184973 /* Notifications.swift in Sources */,
				6D6DEA93962F225C321E1088 /* Router.swift in Sources */,
				69531A2B1D89519100184973 /* Timeline.swift in Sources */,
				6D6DE4035B9A3D7E11EC5E38 /* AbstractRouter.swift in Sources */,
				6988BA5B1D89483400255567 /* Mapper.swift in Sources */,
				69531A1F1D89519100184973 /* MultipartFormData.swift in Sources */,
				6D6DEFDE6A21785BE7110FBC /* UIApplication+Router.swift in Sources */,
				696431361D1510A200B7F759 /* MinDurationTimer.swift in Sources */,
				69531A281D89519100184973 /* SessionDelegate.swift in Sources */,
				69531A271D89519100184973 /* ServerTrustPolicy.swift in Sources */,
				6920B8F81D894FEF00D00519 /* NoPadding.swift in Sources */,
				69531A261D89519100184973 /* Result.swift in Sources */,
			);
			runOnlyForDeploymentPostprocessing = 0;
		};
		69F5E9201C664CD000D1D689 /* Sources */ = {
			isa = PBXSourcesBuildPhase;
			buildActionMask = 2147483647;
			files = (
				69F5E92A1C664CD000D1D689 /* Vector2DConvertibleTests.swift in Sources */,
				698ABC761C7815CB00C536A8 /* UIBezierPathOperator.swift in Sources */,
			);
			runOnlyForDeploymentPostprocessing = 0;
		};
/* End PBXSourcesBuildPhase section */

/* Begin PBXTargetDependency section */
		69F5E9271C664CD000D1D689 /* PBXTargetDependency */ = {
			isa = PBXTargetDependency;
			target = 69F5E9191C664CD000D1D689 /* Deliria */;
			targetProxy = 69F5E9261C664CD000D1D689 /* PBXContainerItemProxy */;
		};
/* End PBXTargetDependency section */

/* Begin XCBuildConfiguration section */
		69F5E92C1C664CD000D1D689 /* Debug */ = {
			isa = XCBuildConfiguration;
			buildSettings = {
				ALWAYS_SEARCH_USER_PATHS = NO;
				CLANG_CXX_LANGUAGE_STANDARD = "gnu++0x";
				CLANG_CXX_LIBRARY = "libc++";
				CLANG_ENABLE_MODULES = YES;
				CLANG_ENABLE_OBJC_ARC = YES;
				CLANG_WARN_BOOL_CONVERSION = YES;
				CLANG_WARN_CONSTANT_CONVERSION = YES;
				CLANG_WARN_DIRECT_OBJC_ISA_USAGE = YES_ERROR;
				CLANG_WARN_EMPTY_BODY = YES;
				CLANG_WARN_ENUM_CONVERSION = YES;
				CLANG_WARN_INFINITE_RECURSION = YES;
				CLANG_WARN_INT_CONVERSION = YES;
				CLANG_WARN_OBJC_ROOT_CLASS = YES_ERROR;
				CLANG_WARN_SUSPICIOUS_MOVE = YES;
				CLANG_WARN_UNREACHABLE_CODE = YES;
				CLANG_WARN__DUPLICATE_METHOD_MATCH = YES;
				"CODE_SIGN_IDENTITY[sdk=iphoneos*]" = "iPhone Developer";
				COPY_PHASE_STRIP = NO;
				CURRENT_PROJECT_VERSION = 1;
				DEBUG_INFORMATION_FORMAT = dwarf;
				ENABLE_STRICT_OBJC_MSGSEND = YES;
				ENABLE_TESTABILITY = YES;
				GCC_C_LANGUAGE_STANDARD = gnu99;
				GCC_DYNAMIC_NO_PIC = NO;
				GCC_NO_COMMON_BLOCKS = YES;
				GCC_OPTIMIZATION_LEVEL = 0;
				GCC_PREPROCESSOR_DEFINITIONS = (
					"DEBUG=1",
					"$(inherited)",
				);
				GCC_WARN_64_TO_32_BIT_CONVERSION = YES;
				GCC_WARN_ABOUT_RETURN_TYPE = YES_ERROR;
				GCC_WARN_UNDECLARED_SELECTOR = YES;
				GCC_WARN_UNINITIALIZED_AUTOS = YES_AGGRESSIVE;
				GCC_WARN_UNUSED_FUNCTION = YES;
				GCC_WARN_UNUSED_VARIABLE = YES;
				IPHONEOS_DEPLOYMENT_TARGET = 9.0;
				MTL_ENABLE_DEBUG_INFO = YES;
				ONLY_ACTIVE_ARCH = YES;
				SDKROOT = iphoneos;
				SWIFT_OPTIMIZATION_LEVEL = "-Onone";
				TARGETED_DEVICE_FAMILY = "1,2";
				VERSIONING_SYSTEM = "apple-generic";
				VERSION_INFO_PREFIX = "";
			};
			name = Debug;
		};
		69F5E92D1C664CD000D1D689 /* Release */ = {
			isa = XCBuildConfiguration;
			buildSettings = {
				ALWAYS_SEARCH_USER_PATHS = NO;
				CLANG_CXX_LANGUAGE_STANDARD = "gnu++0x";
				CLANG_CXX_LIBRARY = "libc++";
				CLANG_ENABLE_MODULES = YES;
				CLANG_ENABLE_OBJC_ARC = YES;
				CLANG_WARN_BOOL_CONVERSION = YES;
				CLANG_WARN_CONSTANT_CONVERSION = YES;
				CLANG_WARN_DIRECT_OBJC_ISA_USAGE = YES_ERROR;
				CLANG_WARN_EMPTY_BODY = YES;
				CLANG_WARN_ENUM_CONVERSION = YES;
				CLANG_WARN_INFINITE_RECURSION = YES;
				CLANG_WARN_INT_CONVERSION = YES;
				CLANG_WARN_OBJC_ROOT_CLASS = YES_ERROR;
				CLANG_WARN_SUSPICIOUS_MOVE = YES;
				CLANG_WARN_UNREACHABLE_CODE = YES;
				CLANG_WARN__DUPLICATE_METHOD_MATCH = YES;
				"CODE_SIGN_IDENTITY[sdk=iphoneos*]" = "iPhone Developer";
				COPY_PHASE_STRIP = NO;
				CURRENT_PROJECT_VERSION = 1;
				DEBUG_INFORMATION_FORMAT = "dwarf-with-dsym";
				ENABLE_NS_ASSERTIONS = NO;
				ENABLE_STRICT_OBJC_MSGSEND = YES;
				GCC_C_LANGUAGE_STANDARD = gnu99;
				GCC_NO_COMMON_BLOCKS = YES;
				GCC_WARN_64_TO_32_BIT_CONVERSION = YES;
				GCC_WARN_ABOUT_RETURN_TYPE = YES_ERROR;
				GCC_WARN_UNDECLARED_SELECTOR = YES;
				GCC_WARN_UNINITIALIZED_AUTOS = YES_AGGRESSIVE;
				GCC_WARN_UNUSED_FUNCTION = YES;
				GCC_WARN_UNUSED_VARIABLE = YES;
				IPHONEOS_DEPLOYMENT_TARGET = 9.0;
				MTL_ENABLE_DEBUG_INFO = NO;
				SDKROOT = iphoneos;
				SWIFT_OPTIMIZATION_LEVEL = "-Owholemodule";
				TARGETED_DEVICE_FAMILY = "1,2";
				VALIDATE_PRODUCT = YES;
				VERSIONING_SYSTEM = "apple-generic";
				VERSION_INFO_PREFIX = "";
			};
			name = Release;
		};
		69F5E92F1C664CD000D1D689 /* Debug */ = {
			isa = XCBuildConfiguration;
			buildSettings = {
				CLANG_ENABLE_MODULES = YES;
				"CODE_SIGN_IDENTITY[sdk=iphoneos*]" = "";
				DEFINES_MODULE = YES;
				DYLIB_COMPATIBILITY_VERSION = 1;
				DYLIB_CURRENT_VERSION = 1;
				DYLIB_INSTALL_NAME_BASE = "@rpath";
				INFOPLIST_FILE = Deliria/Info.plist;
				INSTALL_PATH = "$(LOCAL_LIBRARY_DIR)/Frameworks";
				LD_RUNPATH_SEARCH_PATHS = "$(inherited) @executable_path/Frameworks @loader_path/Frameworks";
				PRODUCT_BUNDLE_IDENTIFIER = com.juxian.Deliria;
				PRODUCT_NAME = "$(TARGET_NAME)";
				SKIP_INSTALL = YES;
				SWIFT_OPTIMIZATION_LEVEL = "-Onone";
				SWIFT_VERSION = 3.0;
			};
			name = Debug;
		};
		69F5E9301C664CD000D1D689 /* Release */ = {
			isa = XCBuildConfiguration;
			buildSettings = {
				CLANG_ENABLE_MODULES = YES;
				"CODE_SIGN_IDENTITY[sdk=iphoneos*]" = "";
				DEFINES_MODULE = YES;
				DYLIB_COMPATIBILITY_VERSION = 1;
				DYLIB_CURRENT_VERSION = 1;
				DYLIB_INSTALL_NAME_BASE = "@rpath";
				INFOPLIST_FILE = Deliria/Info.plist;
				INSTALL_PATH = "$(LOCAL_LIBRARY_DIR)/Frameworks";
				LD_RUNPATH_SEARCH_PATHS = "$(inherited) @executable_path/Frameworks @loader_path/Frameworks";
				PRODUCT_BUNDLE_IDENTIFIER = com.juxian.Deliria;
				PRODUCT_NAME = "$(TARGET_NAME)";
				SKIP_INSTALL = YES;
				SWIFT_VERSION = 3.0;
			};
			name = Release;
		};
		69F5E9321C664CD000D1D689 /* Debug */ = {
			isa = XCBuildConfiguration;
			buildSettings = {
				INFOPLIST_FILE = DeliriaTests/Info.plist;
				LD_RUNPATH_SEARCH_PATHS = "$(inherited) @executable_path/Frameworks @loader_path/Frameworks";
				PRODUCT_BUNDLE_IDENTIFIER = com.juxian.DeliriaTests;
				PRODUCT_NAME = "$(TARGET_NAME)";
				SWIFT_VERSION = 3.0;
			};
			name = Debug;
		};
		69F5E9331C664CD000D1D689 /* Release */ = {
			isa = XCBuildConfiguration;
			buildSettings = {
				INFOPLIST_FILE = DeliriaTests/Info.plist;
				LD_RUNPATH_SEARCH_PATHS = "$(inherited) @executable_path/Frameworks @loader_path/Frameworks";
				PRODUCT_BUNDLE_IDENTIFIER = com.juxian.DeliriaTests;
				PRODUCT_NAME = "$(TARGET_NAME)";
				SWIFT_VERSION = 3.0;
			};
			name = Release;
		};
/* End XCBuildConfiguration section */

/* Begin XCConfigurationList section */
		69F5E9141C664CD000D1D689 /* Build configuration list for PBXProject "Deliria" */ = {
			isa = XCConfigurationList;
			buildConfigurations = (
				69F5E92C1C664CD000D1D689 /* Debug */,
				69F5E92D1C664CD000D1D689 /* Release */,
			);
			defaultConfigurationIsVisible = 0;
			defaultConfigurationName = Release;
		};
		69F5E92E1C664CD000D1D689 /* Build configuration list for PBXNativeTarget "Deliria" */ = {
			isa = XCConfigurationList;
			buildConfigurations = (
				69F5E92F1C664CD000D1D689 /* Debug */,
				69F5E9301C664CD000D1D689 /* Release */,
			);
			defaultConfigurationIsVisible = 0;
			defaultConfigurationName = Release;
		};
		69F5E9311C664CD000D1D689 /* Build configuration list for PBXNativeTarget "DeliriaTests" */ = {
			isa = XCConfigurationList;
			buildConfigurations = (
				69F5E9321C664CD000D1D689 /* Debug */,
				69F5E9331C664CD000D1D689 /* Release */,
			);
			defaultConfigurationIsVisible = 0;
			defaultConfigurationName = Release;
		};
/* End XCConfigurationList section */
	};
	rootObject = 69F5E9111C664CD000D1D689 /* Project object */;
}
